Microsoft Visual Studio Solution File, Format Version 12.00
# Visual Studio Version 16
VisualStudioVersion = 16.0.29920.165
MinimumVisualStudioVersion = 15.0.26124.0
Project("{2150E333-8FDC-42A3-9474-1A3956D46DE8}") = "UWP", "UWP", "{801BE40A-743D-4F1E-9B55-7B9BC5787E53}"
EndProject
Project("{2150E333-8FDC-42A3-9474-1A3956D46DE8}") = "Platforms", "Platforms", "{A5706650-D4F9-49A1-AC73-8F5270EAC142}"
EndProject
Project("{D954291E-2A0B-460D-934E-DC6B0785DB48}") = "UnoDrive.Shared", "src\UWP\UnoDrive.Shared\UnoDrive.Shared.shproj", "{5566CCB4-DC54-4F7C-9187-81E798283491}"
EndProject
Project("{FAE04EC0-301F-11D3-BF4B-00C04F79EFBC}") = "UnoDrive.Droid", "src\UWP\UnoDrive.Droid\UnoDrive.Droid.csproj", "{B95AE2BC-3862-44E5-866D-A063C81BFD2B}"
EndProject
Project("{FAE04EC0-301F-11D3-BF4B-00C04F79EFBC}") = "UnoDrive.iOS", "src\UWP\UnoDrive.iOS\UnoDrive.iOS.csproj", "{D39C0150-FC42-4450-842A-2D61B3773F1F}"
EndProject
Project("{FAE04EC0-301F-11D3-BF4B-00C04F79EFBC}") = "UnoDrive.macOS", "src\UWP\UnoDrive.macOS\UnoDrive.macOS.csproj", "{8B3BDFFB-9B38-46E1-8DD2-246D351F8CD8}"
EndProject
Project("{9A19103F-16F7-4668-BE54-9A1E7A4F7556}") = "UnoDrive.Skia.Gtk", "src\UWP\UnoDrive.Skia.Gtk\UnoDrive.Skia.Gtk.csproj", "{80DBC039-3976-42CF-8D5F-A948F89EBDDD}"
EndProject
Project("{9A19103F-16F7-4668-BE54-9A1E7A4F7556}") = "UnoDrive.Skia.Linux.FrameBuffer", "src\UWP\UnoDrive.Skia.Linux.FrameBuffer\UnoDrive.Skia.Linux.FrameBuffer.csproj", "{69244E18-8D29-4F47-A631-379079481A98}"
EndProject
Project("{9A19103F-16F7-4668-BE54-9A1E7A4F7556}") = "UnoDrive.Skia.Tizen", "src\UWP\UnoDrive.Skia.Tizen\UnoDrive.Skia.Tizen.csproj", "{E65E3165-D113-407F-B071-864D846ED9DA}"
EndProject
Project("{9A19103F-16F7-4668-BE54-9A1E7A4F7556}") = "UnoDrive.Skia.WPF", "src\UWP\UnoDrive.Skia.WPF\UnoDrive.Skia.WPF.csproj", "{D29287BC-8174-40B6-8FD2-92D9A50C2C83}"
EndProject
Project("{9A19103F-16F7-4668-BE54-9A1E7A4F7556}") = "UnoDrive.Skia.Wpf.Host", "src\UWP\UnoDrive.Skia.WPF.Host\UnoDrive.Skia.Wpf.Host.csproj", "{714FE82D-DCBD-4CB8-AFA3-50D5B8C4205B}"
EndProject
Project("{FAE04EC0-301F-11D3-BF4B-00C04F79EFBC}") = "UnoDrive.Uwp", "src\UWP\UnoDrive.UWP\UnoDrive.Uwp.csproj", "{7E754D3A-5074-41E4-A78F-D823C5E33B61}"
EndProject
Project("{9A19103F-16F7-4668-BE54-9A1E7A4F7556}") = "UnoDrive.Wasm", "src\UWP\UnoDrive.Wasm\UnoDrive.Wasm.csproj", "{8F655EBE-F42B-4C63-8F56-2CB41126E3C8}"
EndProject
Global
	GlobalSection(SharedMSBuildProjectFiles) = preSolution
		src\UWP\UnoDrive.Shared\UnoDrive.Shared.projitems*{5566ccb4-dc54-4f7c-9187-81e798283491}*SharedItemsImports = 13
		src\UWP\UnoDrive.Shared\UnoDrive.Shared.projitems*{69244e18-8d29-4f47-a631-379079481a98}*SharedItemsImports = 5
		src\UWP\UnoDrive.Shared\UnoDrive.Shared.projitems*{7e754d3a-5074-41e4-a78f-d823c5e33b61}*SharedItemsImports = 4
		src\UWP\UnoDrive.Shared\UnoDrive.Shared.projitems*{80dbc039-3976-42cf-8d5f-a948f89ebddd}*SharedItemsImports = 5
		src\UWP\UnoDrive.Shared\UnoDrive.Shared.projitems*{8b3bdffb-9b38-46e1-8dd2-246d351f8cd8}*SharedItemsImports = 4
		src\UWP\UnoDrive.Shared\UnoDrive.Shared.projitems*{8f655ebe-f42b-4c63-8f56-2cb41126e3c8}*SharedItemsImports = 5
		src\UWP\UnoDrive.Shared\UnoDrive.Shared.projitems*{b95ae2bc-3862-44e5-866d-a063c81bfd2b}*SharedItemsImports = 4
		src\UWP\UnoDrive.Shared\UnoDrive.Shared.projitems*{d29287bc-8174-40b6-8fd2-92d9a50c2c83}*SharedItemsImports = 5
		src\UWP\UnoDrive.Shared\UnoDrive.Shared.projitems*{d39c0150-fc42-4450-842a-2d61b3773f1f}*SharedItemsImports = 4
		src\UWP\UnoDrive.Shared\UnoDrive.Shared.projitems*{e65e3165-d113-407f-b071-864d846ed9da}*SharedItemsImports = 5
	EndGlobalSection
	GlobalSection(SolutionConfigurationPlatforms) = preSolution
		Ad-Hoc|Any CPU = Ad-Hoc|Any CPU
		Ad-Hoc|ARM = Ad-Hoc|ARM
		Ad-Hoc|ARM64 = Ad-Hoc|ARM64
		Ad-Hoc|iPhone = Ad-Hoc|iPhone
		Ad-Hoc|iPhoneSimulator = Ad-Hoc|iPhoneSimulator
		Ad-Hoc|x64 = Ad-Hoc|x64
		Ad-Hoc|x86 = Ad-Hoc|x86
		AppStore|Any CPU = AppStore|Any CPU
		AppStore|ARM = AppStore|ARM
		AppStore|ARM64 = AppStore|ARM64
		AppStore|iPhone = AppStore|iPhone
		AppStore|iPhoneSimulator = AppStore|iPhoneSimulator
		AppStore|x64 = AppStore|x64
		AppStore|x86 = AppStore|x86
		Debug|Any CPU = Debug|Any CPU
		Debug|ARM = Debug|ARM
		Debug|ARM64 = Debug|ARM64
		Debug|iPhone = Debug|iPhone
		Debug|iPhoneSimulator = Debug|iPhoneSimulator
		Debug|x64 = Debug|x64
		Debug|x86 = Debug|x86
		Release|Any CPU = Release|Any CPU
		Release|ARM = Release|ARM
		Release|ARM64 = Release|ARM64
		Release|iPhone = Release|iPhone
		Release|iPhoneSimulator = Release|iPhoneSimulator
		Release|x64 = Release|x64
		Release|x86 = Release|x86
	EndGlobalSection
	GlobalSection(ProjectConfigurationPlatforms) = postSolution
		{B95AE2BC-3862-44E5-866D-A063C81BFD2B}.Ad-Hoc|Any CPU.ActiveCfg = Debug|Any CPU
		{B95AE2BC-3862-44E5-866D-A063C81BFD2B}.Ad-Hoc|Any CPU.Build.0 = Debug|Any CPU
		{B95AE2BC-3862-44E5-866D-A063C81BFD2B}.Ad-Hoc|Any CPU.Deploy.0 = Debug|Any CPU
		{B95AE2BC-3862-44E5-866D-A063C81BFD2B}.Ad-Hoc|ARM.ActiveCfg = Debug|Any CPU
		{B95AE2BC-3862-44E5-866D-A063C81BFD2B}.Ad-Hoc|ARM.Build.0 = Debug|Any CPU
		{B95AE2BC-3862-44E5-866D-A063C81BFD2B}.Ad-Hoc|ARM.Deploy.0 = Debug|Any CPU
		{B95AE2BC-3862-44E5-866D-A063C81BFD2B}.Ad-Hoc|ARM64.ActiveCfg = Debug|Any CPU
		{B95AE2BC-3862-44E5-866D-A063C81BFD2B}.Ad-Hoc|ARM64.Build.0 = Debug|Any CPU
		{B95AE2BC-3862-44E5-866D-A063C81BFD2B}.Ad-Hoc|ARM64.Deploy.0 = Debug|Any CPU
		{B95AE2BC-3862-44E5-866D-A063C81BFD2B}.Ad-Hoc|iPhone.ActiveCfg = Debug|Any CPU
		{B95AE2BC-3862-44E5-866D-A063C81BFD2B}.Ad-Hoc|iPhone.Build.0 = Debug|Any CPU
		{B95AE2BC-3862-44E5-866D-A063C81BFD2B}.Ad-Hoc|iPhone.Deploy.0 = Debug|Any CPU
		{B95AE2BC-3862-44E5-866D-A063C81BFD2B}.Ad-Hoc|iPhoneSimulator.ActiveCfg = Debug|Any CPU
		{B95AE2BC-3862-44E5-866D-A063C81BFD2B}.Ad-Hoc|iPhoneSimulator.Build.0 = Debug|Any CPU
		{B95AE2BC-3862-44E5-866D-A063C81BFD2B}.Ad-Hoc|iPhoneSimulator.Deploy.0 = Debug|Any CPU
		{B95AE2BC-3862-44E5-866D-A063C81BFD2B}.Ad-Hoc|x64.ActiveCfg = Debug|Any CPU
		{B95AE2BC-3862-44E5-866D-A063C81BFD2B}.Ad-Hoc|x64.Build.0 = Debug|Any CPU
		{B95AE2BC-3862-44E5-866D-A063C81BFD2B}.Ad-Hoc|x64.Deploy.0 = Debug|Any CPU
		{B95AE2BC-3862-44E5-866D-A063C81BFD2B}.Ad-Hoc|x86.ActiveCfg = Debug|Any CPU
		{B95AE2BC-3862-44E5-866D-A063C81BFD2B}.Ad-Hoc|x86.Build.0 = Debug|Any CPU
		{B95AE2BC-3862-44E5-866D-A063C81BFD2B}.Ad-Hoc|x86.Deploy.0 = Debug|Any CPU
		{B95AE2BC-3862-44E5-866D-A063C81BFD2B}.AppStore|Any CPU.ActiveCfg = Debug|Any CPU
		{B95AE2BC-3862-44E5-866D-A063C81BFD2B}.AppStore|Any CPU.Build.0 = Debug|Any CPU
		{B95AE2BC-3862-44E5-866D-A063C81BFD2B}.AppStore|Any CPU.Deploy.0 = Debug|Any CPU
		{B95AE2BC-3862-44E5-866D-A063C81BFD2B}.AppStore|ARM.ActiveCfg = Debug|Any CPU
		{B95AE2BC-3862-44E5-866D-A063C81BFD2B}.AppStore|ARM.Build.0 = Debug|Any CPU
		{B95AE2BC-3862-44E5-866D-A063C81BFD2B}.AppStore|ARM.Deploy.0 = Debug|Any CPU
		{B95AE2BC-3862-44E5-866D-A063C81BFD2B}.AppStore|ARM64.ActiveCfg = Debug|Any CPU
		{B95AE2BC-3862-44E5-866D-A063C81BFD2B}.AppStore|ARM64.Build.0 = Debug|Any CPU
		{B95AE2BC-3862-44E5-866D-A063C81BFD2B}.AppStore|ARM64.Deploy.0 = Debug|Any CPU
		{B95AE2BC-3862-44E5-866D-A063C81BFD2B}.AppStore|iPhone.ActiveCfg = Debug|Any CPU
		{B95AE2BC-3862-44E5-866D-A063C81BFD2B}.AppStore|iPhone.Build.0 = Debug|Any CPU
		{B95AE2BC-3862-44E5-866D-A063C81BFD2B}.AppStore|iPhone.Deploy.0 = Debug|Any CPU
		{B95AE2BC-3862-44E5-866D-A063C81BFD2B}.AppStore|iPhoneSimulator.ActiveCfg = Debug|Any CPU
		{B95AE2BC-3862-44E5-866D-A063C81BFD2B}.AppStore|iPhoneSimulator.Build.0 = Debug|Any CPU
		{B95AE2BC-3862-44E5-866D-A063C81BFD2B}.AppStore|iPhoneSimulator.Deploy.0 = Debug|Any CPU
		{B95AE2BC-3862-44E5-866D-A063C81BFD2B}.AppStore|x64.ActiveCfg = Debug|Any CPU
		{B95AE2BC-3862-44E5-866D-A063C81BFD2B}.AppStore|x64.Build.0 = Debug|Any CPU
		{B95AE2BC-3862-44E5-866D-A063C81BFD2B}.AppStore|x64.Deploy.0 = Debug|Any CPU
		{B95AE2BC-3862-44E5-866D-A063C81BFD2B}.AppStore|x86.ActiveCfg = Debug|Any CPU
		{B95AE2BC-3862-44E5-866D-A063C81BFD2B}.AppStore|x86.Build.0 = Debug|Any CPU
		{B95AE2BC-3862-44E5-866D-A063C81BFD2B}.AppStore|x86.Deploy.0 = Debug|Any CPU
		{B95AE2BC-3862-44E5-866D-A063C81BFD2B}.Debug|Any CPU.ActiveCfg = Debug|Any CPU
		{B95AE2BC-3862-44E5-866D-A063C81BFD2B}.Debug|Any CPU.Build.0 = Debug|Any CPU
		{B95AE2BC-3862-44E5-866D-A063C81BFD2B}.Debug|Any CPU.Deploy.0 = Debug|Any CPU
		{B95AE2BC-3862-44E5-866D-A063C81BFD2B}.Debug|ARM.ActiveCfg = Debug|Any CPU
		{B95AE2BC-3862-44E5-866D-A063C81BFD2B}.Debug|ARM.Build.0 = Debug|Any CPU
		{B95AE2BC-3862-44E5-866D-A063C81BFD2B}.Debug|ARM.Deploy.0 = Debug|Any CPU
		{B95AE2BC-3862-44E5-866D-A063C81BFD2B}.Debug|ARM64.ActiveCfg = Debug|Any CPU
		{B95AE2BC-3862-44E5-866D-A063C81BFD2B}.Debug|ARM64.Build.0 = Debug|Any CPU
		{B95AE2BC-3862-44E5-866D-A063C81BFD2B}.Debug|ARM64.Deploy.0 = Debug|Any CPU
		{B95AE2BC-3862-44E5-866D-A063C81BFD2B}.Debug|iPhone.ActiveCfg = Debug|Any CPU
		{B95AE2BC-3862-44E5-866D-A063C81BFD2B}.Debug|iPhone.Build.0 = Debug|Any CPU
		{B95AE2BC-3862-44E5-866D-A063C81BFD2B}.Debug|iPhone.Deploy.0 = Debug|Any CPU
		{B95AE2BC-3862-44E5-866D-A063C81BFD2B}.Debug|iPhoneSimulator.ActiveCfg = Debug|Any CPU
		{B95AE2BC-3862-44E5-866D-A063C81BFD2B}.Debug|iPhoneSimulator.Build.0 = Debug|Any CPU
		{B95AE2BC-3862-44E5-866D-A063C81BFD2B}.Debug|iPhoneSimulator.Deploy.0 = Debug|Any CPU
		{B95AE2BC-3862-44E5-866D-A063C81BFD2B}.Debug|x64.ActiveCfg = Debug|Any CPU
		{B95AE2BC-3862-44E5-866D-A063C81BFD2B}.Debug|x64.Build.0 = Debug|Any CPU
		{B95AE2BC-3862-44E5-866D-A063C81BFD2B}.Debug|x64.Deploy.0 = Debug|Any CPU
		{B95AE2BC-3862-44E5-866D-A063C81BFD2B}.Debug|x86.ActiveCfg = Debug|Any CPU
		{B95AE2BC-3862-44E5-866D-A063C81BFD2B}.Debug|x86.Build.0 = Debug|Any CPU
		{B95AE2BC-3862-44E5-866D-A063C81BFD2B}.Debug|x86.Deploy.0 = Debug|Any CPU
		{B95AE2BC-3862-44E5-866D-A063C81BFD2B}.Release|Any CPU.ActiveCfg = Release|Any CPU
		{B95AE2BC-3862-44E5-866D-A063C81BFD2B}.Release|Any CPU.Build.0 = Release|Any CPU
		{B95AE2BC-3862-44E5-866D-A063C81BFD2B}.Release|Any CPU.Deploy.0 = Release|Any CPU
		{B95AE2BC-3862-44E5-866D-A063C81BFD2B}.Release|ARM.ActiveCfg = Release|Any CPU
		{B95AE2BC-3862-44E5-866D-A063C81BFD2B}.Release|ARM.Build.0 = Release|Any CPU
		{B95AE2BC-3862-44E5-866D-A063C81BFD2B}.Release|ARM.Deploy.0 = Release|Any CPU
		{B95AE2BC-3862-44E5-866D-A063C81BFD2B}.Release|ARM64.ActiveCfg = Release|Any CPU
		{B95AE2BC-3862-44E5-866D-A063C81BFD2B}.Release|ARM64.Build.0 = Release|Any CPU
		{B95AE2BC-3862-44E5-866D-A063C81BFD2B}.Release|ARM64.Deploy.0 = Release|Any CPU
		{B95AE2BC-3862-44E5-866D-A063C81BFD2B}.Release|iPhone.ActiveCfg = Release|Any CPU
		{B95AE2BC-3862-44E5-866D-A063C81BFD2B}.Release|iPhone.Build.0 = Release|Any CPU
		{B95AE2BC-3862-44E5-866D-A063C81BFD2B}.Release|iPhone.Deploy.0 = Release|Any CPU
		{B95AE2BC-3862-44E5-866D-A063C81BFD2B}.Release|iPhoneSimulator.ActiveCfg = Release|Any CPU
		{B95AE2BC-3862-44E5-866D-A063C81BFD2B}.Release|iPhoneSimulator.Build.0 = Release|Any CPU
		{B95AE2BC-3862-44E5-866D-A063C81BFD2B}.Release|iPhoneSimulator.Deploy.0 = Release|Any CPU
		{B95AE2BC-3862-44E5-866D-A063C81BFD2B}.Release|x64.ActiveCfg = Release|Any CPU
		{B95AE2BC-3862-44E5-866D-A063C81BFD2B}.Release|x64.Build.0 = Release|Any CPU
		{B95AE2BC-3862-44E5-866D-A063C81BFD2B}.Release|x64.Deploy.0 = Release|Any CPU
		{B95AE2BC-3862-44E5-866D-A063C81BFD2B}.Release|x86.ActiveCfg = Release|Any CPU
		{B95AE2BC-3862-44E5-866D-A063C81BFD2B}.Release|x86.Build.0 = Release|Any CPU
		{B95AE2BC-3862-44E5-866D-A063C81BFD2B}.Release|x86.Deploy.0 = Release|Any CPU
		{D39C0150-FC42-4450-842A-2D61B3773F1F}.Ad-Hoc|Any CPU.ActiveCfg = Ad-Hoc|iPhoneSimulator
		{D39C0150-FC42-4450-842A-2D61B3773F1F}.Ad-Hoc|ARM.ActiveCfg = Ad-Hoc|iPhoneSimulator
		{D39C0150-FC42-4450-842A-2D61B3773F1F}.Ad-Hoc|ARM64.ActiveCfg = Ad-Hoc|iPhoneSimulator
		{D39C0150-FC42-4450-842A-2D61B3773F1F}.Ad-Hoc|iPhone.ActiveCfg = Ad-Hoc|iPhone
		{D39C0150-FC42-4450-842A-2D61B3773F1F}.Ad-Hoc|iPhone.Build.0 = Ad-Hoc|iPhone
		{D39C0150-FC42-4450-842A-2D61B3773F1F}.Ad-Hoc|iPhoneSimulator.ActiveCfg = Ad-Hoc|iPhoneSimulator
		{D39C0150-FC42-4450-842A-2D61B3773F1F}.Ad-Hoc|iPhoneSimulator.Build.0 = Ad-Hoc|iPhoneSimulator
		{D39C0150-FC42-4450-842A-2D61B3773F1F}.Ad-Hoc|x64.ActiveCfg = Ad-Hoc|iPhoneSimulator
		{D39C0150-FC42-4450-842A-2D61B3773F1F}.Ad-Hoc|x86.ActiveCfg = Ad-Hoc|iPhoneSimulator
		{D39C0150-FC42-4450-842A-2D61B3773F1F}.AppStore|Any CPU.ActiveCfg = AppStore|iPhoneSimulator
		{D39C0150-FC42-4450-842A-2D61B3773F1F}.AppStore|ARM.ActiveCfg = AppStore|iPhoneSimulator
		{D39C0150-FC42-4450-842A-2D61B3773F1F}.AppStore|ARM64.ActiveCfg = AppStore|iPhoneSimulator
		{D39C0150-FC42-4450-842A-2D61B3773F1F}.AppStore|iPhone.ActiveCfg = AppStore|iPhone
		{D39C0150-FC42-4450-842A-2D61B3773F1F}.AppStore|iPhone.Build.0 = AppStore|iPhone
		{D39C0150-FC42-4450-842A-2D61B3773F1F}.AppStore|iPhoneSimulator.ActiveCfg = AppStore|iPhoneSimulator
		{D39C0150-FC42-4450-842A-2D61B3773F1F}.AppStore|iPhoneSimulator.Build.0 = AppStore|iPhoneSimulator
		{D39C0150-FC42-4450-842A-2D61B3773F1F}.AppStore|x64.ActiveCfg = AppStore|iPhoneSimulator
		{D39C0150-FC42-4450-842A-2D61B3773F1F}.AppStore|x86.ActiveCfg = AppStore|iPhoneSimulator
		{D39C0150-FC42-4450-842A-2D61B3773F1F}.Debug|Any CPU.ActiveCfg = Debug|iPhoneSimulator
		{D39C0150-FC42-4450-842A-2D61B3773F1F}.Debug|ARM.ActiveCfg = Debug|iPhoneSimulator
		{D39C0150-FC42-4450-842A-2D61B3773F1F}.Debug|ARM64.ActiveCfg = Debug|iPhoneSimulator
		{D39C0150-FC42-4450-842A-2D61B3773F1F}.Debug|iPhone.ActiveCfg = Debug|iPhone
		{D39C0150-FC42-4450-842A-2D61B3773F1F}.Debug|iPhone.Build.0 = Debug|iPhone
		{D39C0150-FC42-4450-842A-2D61B3773F1F}.Debug|iPhoneSimulator.ActiveCfg = Debug|iPhoneSimulator
		{D39C0150-FC42-4450-842A-2D61B3773F1F}.Debug|iPhoneSimulator.Build.0 = Debug|iPhoneSimulator
		{D39C0150-FC42-4450-842A-2D61B3773F1F}.Debug|x64.ActiveCfg = Debug|iPhoneSimulator
		{D39C0150-FC42-4450-842A-2D61B3773F1F}.Debug|x86.ActiveCfg = Debug|iPhoneSimulator
		{D39C0150-FC42-4450-842A-2D61B3773F1F}.Release|Any CPU.ActiveCfg = Release|iPhoneSimulator
		{D39C0150-FC42-4450-842A-2D61B3773F1F}.Release|ARM.ActiveCfg = Release|iPhoneSimulator
		{D39C0150-FC42-4450-842A-2D61B3773F1F}.Release|ARM64.ActiveCfg = Release|iPhoneSimulator
		{D39C0150-FC42-4450-842A-2D61B3773F1F}.Release|iPhone.ActiveCfg = Release|iPhone
		{D39C0150-FC42-4450-842A-2D61B3773F1F}.Release|iPhone.Build.0 = Release|iPhone
		{D39C0150-FC42-4450-842A-2D61B3773F1F}.Release|iPhoneSimulator.ActiveCfg = Release|iPhoneSimulator
		{D39C0150-FC42-4450-842A-2D61B3773F1F}.Release|iPhoneSimulator.Build.0 = Release|iPhoneSimulator
		{D39C0150-FC42-4450-842A-2D61B3773F1F}.Release|x64.ActiveCfg = Release|iPhoneSimulator
		{D39C0150-FC42-4450-842A-2D61B3773F1F}.Release|x86.ActiveCfg = Release|iPhoneSimulator
		{8B3BDFFB-9B38-46E1-8DD2-246D351F8CD8}.Ad-Hoc|Any CPU.ActiveCfg = Debug|iPhoneSimulator
		{8B3BDFFB-9B38-46E1-8DD2-246D351F8CD8}.Ad-Hoc|Any CPU.Build.0 = Debug|iPhoneSimulator
		{8B3BDFFB-9B38-46E1-8DD2-246D351F8CD8}.Ad-Hoc|ARM.ActiveCfg = Debug|iPhoneSimulator
		{8B3BDFFB-9B38-46E1-8DD2-246D351F8CD8}.Ad-Hoc|ARM.Build.0 = Debug|iPhoneSimulator
		{8B3BDFFB-9B38-46E1-8DD2-246D351F8CD8}.Ad-Hoc|ARM64.ActiveCfg = Debug|iPhoneSimulator
		{8B3BDFFB-9B38-46E1-8DD2-246D351F8CD8}.Ad-Hoc|ARM64.Build.0 = Debug|iPhoneSimulator
		{8B3BDFFB-9B38-46E1-8DD2-246D351F8CD8}.Ad-Hoc|iPhone.ActiveCfg = Debug|iPhoneSimulator
		{8B3BDFFB-9B38-46E1-8DD2-246D351F8CD8}.Ad-Hoc|iPhone.Build.0 = Debug|iPhoneSimulator
		{8B3BDFFB-9B38-46E1-8DD2-246D351F8CD8}.Ad-Hoc|iPhoneSimulator.ActiveCfg = Debug|iPhoneSimulator
		{8B3BDFFB-9B38-46E1-8DD2-246D351F8CD8}.Ad-Hoc|iPhoneSimulator.Build.0 = Debug|iPhoneSimulator
		{8B3BDFFB-9B38-46E1-8DD2-246D351F8CD8}.Ad-Hoc|x64.ActiveCfg = Debug|iPhoneSimulator
		{8B3BDFFB-9B38-46E1-8DD2-246D351F8CD8}.Ad-Hoc|x64.Build.0 = Debug|iPhoneSimulator
		{8B3BDFFB-9B38-46E1-8DD2-246D351F8CD8}.Ad-Hoc|x86.ActiveCfg = Debug|iPhoneSimulator
		{8B3BDFFB-9B38-46E1-8DD2-246D351F8CD8}.Ad-Hoc|x86.Build.0 = Debug|iPhoneSimulator
		{8B3BDFFB-9B38-46E1-8DD2-246D351F8CD8}.AppStore|Any CPU.ActiveCfg = Debug|iPhoneSimulator
		{8B3BDFFB-9B38-46E1-8DD2-246D351F8CD8}.AppStore|Any CPU.Build.0 = Debug|iPhoneSimulator
		{8B3BDFFB-9B38-46E1-8DD2-246D351F8CD8}.AppStore|ARM.ActiveCfg = Debug|iPhoneSimulator
		{8B3BDFFB-9B38-46E1-8DD2-246D351F8CD8}.AppStore|ARM.Build.0 = Debug|iPhoneSimulator
		{8B3BDFFB-9B38-46E1-8DD2-246D351F8CD8}.AppStore|ARM64.ActiveCfg = Debug|iPhoneSimulator
		{8B3BDFFB-9B38-46E1-8DD2-246D351F8CD8}.AppStore|ARM64.Build.0 = Debug|iPhoneSimulator
		{8B3BDFFB-9B38-46E1-8DD2-246D351F8CD8}.AppStore|iPhone.ActiveCfg = Debug|iPhoneSimulator
		{8B3BDFFB-9B38-46E1-8DD2-246D351F8CD8}.AppStore|iPhone.Build.0 = Debug|iPhoneSimulator
		{8B3BDFFB-9B38-46E1-8DD2-246D351F8CD8}.AppStore|iPhoneSimulator.ActiveCfg = Debug|iPhoneSimulator
		{8B3BDFFB-9B38-46E1-8DD2-246D351F8CD8}.AppStore|iPhoneSimulator.Build.0 = Debug|iPhoneSimulator
		{8B3BDFFB-9B38-46E1-8DD2-246D351F8CD8}.AppStore|x64.ActiveCfg = Debug|iPhoneSimulator
		{8B3BDFFB-9B38-46E1-8DD2-246D351F8CD8}.AppStore|x64.Build.0 = Debug|iPhoneSimulator
		{8B3BDFFB-9B38-46E1-8DD2-246D351F8CD8}.AppStore|x86.ActiveCfg = Debug|iPhoneSimulator
		{8B3BDFFB-9B38-46E1-8DD2-246D351F8CD8}.AppStore|x86.Build.0 = Debug|iPhoneSimulator
		{8B3BDFFB-9B38-46E1-8DD2-246D351F8CD8}.Debug|Any CPU.ActiveCfg = Debug|iPhoneSimulator
		{8B3BDFFB-9B38-46E1-8DD2-246D351F8CD8}.Debug|ARM.ActiveCfg = Debug|iPhoneSimulator
		{8B3BDFFB-9B38-46E1-8DD2-246D351F8CD8}.Debug|ARM64.ActiveCfg = Debug|iPhoneSimulator
		{8B3BDFFB-9B38-46E1-8DD2-246D351F8CD8}.Debug|iPhone.ActiveCfg = Debug|iPhoneSimulator
		{8B3BDFFB-9B38-46E1-8DD2-246D351F8CD8}.Debug|iPhoneSimulator.ActiveCfg = Debug|iPhoneSimulator
		{8B3BDFFB-9B38-46E1-8DD2-246D351F8CD8}.Debug|iPhoneSimulator.Build.0 = Debug|iPhoneSimulator
		{8B3BDFFB-9B38-46E1-8DD2-246D351F8CD8}.Debug|x64.ActiveCfg = Debug|iPhoneSimulator
		{8B3BDFFB-9B38-46E1-8DD2-246D351F8CD8}.Debug|x86.ActiveCfg = Debug|iPhoneSimulator
		{8B3BDFFB-9B38-46E1-8DD2-246D351F8CD8}.Release|Any CPU.ActiveCfg = Release|iPhoneSimulator
		{8B3BDFFB-9B38-46E1-8DD2-246D351F8CD8}.Release|ARM.ActiveCfg = Release|iPhoneSimulator
		{8B3BDFFB-9B38-46E1-8DD2-246D351F8CD8}.Release|ARM64.ActiveCfg = Release|iPhoneSimulator
		{8B3BDFFB-9B38-46E1-8DD2-246D351F8CD8}.Release|iPhone.ActiveCfg = Release|iPhoneSimulator
		{8B3BDFFB-9B38-46E1-8DD2-246D351F8CD8}.Release|iPhoneSimulator.ActiveCfg = Release|iPhoneSimulator
		{8B3BDFFB-9B38-46E1-8DD2-246D351F8CD8}.Release|iPhoneSimulator.Build.0 = Release|iPhoneSimulator
		{8B3BDFFB-9B38-46E1-8DD2-246D351F8CD8}.Release|x64.ActiveCfg = Release|iPhoneSimulator
		{8B3BDFFB-9B38-46E1-8DD2-246D351F8CD8}.Release|x86.ActiveCfg = Release|iPhoneSimulator
		{80DBC039-3976-42CF-8D5F-A948F89EBDDD}.Ad-Hoc|Any CPU.ActiveCfg = Debug|Any CPU
		{80DBC039-3976-42CF-8D5F-A948F89EBDDD}.Ad-Hoc|Any CPU.Build.0 = Debug|Any CPU
		{80DBC039-3976-42CF-8D5F-A948F89EBDDD}.Ad-Hoc|ARM.ActiveCfg = Debug|Any CPU
		{80DBC039-3976-42CF-8D5F-A948F89EBDDD}.Ad-Hoc|ARM.Build.0 = Debug|Any CPU
		{80DBC039-3976-42CF-8D5F-A948F89EBDDD}.Ad-Hoc|ARM64.ActiveCfg = Debug|Any CPU
		{80DBC039-3976-42CF-8D5F-A948F89EBDDD}.Ad-Hoc|ARM64.Build.0 = Debug|Any CPU
		{80DBC039-3976-42CF-8D5F-A948F89EBDDD}.Ad-Hoc|iPhone.ActiveCfg = Debug|Any CPU
		{80DBC039-3976-42CF-8D5F-A948F89EBDDD}.Ad-Hoc|iPhone.Build.0 = Debug|Any CPU
		{80DBC039-3976-42CF-8D5F-A948F89EBDDD}.Ad-Hoc|iPhoneSimulator.ActiveCfg = Debug|Any CPU
		{80DBC039-3976-42CF-8D5F-A948F89EBDDD}.Ad-Hoc|iPhoneSimulator.Build.0 = Debug|Any CPU
		{80DBC039-3976-42CF-8D5F-A948F89EBDDD}.Ad-Hoc|x64.ActiveCfg = Debug|Any CPU
		{80DBC039-3976-42CF-8D5F-A948F89EBDDD}.Ad-Hoc|x64.Build.0 = Debug|Any CPU
		{80DBC039-3976-42CF-8D5F-A948F89EBDDD}.Ad-Hoc|x86.ActiveCfg = Debug|Any CPU
		{80DBC039-3976-42CF-8D5F-A948F89EBDDD}.Ad-Hoc|x86.Build.0 = Debug|Any CPU
		{80DBC039-3976-42CF-8D5F-A948F89EBDDD}.AppStore|Any CPU.ActiveCfg = Debug|Any CPU
		{80DBC039-3976-42CF-8D5F-A948F89EBDDD}.AppStore|Any CPU.Build.0 = Debug|Any CPU
		{80DBC039-3976-42CF-8D5F-A948F89EBDDD}.AppStore|ARM.ActiveCfg = Debug|Any CPU
		{80DBC039-3976-42CF-8D5F-A948F89EBDDD}.AppStore|ARM.Build.0 = Debug|Any CPU
		{80DBC039-3976-42CF-8D5F-A948F89EBDDD}.AppStore|ARM64.ActiveCfg = Debug|Any CPU
		{80DBC039-3976-42CF-8D5F-A948F89EBDDD}.AppStore|ARM64.Build.0 = Debug|Any CPU
		{80DBC039-3976-42CF-8D5F-A948F89EBDDD}.AppStore|iPhone.ActiveCfg = Debug|Any CPU
		{80DBC039-3976-42CF-8D5F-A948F89EBDDD}.AppStore|iPhone.Build.0 = Debug|Any CPU
		{80DBC039-3976-42CF-8D5F-A948F89EBDDD}.AppStore|iPhoneSimulator.ActiveCfg = Debug|Any CPU
		{80DBC039-3976-42CF-8D5F-A948F89EBDDD}.AppStore|iPhoneSimulator.Build.0 = Debug|Any CPU
		{80DBC039-3976-42CF-8D5F-A948F89EBDDD}.AppStore|x64.ActiveCfg = Debug|Any CPU
		{80DBC039-3976-42CF-8D5F-A948F89EBDDD}.AppStore|x64.Build.0 = Debug|Any CPU
		{80DBC039-3976-42CF-8D5F-A948F89EBDDD}.AppStore|x86.ActiveCfg = Debug|Any CPU
		{80DBC039-3976-42CF-8D5F-A948F89EBDDD}.AppStore|x86.Build.0 = Debug|Any CPU
		{80DBC039-3976-42CF-8D5F-A948F89EBDDD}.Debug|Any CPU.ActiveCfg = Debug|Any CPU
		{80DBC039-3976-42CF-8D5F-A948F89EBDDD}.Debug|Any CPU.Build.0 = Debug|Any CPU
		{80DBC039-3976-42CF-8D5F-A948F89EBDDD}.Debug|ARM.ActiveCfg = Debug|Any CPU
		{80DBC039-3976-42CF-8D5F-A948F89EBDDD}.Debug|ARM.Build.0 = Debug|Any CPU
		{80DBC039-3976-42CF-8D5F-A948F89EBDDD}.Debug|ARM64.ActiveCfg = Debug|Any CPU
		{80DBC039-3976-42CF-8D5F-A948F89EBDDD}.Debug|ARM64.Build.0 = Debug|Any CPU
		{80DBC039-3976-42CF-8D5F-A948F89EBDDD}.Debug|iPhone.ActiveCfg = Debug|Any CPU
		{80DBC039-3976-42CF-8D5F-A948F89EBDDD}.Debug|iPhone.Build.0 = Debug|Any CPU
		{80DBC039-3976-42CF-8D5F-A948F89EBDDD}.Debug|iPhoneSimulator.ActiveCfg = Debug|Any CPU
		{80DBC039-3976-42CF-8D5F-A948F89EBDDD}.Debug|iPhoneSimulator.Build.0 = Debug|Any CPU
		{80DBC039-3976-42CF-8D5F-A948F89EBDDD}.Debug|x64.ActiveCfg = Debug|Any CPU
		{80DBC039-3976-42CF-8D5F-A948F89EBDDD}.Debug|x64.Build.0 = Debug|Any CPU
		{80DBC039-3976-42CF-8D5F-A948F89EBDDD}.Debug|x86.ActiveCfg = Debug|Any CPU
		{80DBC039-3976-42CF-8D5F-A948F89EBDDD}.Debug|x86.Build.0 = Debug|Any CPU
		{80DBC039-3976-42CF-8D5F-A948F89EBDDD}.Release|Any CPU.ActiveCfg = Release|Any CPU
		{80DBC039-3976-42CF-8D5F-A948F89EBDDD}.Release|Any CPU.Build.0 = Release|Any CPU
		{80DBC039-3976-42CF-8D5F-A948F89EBDDD}.Release|ARM.ActiveCfg = Release|Any CPU
		{80DBC039-3976-42CF-8D5F-A948F89EBDDD}.Release|ARM.Build.0 = Release|Any CPU
		{80DBC039-3976-42CF-8D5F-A948F89EBDDD}.Release|ARM64.ActiveCfg = Release|Any CPU
		{80DBC039-3976-42CF-8D5F-A948F89EBDDD}.Release|ARM64.Build.0 = Release|Any CPU
		{80DBC039-3976-42CF-8D5F-A948F89EBDDD}.Release|iPhone.ActiveCfg = Release|Any CPU
		{80DBC039-3976-42CF-8D5F-A948F89EBDDD}.Release|iPhone.Build.0 = Release|Any CPU
		{80DBC039-3976-42CF-8D5F-A948F89EBDDD}.Release|iPhoneSimulator.ActiveCfg = Release|Any CPU
		{80DBC039-3976-42CF-8D5F-A948F89EBDDD}.Release|iPhoneSimulator.Build.0 = Release|Any CPU
		{80DBC039-3976-42CF-8D5F-A948F89EBDDD}.Release|x64.ActiveCfg = Release|Any CPU
		{80DBC039-3976-42CF-8D5F-A948F89EBDDD}.Release|x64.Build.0 = Release|Any CPU
		{80DBC039-3976-42CF-8D5F-A948F89EBDDD}.Release|x86.ActiveCfg = Release|Any CPU
		{80DBC039-3976-42CF-8D5F-A948F89EBDDD}.Release|x86.Build.0 = Release|Any CPU
		{69244E18-8D29-4F47-A631-379079481A98}.Ad-Hoc|Any CPU.ActiveCfg = Debug|Any CPU
		{69244E18-8D29-4F47-A631-379079481A98}.Ad-Hoc|Any CPU.Build.0 = Debug|Any CPU
		{69244E18-8D29-4F47-A631-379079481A98}.Ad-Hoc|ARM.ActiveCfg = Debug|Any CPU
		{69244E18-8D29-4F47-A631-379079481A98}.Ad-Hoc|ARM.Build.0 = Debug|Any CPU
		{69244E18-8D29-4F47-A631-379079481A98}.Ad-Hoc|ARM64.ActiveCfg = Debug|Any CPU
		{69244E18-8D29-4F47-A631-379079481A98}.Ad-Hoc|ARM64.Build.0 = Debug|Any CPU
		{69244E18-8D29-4F47-A631-379079481A98}.Ad-Hoc|iPhone.ActiveCfg = Debug|Any CPU
		{69244E18-8D29-4F47-A631-379079481A98}.Ad-Hoc|iPhone.Build.0 = Debug|Any CPU
		{69244E18-8D29-4F47-A631-379079481A98}.Ad-Hoc|iPhoneSimulator.ActiveCfg = Debug|Any CPU
		{69244E18-8D29-4F47-A631-379079481A98}.Ad-Hoc|iPhoneSimulator.Build.0 = Debug|Any CPU
		{69244E18-8D29-4F47-A631-379079481A98}.Ad-Hoc|x64.ActiveCfg = Debug|Any CPU
		{69244E18-8D29-4F47-A631-379079481A98}.Ad-Hoc|x64.Build.0 = Debug|Any CPU
		{69244E18-8D29-4F47-A631-379079481A98}.Ad-Hoc|x86.ActiveCfg = Debug|Any CPU
		{69244E18-8D29-4F47-A631-379079481A98}.Ad-Hoc|x86.Build.0 = Debug|Any CPU
		{69244E18-8D29-4F47-A631-379079481A98}.AppStore|Any CPU.ActiveCfg = Debug|Any CPU
		{69244E18-8D29-4F47-A631-379079481A98}.AppStore|Any CPU.Build.0 = Debug|Any CPU
		{69244E18-8D29-4F47-A631-379079481A98}.AppStore|ARM.ActiveCfg = Debug|Any CPU
		{69244E18-8D29-4F47-A631-379079481A98}.AppStore|ARM.Build.0 = Debug|Any CPU
		{69244E18-8D29-4F47-A631-379079481A98}.AppStore|ARM64.ActiveCfg = Debug|Any CPU
		{69244E18-8D29-4F47-A631-379079481A98}.AppStore|ARM64.Build.0 = Debug|Any CPU
		{69244E18-8D29-4F47-A631-379079481A98}.AppStore|iPhone.ActiveCfg = Debug|Any CPU
		{69244E18-8D29-4F47-A631-379079481A98}.AppStore|iPhone.Build.0 = Debug|Any CPU
		{69244E18-8D29-4F47-A631-379079481A98}.AppStore|iPhoneSimulator.ActiveCfg = Debug|Any CPU
		{69244E18-8D29-4F47-A631-379079481A98}.AppStore|iPhoneSimulator.Build.0 = Debug|Any CPU
		{69244E18-8D29-4F47-A631-379079481A98}.AppStore|x64.ActiveCfg = Debug|Any CPU
		{69244E18-8D29-4F47-A631-379079481A98}.AppStore|x64.Build.0 = Debug|Any CPU
		{69244E18-8D29-4F47-A631-379079481A98}.AppStore|x86.ActiveCfg = Debug|Any CPU
		{69244E18-8D29-4F47-A631-379079481A98}.AppStore|x86.Build.0 = Debug|Any CPU
		{69244E18-8D29-4F47-A631-379079481A98}.Debug|Any CPU.ActiveCfg = Debug|Any CPU
		{69244E18-8D29-4F47-A631-379079481A98}.Debug|Any CPU.Build.0 = Debug|Any CPU
		{69244E18-8D29-4F47-A631-379079481A98}.Debug|ARM.ActiveCfg = Debug|Any CPU
		{69244E18-8D29-4F47-A631-379079481A98}.Debug|ARM.Build.0 = Debug|Any CPU
		{69244E18-8D29-4F47-A631-379079481A98}.Debug|ARM64.ActiveCfg = Debug|Any CPU
		{69244E18-8D29-4F47-A631-379079481A98}.Debug|ARM64.Build.0 = Debug|Any CPU
		{69244E18-8D29-4F47-A631-379079481A98}.Debug|iPhone.ActiveCfg = Debug|Any CPU
		{69244E18-8D29-4F47-A631-379079481A98}.Debug|iPhone.Build.0 = Debug|Any CPU
		{69244E18-8D29-4F47-A631-379079481A98}.Debug|iPhoneSimulator.ActiveCfg = Debug|Any CPU
		{69244E18-8D29-4F47-A631-379079481A98}.Debug|iPhoneSimulator.Build.0 = Debug|Any CPU
		{69244E18-8D29-4F47-A631-379079481A98}.Debug|x64.ActiveCfg = Debug|Any CPU
		{69244E18-8D29-4F47-A631-379079481A98}.Debug|x64.Build.0 = Debug|Any CPU
		{69244E18-8D29-4F47-A631-379079481A98}.Debug|x86.ActiveCfg = Debug|Any CPU
		{69244E18-8D29-4F47-A631-379079481A98}.Debug|x86.Build.0 = Debug|Any CPU
		{69244E18-8D29-4F47-A631-379079481A98}.Release|Any CPU.ActiveCfg = Release|Any CPU
		{69244E18-8D29-4F47-A631-379079481A98}.Release|Any CPU.Build.0 = Release|Any CPU
		{69244E18-8D29-4F47-A631-379079481A98}.Release|ARM.ActiveCfg = Release|Any CPU
		{69244E18-8D29-4F47-A631-379079481A98}.Release|ARM.Build.0 = Release|Any CPU
		{69244E18-8D29-4F47-A631-379079481A98}.Release|ARM64.ActiveCfg = Release|Any CPU
		{69244E18-8D29-4F47-A631-379079481A98}.Release|ARM64.Build.0 = Release|Any CPU
		{69244E18-8D29-4F47-A631-379079481A98}.Release|iPhone.ActiveCfg = Release|Any CPU
		{69244E18-8D29-4F47-A631-379079481A98}.Release|iPhone.Build.0 = Release|Any CPU
		{69244E18-8D29-4F47-A631-379079481A98}.Release|iPhoneSimulator.ActiveCfg = Release|Any CPU
		{69244E18-8D29-4F47-A631-379079481A98}.Release|iPhoneSimulator.Build.0 = Release|Any CPU
		{69244E18-8D29-4F47-A631-379079481A98}.Release|x64.ActiveCfg = Release|Any CPU
		{69244E18-8D29-4F47-A631-379079481A98}.Release|x64.Build.0 = Release|Any CPU
		{69244E18-8D29-4F47-A631-379079481A98}.Release|x86.ActiveCfg = Release|Any CPU
		{69244E18-8D29-4F47-A631-379079481A98}.Release|x86.Build.0 = Release|Any CPU
		{E65E3165-D113-407F-B071-864D846ED9DA}.Ad-Hoc|Any CPU.ActiveCfg = Debug|Any CPU
		{E65E3165-D113-407F-B071-864D846ED9DA}.Ad-Hoc|Any CPU.Build.0 = Debug|Any CPU
		{E65E3165-D113-407F-B071-864D846ED9DA}.Ad-Hoc|ARM.ActiveCfg = Debug|Any CPU
		{E65E3165-D113-407F-B071-864D846ED9DA}.Ad-Hoc|ARM.Build.0 = Debug|Any CPU
		{E65E3165-D113-407F-B071-864D846ED9DA}.Ad-Hoc|ARM64.ActiveCfg = Debug|Any CPU
		{E65E3165-D113-407F-B071-864D846ED9DA}.Ad-Hoc|ARM64.Build.0 = Debug|Any CPU
		{E65E3165-D113-407F-B071-864D846ED9DA}.Ad-Hoc|iPhone.ActiveCfg = Debug|Any CPU
		{E65E3165-D113-407F-B071-864D846ED9DA}.Ad-Hoc|iPhone.Build.0 = Debug|Any CPU
		{E65E3165-D113-407F-B071-864D846ED9DA}.Ad-Hoc|iPhoneSimulator.ActiveCfg = Debug|Any CPU
		{E65E3165-D113-407F-B071-864D846ED9DA}.Ad-Hoc|iPhoneSimulator.Build.0 = Debug|Any CPU
		{E65E3165-D113-407F-B071-864D846ED9DA}.Ad-Hoc|x64.ActiveCfg = Debug|Any CPU
		{E65E3165-D113-407F-B071-864D846ED9DA}.Ad-Hoc|x64.Build.0 = Debug|Any CPU
		{E65E3165-D113-407F-B071-864D846ED9DA}.Ad-Hoc|x86.ActiveCfg = Debug|Any CPU
		{E65E3165-D113-407F-B071-864D846ED9DA}.Ad-Hoc|x86.Build.0 = Debug|Any CPU
		{E65E3165-D113-407F-B071-864D846ED9DA}.AppStore|Any CPU.ActiveCfg = Debug|Any CPU
		{E65E3165-D113-407F-B071-864D846ED9DA}.AppStore|Any CPU.Build.0 = Debug|Any CPU
		{E65E3165-D113-407F-B071-864D846ED9DA}.AppStore|ARM.ActiveCfg = Debug|Any CPU
		{E65E3165-D113-407F-B071-864D846ED9DA}.AppStore|ARM.Build.0 = Debug|Any CPU
		{E65E3165-D113-407F-B071-864D846ED9DA}.AppStore|ARM64.ActiveCfg = Debug|Any CPU
		{E65E3165-D113-407F-B071-864D846ED9DA}.AppStore|ARM64.Build.0 = Debug|Any CPU
		{E65E3165-D113-407F-B071-864D846ED9DA}.AppStore|iPhone.ActiveCfg = Debug|Any CPU
		{E65E3165-D113-407F-B071-864D846ED9DA}.AppStore|iPhone.Build.0 = Debug|Any CPU
		{E65E3165-D113-407F-B071-864D846ED9DA}.AppStore|iPhoneSimulator.ActiveCfg = Debug|Any CPU
		{E65E3165-D113-407F-B071-864D846ED9DA}.AppStore|iPhoneSimulator.Build.0 = Debug|Any CPU
		{E65E3165-D113-407F-B071-864D846ED9DA}.AppStore|x64.ActiveCfg = Debug|Any CPU
		{E65E3165-D113-407F-B071-864D846ED9DA}.AppStore|x64.Build.0 = Debug|Any CPU
		{E65E3165-D113-407F-B071-864D846ED9DA}.AppStore|x86.ActiveCfg = Debug|Any CPU
		{E65E3165-D113-407F-B071-864D846ED9DA}.AppStore|x86.Build.0 = Debug|Any CPU
		{E65E3165-D113-407F-B071-864D846ED9DA}.Debug|Any CPU.ActiveCfg = Debug|Any CPU
		{E65E3165-D113-407F-B071-864D846ED9DA}.Debug|Any CPU.Build.0 = Debug|Any CPU
		{E65E3165-D113-407F-B071-864D846ED9DA}.Debug|ARM.ActiveCfg = Debug|Any CPU
		{E65E3165-D113-407F-B071-864D846ED9DA}.Debug|ARM.Build.0 = Debug|Any CPU
		{E65E3165-D113-407F-B071-864D846ED9DA}.Debug|ARM64.ActiveCfg = Debug|Any CPU
		{E65E3165-D113-407F-B071-864D846ED9DA}.Debug|ARM64.Build.0 = Debug|Any CPU
		{E65E3165-D113-407F-B071-864D846ED9DA}.Debug|iPhone.ActiveCfg = Debug|Any CPU
		{E65E3165-D113-407F-B071-864D846ED9DA}.Debug|iPhone.Build.0 = Debug|Any CPU
		{E65E3165-D113-407F-B071-864D846ED9DA}.Debug|iPhoneSimulator.ActiveCfg = Debug|Any CPU
		{E65E3165-D113-407F-B071-864D846ED9DA}.Debug|iPhoneSimulator.Build.0 = Debug|Any CPU
		{E65E3165-D113-407F-B071-864D846ED9DA}.Debug|x64.ActiveCfg = Debug|Any CPU
		{E65E3165-D113-407F-B071-864D846ED9DA}.Debug|x64.Build.0 = Debug|Any CPU
		{E65E3165-D113-407F-B071-864D846ED9DA}.Debug|x86.ActiveCfg = Debug|Any CPU
		{E65E3165-D113-407F-B071-864D846ED9DA}.Debug|x86.Build.0 = Debug|Any CPU
		{E65E3165-D113-407F-B071-864D846ED9DA}.Release|Any CPU.ActiveCfg = Release|Any CPU
		{E65E3165-D113-407F-B071-864D846ED9DA}.Release|Any CPU.Build.0 = Release|Any CPU
		{E65E3165-D113-407F-B071-864D846ED9DA}.Release|ARM.ActiveCfg = Release|Any CPU
		{E65E3165-D113-407F-B071-864D846ED9DA}.Release|ARM.Build.0 = Release|Any CPU
		{E65E3165-D113-407F-B071-864D846ED9DA}.Release|ARM64.ActiveCfg = Release|Any CPU
		{E65E3165-D113-407F-B071-864D846ED9DA}.Release|ARM64.Build.0 = Release|Any CPU
		{E65E3165-D113-407F-B071-864D846ED9DA}.Release|iPhone.ActiveCfg = Release|Any CPU
		{E65E3165-D113-407F-B071-864D846ED9DA}.Release|iPhone.Build.0 = Release|Any CPU
		{E65E3165-D113-407F-B071-864D846ED9DA}.Release|iPhoneSimulator.ActiveCfg = Release|Any CPU
		{E65E3165-D113-407F-B071-864D846ED9DA}.Release|iPhoneSimulator.Build.0 = Release|Any CPU
		{E65E3165-D113-407F-B071-864D846ED9DA}.Release|x64.ActiveCfg = Release|Any CPU
		{E65E3165-D113-407F-B071-864D846ED9DA}.Release|x64.Build.0 = Release|Any CPU
		{E65E3165-D113-407F-B071-864D846ED9DA}.Release|x86.ActiveCfg = Release|Any CPU
		{E65E3165-D113-407F-B071-864D846ED9DA}.Release|x86.Build.0 = Release|Any CPU
		{D29287BC-8174-40B6-8FD2-92D9A50C2C83}.Ad-Hoc|Any CPU.ActiveCfg = Debug|Any CPU
		{D29287BC-8174-40B6-8FD2-92D9A50C2C83}.Ad-Hoc|Any CPU.Build.0 = Debug|Any CPU
		{D29287BC-8174-40B6-8FD2-92D9A50C2C83}.Ad-Hoc|ARM.ActiveCfg = Debug|Any CPU
		{D29287BC-8174-40B6-8FD2-92D9A50C2C83}.Ad-Hoc|ARM.Build.0 = Debug|Any CPU
		{D29287BC-8174-40B6-8FD2-92D9A50C2C83}.Ad-Hoc|ARM64.ActiveCfg = Debug|Any CPU
		{D29287BC-8174-40B6-8FD2-92D9A50C2C83}.Ad-Hoc|ARM64.Build.0 = Debug|Any CPU
		{D29287BC-8174-40B6-8FD2-92D9A50C2C83}.Ad-Hoc|iPhone.ActiveCfg = Debug|Any CPU
		{D29287BC-8174-40B6-8FD2-92D9A50C2C83}.Ad-Hoc|iPhone.Build.0 = Debug|Any CPU
		{D29287BC-8174-40B6-8FD2-92D9A50C2C83}.Ad-Hoc|iPhoneSimulator.ActiveCfg = Debug|Any CPU
		{D29287BC-8174-40B6-8FD2-92D9A50C2C83}.Ad-Hoc|iPhoneSimulator.Build.0 = Debug|Any CPU
		{D29287BC-8174-40B6-8FD2-92D9A50C2C83}.Ad-Hoc|x64.ActiveCfg = Debug|Any CPU
		{D29287BC-8174-40B6-8FD2-92D9A50C2C83}.Ad-Hoc|x64.Build.0 = Debug|Any CPU
		{D29287BC-8174-40B6-8FD2-92D9A50C2C83}.Ad-Hoc|x86.ActiveCfg = Debug|Any CPU
		{D29287BC-8174-40B6-8FD2-92D9A50C2C83}.Ad-Hoc|x86.Build.0 = Debug|Any CPU
		{D29287BC-8174-40B6-8FD2-92D9A50C2C83}.AppStore|Any CPU.ActiveCfg = Debug|Any CPU
		{D29287BC-8174-40B6-8FD2-92D9A50C2C83}.AppStore|Any CPU.Build.0 = Debug|Any CPU
		{D29287BC-8174-40B6-8FD2-92D9A50C2C83}.AppStore|ARM.ActiveCfg = Debug|Any CPU
		{D29287BC-8174-40B6-8FD2-92D9A50C2C83}.AppStore|ARM.Build.0 = Debug|Any CPU
		{D29287BC-8174-40B6-8FD2-92D9A50C2C83}.AppStore|ARM64.ActiveCfg = Debug|Any CPU
		{D29287BC-8174-40B6-8FD2-92D9A50C2C83}.AppStore|ARM64.Build.0 = Debug|Any CPU
		{D29287BC-8174-40B6-8FD2-92D9A50C2C83}.AppStore|iPhone.ActiveCfg = Debug|Any CPU
		{D29287BC-8174-40B6-8FD2-92D9A50C2C83}.AppStore|iPhone.Build.0 = Debug|Any CPU
		{D29287BC-8174-40B6-8FD2-92D9A50C2C83}.AppStore|iPhoneSimulator.ActiveCfg = Debug|Any CPU
		{D29287BC-8174-40B6-8FD2-92D9A50C2C83}.AppStore|iPhoneSimulator.Build.0 = Debug|Any CPU
		{D29287BC-8174-40B6-8FD2-92D9A50C2C83}.AppStore|x64.ActiveCfg = Debug|Any CPU
		{D29287BC-8174-40B6-8FD2-92D9A50C2C83}.AppStore|x64.Build.0 = Debug|Any CPU
		{D29287BC-8174-40B6-8FD2-92D9A50C2C83}.AppStore|x86.ActiveCfg = Debug|Any CPU
		{D29287BC-8174-40B6-8FD2-92D9A50C2C83}.AppStore|x86.Build.0 = Debug|Any CPU
		{D29287BC-8174-40B6-8FD2-92D9A50C2C83}.Debug|Any CPU.ActiveCfg = Debug|Any CPU
		{D29287BC-8174-40B6-8FD2-92D9A50C2C83}.Debug|Any CPU.Build.0 = Debug|Any CPU
		{D29287BC-8174-40B6-8FD2-92D9A50C2C83}.Debug|ARM.ActiveCfg = Debug|Any CPU
		{D29287BC-8174-40B6-8FD2-92D9A50C2C83}.Debug|ARM.Build.0 = Debug|Any CPU
		{D29287BC-8174-40B6-8FD2-92D9A50C2C83}.Debug|ARM64.ActiveCfg = Debug|Any CPU
		{D29287BC-8174-40B6-8FD2-92D9A50C2C83}.Debug|ARM64.Build.0 = Debug|Any CPU
		{D29287BC-8174-40B6-8FD2-92D9A50C2C83}.Debug|iPhone.ActiveCfg = Debug|Any CPU
		{D29287BC-8174-40B6-8FD2-92D9A50C2C83}.Debug|iPhone.Build.0 = Debug|Any CPU
		{D29287BC-8174-40B6-8FD2-92D9A50C2C83}.Debug|iPhoneSimulator.ActiveCfg = Debug|Any CPU
		{D29287BC-8174-40B6-8FD2-92D9A50C2C83}.Debug|iPhoneSimulator.Build.0 = Debug|Any CPU
		{D29287BC-8174-40B6-8FD2-92D9A50C2C83}.Debug|x64.ActiveCfg = Debug|Any CPU
		{D29287BC-8174-40B6-8FD2-92D9A50C2C83}.Debug|x64.Build.0 = Debug|Any CPU
		{D29287BC-8174-40B6-8FD2-92D9A50C2C83}.Debug|x86.ActiveCfg = Debug|Any CPU
		{D29287BC-8174-40B6-8FD2-92D9A50C2C83}.Debug|x86.Build.0 = Debug|Any CPU
		{D29287BC-8174-40B6-8FD2-92D9A50C2C83}.Release|Any CPU.ActiveCfg = Release|Any CPU
		{D29287BC-8174-40B6-8FD2-92D9A50C2C83}.Release|Any CPU.Build.0 = Release|Any CPU
		{D29287BC-8174-40B6-8FD2-92D9A50C2C83}.Release|ARM.ActiveCfg = Release|Any CPU
		{D29287BC-8174-40B6-8FD2-92D9A50C2C83}.Release|ARM.Build.0 = Release|Any CPU
		{D29287BC-8174-40B6-8FD2-92D9A50C2C83}.Release|ARM64.ActiveCfg = Release|Any CPU
		{D29287BC-8174-40B6-8FD2-92D9A50C2C83}.Release|ARM64.Build.0 = Release|Any CPU
		{D29287BC-8174-40B6-8FD2-92D9A50C2C83}.Release|iPhone.ActiveCfg = Release|Any CPU
		{D29287BC-8174-40B6-8FD2-92D9A50C2C83}.Release|iPhone.Build.0 = Release|Any CPU
		{D29287BC-8174-40B6-8FD2-92D9A50C2C83}.Release|iPhoneSimulator.ActiveCfg = Release|Any CPU
		{D29287BC-8174-40B6-8FD2-92D9A50C2C83}.Release|iPhoneSimulator.Build.0 = Release|Any CPU
		{D29287BC-8174-40B6-8FD2-92D9A50C2C83}.Release|x64.ActiveCfg = Release|Any CPU
		{D29287BC-8174-40B6-8FD2-92D9A50C2C83}.Release|x64.Build.0 = Release|Any CPU
		{D29287BC-8174-40B6-8FD2-92D9A50C2C83}.Release|x86.ActiveCfg = Release|Any CPU
		{D29287BC-8174-40B6-8FD2-92D9A50C2C83}.Release|x86.Build.0 = Release|Any CPU
		{714FE82D-DCBD-4CB8-AFA3-50D5B8C4205B}.Ad-Hoc|Any CPU.ActiveCfg = Debug|Any CPU
		{714FE82D-DCBD-4CB8-AFA3-50D5B8C4205B}.Ad-Hoc|Any CPU.Build.0 = Debug|Any CPU
		{714FE82D-DCBD-4CB8-AFA3-50D5B8C4205B}.Ad-Hoc|ARM.ActiveCfg = Debug|Any CPU
		{714FE82D-DCBD-4CB8-AFA3-50D5B8C4205B}.Ad-Hoc|ARM.Build.0 = Debug|Any CPU
		{714FE82D-DCBD-4CB8-AFA3-50D5B8C4205B}.Ad-Hoc|ARM64.ActiveCfg = Debug|Any CPU
		{714FE82D-DCBD-4CB8-AFA3-50D5B8C4205B}.Ad-Hoc|ARM64.Build.0 = Debug|Any CPU
		{714FE82D-DCBD-4CB8-AFA3-50D5B8C4205B}.Ad-Hoc|iPhone.ActiveCfg = Debug|Any CPU
		{714FE82D-DCBD-4CB8-AFA3-50D5B8C4205B}.Ad-Hoc|iPhone.Build.0 = Debug|Any CPU
		{714FE82D-DCBD-4CB8-AFA3-50D5B8C4205B}.Ad-Hoc|iPhoneSimulator.ActiveCfg = Debug|Any CPU
		{714FE82D-DCBD-4CB8-AFA3-50D5B8C4205B}.Ad-Hoc|iPhoneSimulator.Build.0 = Debug|Any CPU
		{714FE82D-DCBD-4CB8-AFA3-50D5B8C4205B}.Ad-Hoc|x64.ActiveCfg = Debug|Any CPU
		{714FE82D-DCBD-4CB8-AFA3-50D5B8C4205B}.Ad-Hoc|x64.Build.0 = Debug|Any CPU
		{714FE82D-DCBD-4CB8-AFA3-50D5B8C4205B}.Ad-Hoc|x86.ActiveCfg = Debug|Any CPU
		{714FE82D-DCBD-4CB8-AFA3-50D5B8C4205B}.Ad-Hoc|x86.Build.0 = Debug|Any CPU
		{714FE82D-DCBD-4CB8-AFA3-50D5B8C4205B}.AppStore|Any CPU.ActiveCfg = Debug|Any CPU
		{714FE82D-DCBD-4CB8-AFA3-50D5B8C4205B}.AppStore|Any CPU.Build.0 = Debug|Any CPU
		{714FE82D-DCBD-4CB8-AFA3-50D5B8C4205B}.AppStore|ARM.ActiveCfg = Debug|Any CPU
		{714FE82D-DCBD-4CB8-AFA3-50D5B8C4205B}.AppStore|ARM.Build.0 = Debug|Any CPU
		{714FE82D-DCBD-4CB8-AFA3-50D5B8C4205B}.AppStore|ARM64.ActiveCfg = Debug|Any CPU
		{714FE82D-DCBD-4CB8-AFA3-50D5B8C4205B}.AppStore|ARM64.Build.0 = Debug|Any CPU
		{714FE82D-DCBD-4CB8-AFA3-50D5B8C4205B}.AppStore|iPhone.ActiveCfg = Debug|Any CPU
		{714FE82D-DCBD-4CB8-AFA3-50D5B8C4205B}.AppStore|iPhone.Build.0 = Debug|Any CPU
		{714FE82D-DCBD-4CB8-AFA3-50D5B8C4205B}.AppStore|iPhoneSimulator.ActiveCfg = Debug|Any CPU
		{714FE82D-DCBD-4CB8-AFA3-50D5B8C4205B}.AppStore|iPhoneSimulator.Build.0 = Debug|Any CPU
		{714FE82D-DCBD-4CB8-AFA3-50D5B8C4205B}.AppStore|x64.ActiveCfg = Debug|Any CPU
		{714FE82D-DCBD-4CB8-AFA3-50D5B8C4205B}.AppStore|x64.Build.0 = Debug|Any CPU
		{714FE82D-DCBD-4CB8-AFA3-50D5B8C4205B}.AppStore|x86.ActiveCfg = Debug|Any CPU
		{714FE82D-DCBD-4CB8-AFA3-50D5B8C4205B}.AppStore|x86.Build.0 = Debug|Any CPU
		{714FE82D-DCBD-4CB8-AFA3-50D5B8C4205B}.Debug|Any CPU.ActiveCfg = Debug|Any CPU
		{714FE82D-DCBD-4CB8-AFA3-50D5B8C4205B}.Debug|Any CPU.Build.0 = Debug|Any CPU
		{714FE82D-DCBD-4CB8-AFA3-50D5B8C4205B}.Debug|ARM.ActiveCfg = Debug|Any CPU
		{714FE82D-DCBD-4CB8-AFA3-50D5B8C4205B}.Debug|ARM.Build.0 = Debug|Any CPU
		{714FE82D-DCBD-4CB8-AFA3-50D5B8C4205B}.Debug|ARM64.ActiveCfg = Debug|Any CPU
		{714FE82D-DCBD-4CB8-AFA3-50D5B8C4205B}.Debug|ARM64.Build.0 = Debug|Any CPU
		{714FE82D-DCBD-4CB8-AFA3-50D5B8C4205B}.Debug|iPhone.ActiveCfg = Debug|Any CPU
		{714FE82D-DCBD-4CB8-AFA3-50D5B8C4205B}.Debug|iPhone.Build.0 = Debug|Any CPU
		{714FE82D-DCBD-4CB8-AFA3-50D5B8C4205B}.Debug|iPhoneSimulator.ActiveCfg = Debug|Any CPU
		{714FE82D-DCBD-4CB8-AFA3-50D5B8C4205B}.Debug|iPhoneSimulator.Build.0 = Debug|Any CPU
		{714FE82D-DCBD-4CB8-AFA3-50D5B8C4205B}.Debug|x64.ActiveCfg = Debug|Any CPU
		{714FE82D-DCBD-4CB8-AFA3-50D5B8C4205B}.Debug|x64.Build.0 = Debug|Any CPU
		{714FE82D-DCBD-4CB8-AFA3-50D5B8C4205B}.Debug|x86.ActiveCfg = Debug|Any CPU
		{714FE82D-DCBD-4CB8-AFA3-50D5B8C4205B}.Debug|x86.Build.0 = Debug|Any CPU
		{714FE82D-DCBD-4CB8-AFA3-50D5B8C4205B}.Release|Any CPU.ActiveCfg = Release|Any CPU
		{714FE82D-DCBD-4CB8-AFA3-50D5B8C4205B}.Release|Any CPU.Build.0 = Release|Any CPU
		{714FE82D-DCBD-4CB8-AFA3-50D5B8C4205B}.Release|ARM.ActiveCfg = Release|Any CPU
		{714FE82D-DCBD-4CB8-AFA3-50D5B8C4205B}.Release|ARM.Build.0 = Release|Any CPU
		{714FE82D-DCBD-4CB8-AFA3-50D5B8C4205B}.Release|ARM64.ActiveCfg = Release|Any CPU
		{714FE82D-DCBD-4CB8-AFA3-50D5B8C4205B}.Release|ARM64.Build.0 = Release|Any CPU
		{714FE82D-DCBD-4CB8-AFA3-50D5B8C4205B}.Release|iPhone.ActiveCfg = Release|Any CPU
		{714FE82D-DCBD-4CB8-AFA3-50D5B8C4205B}.Release|iPhone.Build.0 = Release|Any CPU
		{714FE82D-DCBD-4CB8-AFA3-50D5B8C4205B}.Release|iPhoneSimulator.ActiveCfg = Release|Any CPU
		{714FE82D-DCBD-4CB8-AFA3-50D5B8C4205B}.Release|iPhoneSimulator.Build.0 = Release|Any CPU
		{714FE82D-DCBD-4CB8-AFA3-50D5B8C4205B}.Release|x64.ActiveCfg = Release|Any CPU
		{714FE82D-DCBD-4CB8-AFA3-50D5B8C4205B}.Release|x64.Build.0 = Release|Any CPU
		{714FE82D-DCBD-4CB8-AFA3-50D5B8C4205B}.Release|x86.ActiveCfg = Release|Any CPU
		{714FE82D-DCBD-4CB8-AFA3-50D5B8C4205B}.Release|x86.Build.0 = Release|Any CPU
		{7E754D3A-5074-41E4-A78F-D823C5E33B61}.Ad-Hoc|Any CPU.ActiveCfg = Debug|x86
		{7E754D3A-5074-41E4-A78F-D823C5E33B61}.Ad-Hoc|Any CPU.Build.0 = Debug|x86
		{7E754D3A-5074-41E4-A78F-D823C5E33B61}.Ad-Hoc|Any CPU.Deploy.0 = Debug|x86
		{7E754D3A-5074-41E4-A78F-D823C5E33B61}.Ad-Hoc|ARM.ActiveCfg = Debug|ARM
		{7E754D3A-5074-41E4-A78F-D823C5E33B61}.Ad-Hoc|ARM.Build.0 = Debug|ARM
		{7E754D3A-5074-41E4-A78F-D823C5E33B61}.Ad-Hoc|ARM.Deploy.0 = Debug|ARM
		{7E754D3A-5074-41E4-A78F-D823C5E33B61}.Ad-Hoc|ARM64.ActiveCfg = Debug|ARM64
		{7E754D3A-5074-41E4-A78F-D823C5E33B61}.Ad-Hoc|ARM64.Build.0 = Debug|ARM64
		{7E754D3A-5074-41E4-A78F-D823C5E33B61}.Ad-Hoc|ARM64.Deploy.0 = Debug|ARM64
		{7E754D3A-5074-41E4-A78F-D823C5E33B61}.Ad-Hoc|iPhone.ActiveCfg = Debug|x86
		{7E754D3A-5074-41E4-A78F-D823C5E33B61}.Ad-Hoc|iPhone.Build.0 = Debug|x86
		{7E754D3A-5074-41E4-A78F-D823C5E33B61}.Ad-Hoc|iPhone.Deploy.0 = Debug|x86
		{7E754D3A-5074-41E4-A78F-D823C5E33B61}.Ad-Hoc|iPhoneSimulator.ActiveCfg = Debug|x86
		{7E754D3A-5074-41E4-A78F-D823C5E33B61}.Ad-Hoc|iPhoneSimulator.Build.0 = Debug|x86
		{7E754D3A-5074-41E4-A78F-D823C5E33B61}.Ad-Hoc|iPhoneSimulator.Deploy.0 = Debug|x86
		{7E754D3A-5074-41E4-A78F-D823C5E33B61}.Ad-Hoc|x64.ActiveCfg = Debug|x64
		{7E754D3A-5074-41E4-A78F-D823C5E33B61}.Ad-Hoc|x64.Build.0 = Debug|x64
		{7E754D3A-5074-41E4-A78F-D823C5E33B61}.Ad-Hoc|x64.Deploy.0 = Debug|x64
		{7E754D3A-5074-41E4-A78F-D823C5E33B61}.Ad-Hoc|x86.ActiveCfg = Debug|x86
		{7E754D3A-5074-41E4-A78F-D823C5E33B61}.Ad-Hoc|x86.Build.0 = Debug|x86
		{7E754D3A-5074-41E4-A78F-D823C5E33B61}.Ad-Hoc|x86.Deploy.0 = Debug|x86
		{7E754D3A-5074-41E4-A78F-D823C5E33B61}.AppStore|Any CPU.ActiveCfg = Debug|x86
		{7E754D3A-5074-41E4-A78F-D823C5E33B61}.AppStore|Any CPU.Build.0 = Debug|x86
		{7E754D3A-5074-41E4-A78F-D823C5E33B61}.AppStore|Any CPU.Deploy.0 = Debug|x86
		{7E754D3A-5074-41E4-A78F-D823C5E33B61}.AppStore|ARM.ActiveCfg = Debug|ARM
		{7E754D3A-5074-41E4-A78F-D823C5E33B61}.AppStore|ARM.Build.0 = Debug|ARM
		{7E754D3A-5074-41E4-A78F-D823C5E33B61}.AppStore|ARM.Deploy.0 = Debug|ARM
		{7E754D3A-5074-41E4-A78F-D823C5E33B61}.AppStore|ARM64.ActiveCfg = Debug|ARM64
		{7E754D3A-5074-41E4-A78F-D823C5E33B61}.AppStore|ARM64.Build.0 = Debug|ARM64
		{7E754D3A-5074-41E4-A78F-D823C5E33B61}.AppStore|ARM64.Deploy.0 = Debug|ARM64
		{7E754D3A-5074-41E4-A78F-D823C5E33B61}.AppStore|iPhone.ActiveCfg = Debug|x86
		{7E754D3A-5074-41E4-A78F-D823C5E33B61}.AppStore|iPhone.Build.0 = Debug|x86
		{7E754D3A-5074-41E4-A78F-D823C5E33B61}.AppStore|iPhone.Deploy.0 = Debug|x86
		{7E754D3A-5074-41E4-A78F-D823C5E33B61}.AppStore|iPhoneSimulator.ActiveCfg = Debug|x86
		{7E754D3A-5074-41E4-A78F-D823C5E33B61}.AppStore|iPhoneSimulator.Build.0 = Debug|x86
		{7E754D3A-5074-41E4-A78F-D823C5E33B61}.AppStore|iPhoneSimulator.Deploy.0 = Debug|x86
		{7E754D3A-5074-41E4-A78F-D823C5E33B61}.AppStore|x64.ActiveCfg = Debug|x64
		{7E754D3A-5074-41E4-A78F-D823C5E33B61}.AppStore|x64.Build.0 = Debug|x64
		{7E754D3A-5074-41E4-A78F-D823C5E33B61}.AppStore|x64.Deploy.0 = Debug|x64
		{7E754D3A-5074-41E4-A78F-D823C5E33B61}.AppStore|x86.ActiveCfg = Debug|x86
		{7E754D3A-5074-41E4-A78F-D823C5E33B61}.AppStore|x86.Build.0 = Debug|x86
		{7E754D3A-5074-41E4-A78F-D823C5E33B61}.AppStore|x86.Deploy.0 = Debug|x86
		{7E754D3A-5074-41E4-A78F-D823C5E33B61}.Debug|Any CPU.ActiveCfg = Debug|x86
		{7E754D3A-5074-41E4-A78F-D823C5E33B61}.Debug|ARM.ActiveCfg = Debug|ARM
		{7E754D3A-5074-41E4-A78F-D823C5E33B61}.Debug|ARM.Build.0 = Debug|ARM
		{7E754D3A-5074-41E4-A78F-D823C5E33B61}.Debug|ARM.Deploy.0 = Debug|ARM
		{7E754D3A-5074-41E4-A78F-D823C5E33B61}.Debug|ARM64.ActiveCfg = Debug|ARM64
		{7E754D3A-5074-41E4-A78F-D823C5E33B61}.Debug|ARM64.Build.0 = Debug|ARM64
		{7E754D3A-5074-41E4-A78F-D823C5E33B61}.Debug|ARM64.Deploy.0 = Debug|ARM64
		{7E754D3A-5074-41E4-A78F-D823C5E33B61}.Debug|iPhone.ActiveCfg = Debug|x86
		{7E754D3A-5074-41E4-A78F-D823C5E33B61}.Debug|iPhoneSimulator.ActiveCfg = Debug|x86
		{7E754D3A-5074-41E4-A78F-D823C5E33B61}.Debug|x64.ActiveCfg = Debug|x64
		{7E754D3A-5074-41E4-A78F-D823C5E33B61}.Debug|x64.Build.0 = Debug|x64
		{7E754D3A-5074-41E4-A78F-D823C5E33B61}.Debug|x64.Deploy.0 = Debug|x64
		{7E754D3A-5074-41E4-A78F-D823C5E33B61}.Debug|x86.ActiveCfg = Debug|x86
		{7E754D3A-5074-41E4-A78F-D823C5E33B61}.Debug|x86.Build.0 = Debug|x86
		{7E754D3A-5074-41E4-A78F-D823C5E33B61}.Debug|x86.Deploy.0 = Debug|x86
		{7E754D3A-5074-41E4-A78F-D823C5E33B61}.Release|Any CPU.ActiveCfg = Release|x86
		{7E754D3A-5074-41E4-A78F-D823C5E33B61}.Release|ARM.ActiveCfg = Release|ARM
		{7E754D3A-5074-41E4-A78F-D823C5E33B61}.Release|ARM.Build.0 = Release|ARM
		{7E754D3A-5074-41E4-A78F-D823C5E33B61}.Release|ARM.Deploy.0 = Release|ARM
		{7E754D3A-5074-41E4-A78F-D823C5E33B61}.Release|ARM64.ActiveCfg = Release|ARM64
		{7E754D3A-5074-41E4-A78F-D823C5E33B61}.Release|ARM64.Build.0 = Release|ARM64
		{7E754D3A-5074-41E4-A78F-D823C5E33B61}.Release|ARM64.Deploy.0 = Release|ARM64
		{7E754D3A-5074-41E4-A78F-D823C5E33B61}.Release|iPhone.ActiveCfg = Release|x86
		{7E754D3A-5074-41E4-A78F-D823C5E33B61}.Release|iPhoneSimulator.ActiveCfg = Release|x86
		{7E754D3A-5074-41E4-A78F-D823C5E33B61}.Release|x64.ActiveCfg = Release|x64
		{7E754D3A-5074-41E4-A78F-D823C5E33B61}.Release|x64.Build.0 = Release|x64
		{7E754D3A-5074-41E4-A78F-D823C5E33B61}.Release|x64.Deploy.0 = Release|x64
		{7E754D3A-5074-41E4-A78F-D823C5E33B61}.Release|x86.ActiveCfg = Release|x86
		{7E754D3A-5074-41E4-A78F-D823C5E33B61}.Release|x86.Build.0 = Release|x86
		{7E754D3A-5074-41E4-A78F-D823C5E33B61}.Release|x86.Deploy.0 = Release|x86
		{8F655EBE-F42B-4C63-8F56-2CB41126E3C8}.Ad-Hoc|Any CPU.ActiveCfg = Debug|Any CPU
		{8F655EBE-F42B-4C63-8F56-2CB41126E3C8}.Ad-Hoc|Any CPU.Build.0 = Debug|Any CPU
		{8F655EBE-F42B-4C63-8F56-2CB41126E3C8}.Ad-Hoc|ARM.ActiveCfg = Debug|Any CPU
		{8F655EBE-F42B-4C63-8F56-2CB41126E3C8}.Ad-Hoc|ARM.Build.0 = Debug|Any CPU
		{8F655EBE-F42B-4C63-8F56-2CB41126E3C8}.Ad-Hoc|ARM64.ActiveCfg = Debug|Any CPU
		{8F655EBE-F42B-4C63-8F56-2CB41126E3C8}.Ad-Hoc|ARM64.Build.0 = Debug|Any CPU
		{8F655EBE-F42B-4C63-8F56-2CB41126E3C8}.Ad-Hoc|iPhone.ActiveCfg = Debug|Any CPU
		{8F655EBE-F42B-4C63-8F56-2CB41126E3C8}.Ad-Hoc|iPhone.Build.0 = Debug|Any CPU
		{8F655EBE-F42B-4C63-8F56-2CB41126E3C8}.Ad-Hoc|iPhoneSimulator.ActiveCfg = Debug|Any CPU
		{8F655EBE-F42B-4C63-8F56-2CB41126E3C8}.Ad-Hoc|iPhoneSimulator.Build.0 = Debug|Any CPU
		{8F655EBE-F42B-4C63-8F56-2CB41126E3C8}.Ad-Hoc|x64.ActiveCfg = Debug|Any CPU
		{8F655EBE-F42B-4C63-8F56-2CB41126E3C8}.Ad-Hoc|x64.Build.0 = Debug|Any CPU
		{8F655EBE-F42B-4C63-8F56-2CB41126E3C8}.Ad-Hoc|x86.ActiveCfg = Debug|Any CPU
		{8F655EBE-F42B-4C63-8F56-2CB41126E3C8}.Ad-Hoc|x86.Build.0 = Debug|Any CPU
		{8F655EBE-F42B-4C63-8F56-2CB41126E3C8}.AppStore|Any CPU.ActiveCfg = Debug|Any CPU
		{8F655EBE-F42B-4C63-8F56-2CB41126E3C8}.AppStore|Any CPU.Build.0 = Debug|Any CPU
		{8F655EBE-F42B-4C63-8F56-2CB41126E3C8}.AppStore|ARM.ActiveCfg = Debug|Any CPU
		{8F655EBE-F42B-4C63-8F56-2CB41126E3C8}.AppStore|ARM.Build.0 = Debug|Any CPU
		{8F655EBE-F42B-4C63-8F56-2CB41126E3C8}.AppStore|ARM64.ActiveCfg = Debug|Any CPU
		{8F655EBE-F42B-4C63-8F56-2CB41126E3C8}.AppStore|ARM64.Build.0 = Debug|Any CPU
		{8F655EBE-F42B-4C63-8F56-2CB41126E3C8}.AppStore|iPhone.ActiveCfg = Debug|Any CPU
		{8F655EBE-F42B-4C63-8F56-2CB41126E3C8}.AppStore|iPhone.Build.0 = Debug|Any CPU
		{8F655EBE-F42B-4C63-8F56-2CB41126E3C8}.AppStore|iPhoneSimulator.ActiveCfg = Debug|Any CPU
		{8F655EBE-F42B-4C63-8F56-2CB41126E3C8}.AppStore|iPhoneSimulator.Build.0 = Debug|Any CPU
		{8F655EBE-F42B-4C63-8F56-2CB41126E3C8}.AppStore|x64.ActiveCfg = Debug|Any CPU
		{8F655EBE-F42B-4C63-8F56-2CB41126E3C8}.AppStore|x64.Build.0 = Debug|Any CPU
		{8F655EBE-F42B-4C63-8F56-2CB41126E3C8}.AppStore|x86.ActiveCfg = Debug|Any CPU
		{8F655EBE-F42B-4C63-8F56-2CB41126E3C8}.AppStore|x86.Build.0 = Debug|Any CPU
		{8F655EBE-F42B-4C63-8F56-2CB41126E3C8}.Debug|Any CPU.ActiveCfg = Debug|Any CPU
		{8F655EBE-F42B-4C63-8F56-2CB41126E3C8}.Debug|Any CPU.Build.0 = Debug|Any CPU
		{8F655EBE-F42B-4C63-8F56-2CB41126E3C8}.Debug|ARM.ActiveCfg = Debug|Any CPU
		{8F655EBE-F42B-4C63-8F56-2CB41126E3C8}.Debug|ARM.Build.0 = Debug|Any CPU
		{8F655EBE-F42B-4C63-8F56-2CB41126E3C8}.Debug|ARM64.ActiveCfg = Debug|Any CPU
		{8F655EBE-F42B-4C63-8F56-2CB41126E3C8}.Debug|ARM64.Build.0 = Debug|Any CPU
		{8F655EBE-F42B-4C63-8F56-2CB41126E3C8}.Debug|iPhone.ActiveCfg = Debug|Any CPU
		{8F655EBE-F42B-4C63-8F56-2CB41126E3C8}.Debug|iPhone.Build.0 = Debug|Any CPU
		{8F655EBE-F42B-4C63-8F56-2CB41126E3C8}.Debug|iPhoneSimulator.ActiveCfg = Debug|Any CPU
		{8F655EBE-F42B-4C63-8F56-2CB41126E3C8}.Debug|iPhoneSimulator.Build.0 = Debug|Any CPU
		{8F655EBE-F42B-4C63-8F56-2CB41126E3C8}.Debug|x64.ActiveCfg = Debug|Any CPU
		{8F655EBE-F42B-4C63-8F56-2CB41126E3C8}.Debug|x64.Build.0 = Debug|Any CPU
		{8F655EBE-F42B-4C63-8F56-2CB41126E3C8}.Debug|x86.ActiveCfg = Debug|Any CPU
		{8F655EBE-F42B-4C63-8F56-2CB41126E3C8}.Debug|x86.Build.0 = Debug|Any CPU
		{8F655EBE-F42B-4C63-8F56-2CB41126E3C8}.Release|Any CPU.ActiveCfg = Release|Any CPU
		{8F655EBE-F42B-4C63-8F56-2CB41126E3C8}.Release|Any CPU.Build.0 = Release|Any CPU
		{8F655EBE-F42B-4C63-8F56-2CB41126E3C8}.Release|ARM.ActiveCfg = Release|Any CPU
		{8F655EBE-F42B-4C63-8F56-2CB41126E3C8}.Release|ARM.Build.0 = Release|Any CPU
		{8F655EBE-F42B-4C63-8F56-2CB41126E3C8}.Release|ARM64.ActiveCfg = Release|Any CPU
		{8F655EBE-F42B-4C63-8F56-2CB41126E3C8}.Release|ARM64.Build.0 = Release|Any CPU
		{8F655EBE-F42B-4C63-8F56-2CB41126E3C8}.Release|iPhone.ActiveCfg = Release|Any CPU
		{8F655EBE-F42B-4C63-8F56-2CB41126E3C8}.Release|iPhone.Build.0 = Release|Any CPU
		{8F655EBE-F42B-4C63-8F56-2CB41126E3C8}.Release|iPhoneSimulator.ActiveCfg = Release|Any CPU
		{8F655EBE-F42B-4C63-8F56-2CB41126E3C8}.Release|iPhoneSimulator.Build.0 = Release|Any CPU
		{8F655EBE-F42B-4C63-8F56-2CB41126E3C8}.Release|x64.ActiveCfg = Release|Any CPU
		{8F655EBE-F42B-4C63-8F56-2CB41126E3C8}.Release|x64.Build.0 = Release|Any CPU
		{8F655EBE-F42B-4C63-8F56-2CB41126E3C8}.Release|x86.ActiveCfg = Release|Any CPU
		{8F655EBE-F42B-4C63-8F56-2CB41126E3C8}.Release|x86.Build.0 = Release|Any CPU
	EndGlobalSection
	GlobalSection(SolutionProperties) = preSolution
		HideSolutionNode = FALSE
	EndGlobalSection
	GlobalSection(NestedProjects) = preSolution
		{A5706650-D4F9-49A1-AC73-8F5270EAC142} = {801BE40A-743D-4F1E-9B55-7B9BC5787E53}
		{5566CCB4-DC54-4F7C-9187-81E798283491} = {801BE40A-743D-4F1E-9B55-7B9BC5787E53}
		{B95AE2BC-3862-44E5-866D-A063C81BFD2B} = {A5706650-D4F9-49A1-AC73-8F5270EAC142}
		{D39C0150-FC42-4450-842A-2D61B3773F1F} = {A5706650-D4F9-49A1-AC73-8F5270EAC142}
		{8B3BDFFB-9B38-46E1-8DD2-246D351F8CD8} = {A5706650-D4F9-49A1-AC73-8F5270EAC142}
		{80DBC039-3976-42CF-8D5F-A948F89EBDDD} = {A5706650-D4F9-49A1-AC73-8F5270EAC142}
		{69244E18-8D29-4F47-A631-379079481A98} = {A5706650-D4F9-49A1-AC73-8F5270EAC142}
		{E65E3165-D113-407F-B071-864D846ED9DA} = {A5706650-D4F9-49A1-AC73-8F5270EAC142}
		{D29287BC-8174-40B6-8FD2-92D9A50C2C83} = {A5706650-D4F9-49A1-AC73-8F5270EAC142}
		{714FE82D-DCBD-4CB8-AFA3-50D5B8C4205B} = {A5706650-D4F9-49A1-AC73-8F5270EAC142}
		{7E754D3A-5074-41E4-A78F-D823C5E33B61} = {A5706650-D4F9-49A1-AC73-8F5270EAC142}
		{8F655EBE-F42B-4C63-8F56-2CB41126E3C8} = {A5706650-D4F9-49A1-AC73-8F5270EAC142}
	EndGlobalSection
	GlobalSection(ExtensibilityGlobals) = postSolution
		SolutionGuid = {C7433AE2-B1A0-4C1A-887E-5CAA7AAF67A6}
	EndGlobalSection
EndGlobal
