Microsoft Visual Studio Solution File, Format Version 12.00
# Visual Studio Version 16
VisualStudioVersion = 16.0.29920.165
MinimumVisualStudioVersion = 15.0.26124.0
Project("{2150E333-8FDC-42A3-9474-1A3956D46DE8}") = "Platforms", "Platforms", "{0A30999C-ABE5-473B-9627-8FB1E24C12DB}"
EndProject
Project("{D954291E-2A0B-460D-934E-DC6B0785DB48}") = "UnoDrive.Shared", "src\UnoDrive.Shared\UnoDrive.Shared.shproj", "{6279C845-92F8-4333-AB99-3D213163593C}"
EndProject
Project("{9A19103F-16F7-4668-BE54-9A1E7A4F7556}") = "UnoDrive.Windows.Desktop", "src\UnoDrive.Windows.Desktop\UnoDrive.Windows.Desktop.csproj", "{0A7FAF57-9BF4-4BAA-BB39-A38AD04859A8}"
EndProject
Project("{C7167F0D-BC9F-4E6E-AFE1-012C56B48DB5}") = "UnoDrive.Windows.Package", "src\UnoDrive.Windows.Package\UnoDrive.Windows.Package.wapproj", "{E68DBF90-0652-4F79-A24F-9D982C78ED3F}"
EndProject
Project("{FAE04EC0-301F-11D3-BF4B-00C04F79EFBC}") = "UnoDrive.Droid", "src\UnoDrive.Droid\UnoDrive.Droid.csproj", "{A79BDB62-C201-44C9-A821-6B4BCD427D2E}"
EndProject
Project("{FAE04EC0-301F-11D3-BF4B-00C04F79EFBC}") = "UnoDrive.iOS", "src\UnoDrive.iOS\UnoDrive.iOS.csproj", "{A455D1DF-7FD6-46A8-A59F-B03F79C93FEA}"
EndProject
Project("{FAE04EC0-301F-11D3-BF4B-00C04F79EFBC}") = "UnoDrive.macOS", "src\UnoDrive.macOS\UnoDrive.macOS.csproj", "{DEE1A891-A200-4CD2-B82A-2F52C2728426}"
EndProject
Project("{9A19103F-16F7-4668-BE54-9A1E7A4F7556}") = "UnoDrive.Skia.Gtk", "src\UnoDrive.Skia.Gtk\UnoDrive.Skia.Gtk.csproj", "{7C60FEE3-4085-4E67-80ED-D050F5CBACAD}"
EndProject
Project("{9A19103F-16F7-4668-BE54-9A1E7A4F7556}") = "UnoDrive.Skia.Linux.FrameBuffer", "src\UnoDrive.Skia.Linux.FrameBuffer\UnoDrive.Skia.Linux.FrameBuffer.csproj", "{30CA9DC0-58D8-4661-819F-073F0194BFA2}"
EndProject
Project("{9A19103F-16F7-4668-BE54-9A1E7A4F7556}") = "UnoDrive.Skia.Tizen", "src\UnoDrive.Skia.Tizen\UnoDrive.Skia.Tizen.csproj", "{FD1A48E2-C8D5-420A-B1DD-EA355318FE97}"
EndProject
Project("{9A19103F-16F7-4668-BE54-9A1E7A4F7556}") = "UnoDrive.Skia.WPF", "src\UnoDrive.Skia.WPF\UnoDrive.Skia.WPF.csproj", "{07468F0A-B95C-4A24-83C9-362DEB68A2E3}"
EndProject
Project("{9A19103F-16F7-4668-BE54-9A1E7A4F7556}") = "UnoDrive.Skia.Wpf.Host", "src\UnoDrive.Skia.WPF.Host\UnoDrive.Skia.Wpf.Host.csproj", "{E9903A90-78A5-4E78-9015-0437229BF6C4}"
EndProject
Project("{9A19103F-16F7-4668-BE54-9A1E7A4F7556}") = "UnoDrive.Wasm", "src\UnoDrive.Wasm\UnoDrive.Wasm.csproj", "{40373B05-8854-4025-BF38-C3D38A049EB4}"
EndProject
Global
	GlobalSection(SharedMSBuildProjectFiles) = preSolution
		src\UnoDrive.Shared\UnoDrive.Shared.projitems*{07468f0a-b95c-4a24-83c9-362deb68a2e3}*SharedItemsImports = 5
		src\UnoDrive.Shared\UnoDrive.Shared.projitems*{0a7faf57-9bf4-4baa-bb39-a38ad04859a8}*SharedItemsImports = 5
		src\UnoDrive.Shared\UnoDrive.Shared.projitems*{30ca9dc0-58d8-4661-819f-073f0194bfa2}*SharedItemsImports = 5
		src\UnoDrive.Shared\UnoDrive.Shared.projitems*{40373b05-8854-4025-bf38-c3d38a049eb4}*SharedItemsImports = 5
		src\UnoDrive.Shared\UnoDrive.Shared.projitems*{6279c845-92f8-4333-ab99-3d213163593c}*SharedItemsImports = 13
		src\UnoDrive.Shared\UnoDrive.Shared.projitems*{7c60fee3-4085-4e67-80ed-d050f5cbacad}*SharedItemsImports = 5
		src\UnoDrive.Shared\UnoDrive.Shared.projitems*{a455d1df-7fd6-46a8-a59f-b03f79c93fea}*SharedItemsImports = 4
		src\UnoDrive.Shared\UnoDrive.Shared.projitems*{a79bdb62-c201-44c9-a821-6b4bcd427d2e}*SharedItemsImports = 4
		src\UnoDrive.Shared\UnoDrive.Shared.projitems*{dee1a891-a200-4cd2-b82a-2f52c2728426}*SharedItemsImports = 4
		src\UnoDrive.Shared\UnoDrive.Shared.projitems*{fd1a48e2-c8d5-420a-b1dd-ea355318fe97}*SharedItemsImports = 5
	EndGlobalSection
	GlobalSection(SolutionConfigurationPlatforms) = preSolution
		Ad-Hoc|Any CPU = Ad-Hoc|Any CPU
		Ad-Hoc|ARM = Ad-Hoc|ARM
		Ad-Hoc|ARM64 = Ad-Hoc|ARM64
		Ad-Hoc|iPhone = Ad-Hoc|iPhone
		Ad-Hoc|iPhoneSimulator = Ad-Hoc|iPhoneSimulator
		Ad-Hoc|x64 = Ad-Hoc|x64
		Ad-Hoc|x86 = Ad-Hoc|x86
		AppStore|Any CPU = AppStore|Any CPU
		AppStore|ARM = AppStore|ARM
		AppStore|ARM64 = AppStore|ARM64
		AppStore|iPhone = AppStore|iPhone
		AppStore|iPhoneSimulator = AppStore|iPhoneSimulator
		AppStore|x64 = AppStore|x64
		AppStore|x86 = AppStore|x86
		Debug|Any CPU = Debug|Any CPU
		Debug|ARM = Debug|ARM
		Debug|ARM64 = Debug|ARM64
		Debug|iPhone = Debug|iPhone
		Debug|iPhoneSimulator = Debug|iPhoneSimulator
		Debug|x64 = Debug|x64
		Debug|x86 = Debug|x86
		Release|Any CPU = Release|Any CPU
		Release|ARM = Release|ARM
		Release|ARM64 = Release|ARM64
		Release|iPhone = Release|iPhone
		Release|iPhoneSimulator = Release|iPhoneSimulator
		Release|x64 = Release|x64
		Release|x86 = Release|x86
	EndGlobalSection
	GlobalSection(ProjectConfigurationPlatforms) = postSolution
		{0A7FAF57-9BF4-4BAA-BB39-A38AD04859A8}.Ad-Hoc|Any CPU.ActiveCfg = Debug|x86
		{0A7FAF57-9BF4-4BAA-BB39-A38AD04859A8}.Ad-Hoc|Any CPU.Build.0 = Debug|x86
		{0A7FAF57-9BF4-4BAA-BB39-A38AD04859A8}.Ad-Hoc|ARM.ActiveCfg = Debug|x86
		{0A7FAF57-9BF4-4BAA-BB39-A38AD04859A8}.Ad-Hoc|ARM.Build.0 = Debug|x86
		{0A7FAF57-9BF4-4BAA-BB39-A38AD04859A8}.Ad-Hoc|ARM64.ActiveCfg = Debug|arm64
		{0A7FAF57-9BF4-4BAA-BB39-A38AD04859A8}.Ad-Hoc|ARM64.Build.0 = Debug|arm64
		{0A7FAF57-9BF4-4BAA-BB39-A38AD04859A8}.Ad-Hoc|iPhone.ActiveCfg = Debug|x86
		{0A7FAF57-9BF4-4BAA-BB39-A38AD04859A8}.Ad-Hoc|iPhone.Build.0 = Debug|x86
		{0A7FAF57-9BF4-4BAA-BB39-A38AD04859A8}.Ad-Hoc|iPhoneSimulator.ActiveCfg = Debug|x86
		{0A7FAF57-9BF4-4BAA-BB39-A38AD04859A8}.Ad-Hoc|iPhoneSimulator.Build.0 = Debug|x86
		{0A7FAF57-9BF4-4BAA-BB39-A38AD04859A8}.Ad-Hoc|x64.ActiveCfg = Debug|x64
		{0A7FAF57-9BF4-4BAA-BB39-A38AD04859A8}.Ad-Hoc|x64.Build.0 = Debug|x64
		{0A7FAF57-9BF4-4BAA-BB39-A38AD04859A8}.Ad-Hoc|x86.ActiveCfg = Debug|x86
		{0A7FAF57-9BF4-4BAA-BB39-A38AD04859A8}.Ad-Hoc|x86.Build.0 = Debug|x86
		{0A7FAF57-9BF4-4BAA-BB39-A38AD04859A8}.AppStore|Any CPU.ActiveCfg = Debug|x86
		{0A7FAF57-9BF4-4BAA-BB39-A38AD04859A8}.AppStore|Any CPU.Build.0 = Debug|x86
		{0A7FAF57-9BF4-4BAA-BB39-A38AD04859A8}.AppStore|ARM.ActiveCfg = Debug|x86
		{0A7FAF57-9BF4-4BAA-BB39-A38AD04859A8}.AppStore|ARM.Build.0 = Debug|x86
		{0A7FAF57-9BF4-4BAA-BB39-A38AD04859A8}.AppStore|ARM64.ActiveCfg = Debug|arm64
		{0A7FAF57-9BF4-4BAA-BB39-A38AD04859A8}.AppStore|ARM64.Build.0 = Debug|arm64
		{0A7FAF57-9BF4-4BAA-BB39-A38AD04859A8}.AppStore|iPhone.ActiveCfg = Debug|x86
		{0A7FAF57-9BF4-4BAA-BB39-A38AD04859A8}.AppStore|iPhone.Build.0 = Debug|x86
		{0A7FAF57-9BF4-4BAA-BB39-A38AD04859A8}.AppStore|iPhoneSimulator.ActiveCfg = Debug|x86
		{0A7FAF57-9BF4-4BAA-BB39-A38AD04859A8}.AppStore|iPhoneSimulator.Build.0 = Debug|x86
		{0A7FAF57-9BF4-4BAA-BB39-A38AD04859A8}.AppStore|x64.ActiveCfg = Debug|x64
		{0A7FAF57-9BF4-4BAA-BB39-A38AD04859A8}.AppStore|x64.Build.0 = Debug|x64
		{0A7FAF57-9BF4-4BAA-BB39-A38AD04859A8}.AppStore|x86.ActiveCfg = Debug|x86
		{0A7FAF57-9BF4-4BAA-BB39-A38AD04859A8}.AppStore|x86.Build.0 = Debug|x86
		{0A7FAF57-9BF4-4BAA-BB39-A38AD04859A8}.Debug|Any CPU.ActiveCfg = Debug|x86
		{0A7FAF57-9BF4-4BAA-BB39-A38AD04859A8}.Debug|ARM.ActiveCfg = Debug|x86
		{0A7FAF57-9BF4-4BAA-BB39-A38AD04859A8}.Debug|ARM64.ActiveCfg = Debug|arm64
		{0A7FAF57-9BF4-4BAA-BB39-A38AD04859A8}.Debug|ARM64.Build.0 = Debug|arm64
		{0A7FAF57-9BF4-4BAA-BB39-A38AD04859A8}.Debug|iPhone.ActiveCfg = Debug|x86
		{0A7FAF57-9BF4-4BAA-BB39-A38AD04859A8}.Debug|iPhoneSimulator.ActiveCfg = Debug|x86
		{0A7FAF57-9BF4-4BAA-BB39-A38AD04859A8}.Debug|x64.ActiveCfg = Debug|x64
		{0A7FAF57-9BF4-4BAA-BB39-A38AD04859A8}.Debug|x64.Build.0 = Debug|x64
		{0A7FAF57-9BF4-4BAA-BB39-A38AD04859A8}.Debug|x86.ActiveCfg = Debug|x86
		{0A7FAF57-9BF4-4BAA-BB39-A38AD04859A8}.Debug|x86.Build.0 = Debug|x86
		{0A7FAF57-9BF4-4BAA-BB39-A38AD04859A8}.Release|Any CPU.ActiveCfg = Release|x86
		{0A7FAF57-9BF4-4BAA-BB39-A38AD04859A8}.Release|ARM.ActiveCfg = Release|x86
		{0A7FAF57-9BF4-4BAA-BB39-A38AD04859A8}.Release|ARM64.ActiveCfg = Release|arm64
		{0A7FAF57-9BF4-4BAA-BB39-A38AD04859A8}.Release|ARM64.Build.0 = Release|arm64
		{0A7FAF57-9BF4-4BAA-BB39-A38AD04859A8}.Release|iPhone.ActiveCfg = Release|x86
		{0A7FAF57-9BF4-4BAA-BB39-A38AD04859A8}.Release|iPhoneSimulator.ActiveCfg = Release|x86
		{0A7FAF57-9BF4-4BAA-BB39-A38AD04859A8}.Release|x64.ActiveCfg = Release|x64
		{0A7FAF57-9BF4-4BAA-BB39-A38AD04859A8}.Release|x64.Build.0 = Release|x64
		{0A7FAF57-9BF4-4BAA-BB39-A38AD04859A8}.Release|x86.ActiveCfg = Release|x86
		{0A7FAF57-9BF4-4BAA-BB39-A38AD04859A8}.Release|x86.Build.0 = Release|x86
		{E68DBF90-0652-4F79-A24F-9D982C78ED3F}.Ad-Hoc|Any CPU.ActiveCfg = Debug|arm64
		{E68DBF90-0652-4F79-A24F-9D982C78ED3F}.Ad-Hoc|Any CPU.Build.0 = Debug|arm64
		{E68DBF90-0652-4F79-A24F-9D982C78ED3F}.Ad-Hoc|Any CPU.Deploy.0 = Debug|arm64
		{E68DBF90-0652-4F79-A24F-9D982C78ED3F}.Ad-Hoc|ARM.ActiveCfg = Debug|arm64
		{E68DBF90-0652-4F79-A24F-9D982C78ED3F}.Ad-Hoc|ARM.Build.0 = Debug|arm64
		{E68DBF90-0652-4F79-A24F-9D982C78ED3F}.Ad-Hoc|ARM.Deploy.0 = Debug|arm64
		{E68DBF90-0652-4F79-A24F-9D982C78ED3F}.Ad-Hoc|ARM64.ActiveCfg = Debug|arm64
		{E68DBF90-0652-4F79-A24F-9D982C78ED3F}.Ad-Hoc|ARM64.Build.0 = Debug|arm64
		{E68DBF90-0652-4F79-A24F-9D982C78ED3F}.Ad-Hoc|ARM64.Deploy.0 = Debug|arm64
		{E68DBF90-0652-4F79-A24F-9D982C78ED3F}.Ad-Hoc|iPhone.ActiveCfg = Debug|arm64
		{E68DBF90-0652-4F79-A24F-9D982C78ED3F}.Ad-Hoc|iPhone.Build.0 = Debug|arm64
		{E68DBF90-0652-4F79-A24F-9D982C78ED3F}.Ad-Hoc|iPhone.Deploy.0 = Debug|arm64
		{E68DBF90-0652-4F79-A24F-9D982C78ED3F}.Ad-Hoc|iPhoneSimulator.ActiveCfg = Debug|arm64
		{E68DBF90-0652-4F79-A24F-9D982C78ED3F}.Ad-Hoc|iPhoneSimulator.Build.0 = Debug|arm64
		{E68DBF90-0652-4F79-A24F-9D982C78ED3F}.Ad-Hoc|iPhoneSimulator.Deploy.0 = Debug|arm64
		{E68DBF90-0652-4F79-A24F-9D982C78ED3F}.Ad-Hoc|x64.ActiveCfg = Debug|x64
		{E68DBF90-0652-4F79-A24F-9D982C78ED3F}.Ad-Hoc|x64.Build.0 = Debug|x64
		{E68DBF90-0652-4F79-A24F-9D982C78ED3F}.Ad-Hoc|x64.Deploy.0 = Debug|x64
		{E68DBF90-0652-4F79-A24F-9D982C78ED3F}.Ad-Hoc|x86.ActiveCfg = Debug|x86
		{E68DBF90-0652-4F79-A24F-9D982C78ED3F}.Ad-Hoc|x86.Build.0 = Debug|x86
		{E68DBF90-0652-4F79-A24F-9D982C78ED3F}.Ad-Hoc|x86.Deploy.0 = Debug|x86
		{E68DBF90-0652-4F79-A24F-9D982C78ED3F}.AppStore|Any CPU.ActiveCfg = Debug|arm64
		{E68DBF90-0652-4F79-A24F-9D982C78ED3F}.AppStore|Any CPU.Build.0 = Debug|arm64
		{E68DBF90-0652-4F79-A24F-9D982C78ED3F}.AppStore|Any CPU.Deploy.0 = Debug|arm64
		{E68DBF90-0652-4F79-A24F-9D982C78ED3F}.AppStore|ARM.ActiveCfg = Debug|arm64
		{E68DBF90-0652-4F79-A24F-9D982C78ED3F}.AppStore|ARM.Build.0 = Debug|arm64
		{E68DBF90-0652-4F79-A24F-9D982C78ED3F}.AppStore|ARM.Deploy.0 = Debug|arm64
		{E68DBF90-0652-4F79-A24F-9D982C78ED3F}.AppStore|ARM64.ActiveCfg = Debug|arm64
		{E68DBF90-0652-4F79-A24F-9D982C78ED3F}.AppStore|ARM64.Build.0 = Debug|arm64
		{E68DBF90-0652-4F79-A24F-9D982C78ED3F}.AppStore|ARM64.Deploy.0 = Debug|arm64
		{E68DBF90-0652-4F79-A24F-9D982C78ED3F}.AppStore|iPhone.ActiveCfg = Debug|arm64
		{E68DBF90-0652-4F79-A24F-9D982C78ED3F}.AppStore|iPhone.Build.0 = Debug|arm64
		{E68DBF90-0652-4F79-A24F-9D982C78ED3F}.AppStore|iPhone.Deploy.0 = Debug|arm64
		{E68DBF90-0652-4F79-A24F-9D982C78ED3F}.AppStore|iPhoneSimulator.ActiveCfg = Debug|arm64
		{E68DBF90-0652-4F79-A24F-9D982C78ED3F}.AppStore|iPhoneSimulator.Build.0 = Debug|arm64
		{E68DBF90-0652-4F79-A24F-9D982C78ED3F}.AppStore|iPhoneSimulator.Deploy.0 = Debug|arm64
		{E68DBF90-0652-4F79-A24F-9D982C78ED3F}.AppStore|x64.ActiveCfg = Debug|x64
		{E68DBF90-0652-4F79-A24F-9D982C78ED3F}.AppStore|x64.Build.0 = Debug|x64
		{E68DBF90-0652-4F79-A24F-9D982C78ED3F}.AppStore|x64.Deploy.0 = Debug|x64
		{E68DBF90-0652-4F79-A24F-9D982C78ED3F}.AppStore|x86.ActiveCfg = Debug|x86
		{E68DBF90-0652-4F79-A24F-9D982C78ED3F}.AppStore|x86.Build.0 = Debug|x86
		{E68DBF90-0652-4F79-A24F-9D982C78ED3F}.AppStore|x86.Deploy.0 = Debug|x86
		{E68DBF90-0652-4F79-A24F-9D982C78ED3F}.Debug|Any CPU.ActiveCfg = Debug|x86
		{E68DBF90-0652-4F79-A24F-9D982C78ED3F}.Debug|ARM.ActiveCfg = Debug|x86
		{E68DBF90-0652-4F79-A24F-9D982C78ED3F}.Debug|ARM64.ActiveCfg = Debug|arm64
		{E68DBF90-0652-4F79-A24F-9D982C78ED3F}.Debug|ARM64.Build.0 = Debug|arm64
		{E68DBF90-0652-4F79-A24F-9D982C78ED3F}.Debug|ARM64.Deploy.0 = Debug|arm64
		{E68DBF90-0652-4F79-A24F-9D982C78ED3F}.Debug|iPhone.ActiveCfg = Debug|x86
		{E68DBF90-0652-4F79-A24F-9D982C78ED3F}.Debug|iPhoneSimulator.ActiveCfg = Debug|x86
		{E68DBF90-0652-4F79-A24F-9D982C78ED3F}.Debug|x64.ActiveCfg = Debug|x64
		{E68DBF90-0652-4F79-A24F-9D982C78ED3F}.Debug|x64.Build.0 = Debug|x64
		{E68DBF90-0652-4F79-A24F-9D982C78ED3F}.Debug|x64.Deploy.0 = Debug|x64
		{E68DBF90-0652-4F79-A24F-9D982C78ED3F}.Debug|x86.ActiveCfg = Debug|x86
		{E68DBF90-0652-4F79-A24F-9D982C78ED3F}.Debug|x86.Build.0 = Debug|x86
		{E68DBF90-0652-4F79-A24F-9D982C78ED3F}.Debug|x86.Deploy.0 = Debug|x86
		{E68DBF90-0652-4F79-A24F-9D982C78ED3F}.Release|Any CPU.ActiveCfg = Release|x86
		{E68DBF90-0652-4F79-A24F-9D982C78ED3F}.Release|ARM.ActiveCfg = Release|x86
		{E68DBF90-0652-4F79-A24F-9D982C78ED3F}.Release|ARM64.ActiveCfg = Release|arm64
		{E68DBF90-0652-4F79-A24F-9D982C78ED3F}.Release|ARM64.Build.0 = Release|arm64
		{E68DBF90-0652-4F79-A24F-9D982C78ED3F}.Release|ARM64.Deploy.0 = Release|arm64
		{E68DBF90-0652-4F79-A24F-9D982C78ED3F}.Release|iPhone.ActiveCfg = Release|x86
		{E68DBF90-0652-4F79-A24F-9D982C78ED3F}.Release|iPhoneSimulator.ActiveCfg = Release|x86
		{E68DBF90-0652-4F79-A24F-9D982C78ED3F}.Release|x64.ActiveCfg = Release|x64
		{E68DBF90-0652-4F79-A24F-9D982C78ED3F}.Release|x64.Build.0 = Release|x64
		{E68DBF90-0652-4F79-A24F-9D982C78ED3F}.Release|x64.Deploy.0 = Release|x64
		{E68DBF90-0652-4F79-A24F-9D982C78ED3F}.Release|x86.ActiveCfg = Release|x86
		{E68DBF90-0652-4F79-A24F-9D982C78ED3F}.Release|x86.Build.0 = Release|x86
		{E68DBF90-0652-4F79-A24F-9D982C78ED3F}.Release|x86.Deploy.0 = Release|x86
		{A79BDB62-C201-44C9-A821-6B4BCD427D2E}.Ad-Hoc|Any CPU.ActiveCfg = Debug|Any CPU
		{A79BDB62-C201-44C9-A821-6B4BCD427D2E}.Ad-Hoc|Any CPU.Build.0 = Debug|Any CPU
		{A79BDB62-C201-44C9-A821-6B4BCD427D2E}.Ad-Hoc|Any CPU.Deploy.0 = Debug|Any CPU
		{A79BDB62-C201-44C9-A821-6B4BCD427D2E}.Ad-Hoc|ARM.ActiveCfg = Debug|Any CPU
		{A79BDB62-C201-44C9-A821-6B4BCD427D2E}.Ad-Hoc|ARM.Build.0 = Debug|Any CPU
		{A79BDB62-C201-44C9-A821-6B4BCD427D2E}.Ad-Hoc|ARM.Deploy.0 = Debug|Any CPU
		{A79BDB62-C201-44C9-A821-6B4BCD427D2E}.Ad-Hoc|ARM64.ActiveCfg = Debug|Any CPU
		{A79BDB62-C201-44C9-A821-6B4BCD427D2E}.Ad-Hoc|ARM64.Build.0 = Debug|Any CPU
		{A79BDB62-C201-44C9-A821-6B4BCD427D2E}.Ad-Hoc|ARM64.Deploy.0 = Debug|Any CPU
		{A79BDB62-C201-44C9-A821-6B4BCD427D2E}.Ad-Hoc|iPhone.ActiveCfg = Debug|Any CPU
		{A79BDB62-C201-44C9-A821-6B4BCD427D2E}.Ad-Hoc|iPhone.Build.0 = Debug|Any CPU
		{A79BDB62-C201-44C9-A821-6B4BCD427D2E}.Ad-Hoc|iPhone.Deploy.0 = Debug|Any CPU
		{A79BDB62-C201-44C9-A821-6B4BCD427D2E}.Ad-Hoc|iPhoneSimulator.ActiveCfg = Debug|Any CPU
		{A79BDB62-C201-44C9-A821-6B4BCD427D2E}.Ad-Hoc|iPhoneSimulator.Build.0 = Debug|Any CPU
		{A79BDB62-C201-44C9-A821-6B4BCD427D2E}.Ad-Hoc|iPhoneSimulator.Deploy.0 = Debug|Any CPU
		{A79BDB62-C201-44C9-A821-6B4BCD427D2E}.Ad-Hoc|x64.ActiveCfg = Debug|Any CPU
		{A79BDB62-C201-44C9-A821-6B4BCD427D2E}.Ad-Hoc|x64.Build.0 = Debug|Any CPU
		{A79BDB62-C201-44C9-A821-6B4BCD427D2E}.Ad-Hoc|x64.Deploy.0 = Debug|Any CPU
		{A79BDB62-C201-44C9-A821-6B4BCD427D2E}.Ad-Hoc|x86.ActiveCfg = Debug|Any CPU
		{A79BDB62-C201-44C9-A821-6B4BCD427D2E}.Ad-Hoc|x86.Build.0 = Debug|Any CPU
		{A79BDB62-C201-44C9-A821-6B4BCD427D2E}.Ad-Hoc|x86.Deploy.0 = Debug|Any CPU
		{A79BDB62-C201-44C9-A821-6B4BCD427D2E}.AppStore|Any CPU.ActiveCfg = Debug|Any CPU
		{A79BDB62-C201-44C9-A821-6B4BCD427D2E}.AppStore|Any CPU.Build.0 = Debug|Any CPU
		{A79BDB62-C201-44C9-A821-6B4BCD427D2E}.AppStore|Any CPU.Deploy.0 = Debug|Any CPU
		{A79BDB62-C201-44C9-A821-6B4BCD427D2E}.AppStore|ARM.ActiveCfg = Debug|Any CPU
		{A79BDB62-C201-44C9-A821-6B4BCD427D2E}.AppStore|ARM.Build.0 = Debug|Any CPU
		{A79BDB62-C201-44C9-A821-6B4BCD427D2E}.AppStore|ARM.Deploy.0 = Debug|Any CPU
		{A79BDB62-C201-44C9-A821-6B4BCD427D2E}.AppStore|ARM64.ActiveCfg = Debug|Any CPU
		{A79BDB62-C201-44C9-A821-6B4BCD427D2E}.AppStore|ARM64.Build.0 = Debug|Any CPU
		{A79BDB62-C201-44C9-A821-6B4BCD427D2E}.AppStore|ARM64.Deploy.0 = Debug|Any CPU
		{A79BDB62-C201-44C9-A821-6B4BCD427D2E}.AppStore|iPhone.ActiveCfg = Debug|Any CPU
		{A79BDB62-C201-44C9-A821-6B4BCD427D2E}.AppStore|iPhone.Build.0 = Debug|Any CPU
		{A79BDB62-C201-44C9-A821-6B4BCD427D2E}.AppStore|iPhone.Deploy.0 = Debug|Any CPU
		{A79BDB62-C201-44C9-A821-6B4BCD427D2E}.AppStore|iPhoneSimulator.ActiveCfg = Debug|Any CPU
		{A79BDB62-C201-44C9-A821-6B4BCD427D2E}.AppStore|iPhoneSimulator.Build.0 = Debug|Any CPU
		{A79BDB62-C201-44C9-A821-6B4BCD427D2E}.AppStore|iPhoneSimulator.Deploy.0 = Debug|Any CPU
		{A79BDB62-C201-44C9-A821-6B4BCD427D2E}.AppStore|x64.ActiveCfg = Debug|Any CPU
		{A79BDB62-C201-44C9-A821-6B4BCD427D2E}.AppStore|x64.Build.0 = Debug|Any CPU
		{A79BDB62-C201-44C9-A821-6B4BCD427D2E}.AppStore|x64.Deploy.0 = Debug|Any CPU
		{A79BDB62-C201-44C9-A821-6B4BCD427D2E}.AppStore|x86.ActiveCfg = Debug|Any CPU
		{A79BDB62-C201-44C9-A821-6B4BCD427D2E}.AppStore|x86.Build.0 = Debug|Any CPU
		{A79BDB62-C201-44C9-A821-6B4BCD427D2E}.AppStore|x86.Deploy.0 = Debug|Any CPU
		{A79BDB62-C201-44C9-A821-6B4BCD427D2E}.Debug|Any CPU.ActiveCfg = Debug|Any CPU
		{A79BDB62-C201-44C9-A821-6B4BCD427D2E}.Debug|Any CPU.Build.0 = Debug|Any CPU
		{A79BDB62-C201-44C9-A821-6B4BCD427D2E}.Debug|Any CPU.Deploy.0 = Debug|Any CPU
		{A79BDB62-C201-44C9-A821-6B4BCD427D2E}.Debug|ARM.ActiveCfg = Debug|Any CPU
		{A79BDB62-C201-44C9-A821-6B4BCD427D2E}.Debug|ARM.Build.0 = Debug|Any CPU
		{A79BDB62-C201-44C9-A821-6B4BCD427D2E}.Debug|ARM.Deploy.0 = Debug|Any CPU
		{A79BDB62-C201-44C9-A821-6B4BCD427D2E}.Debug|ARM64.ActiveCfg = Debug|Any CPU
		{A79BDB62-C201-44C9-A821-6B4BCD427D2E}.Debug|ARM64.Build.0 = Debug|Any CPU
		{A79BDB62-C201-44C9-A821-6B4BCD427D2E}.Debug|ARM64.Deploy.0 = Debug|Any CPU
		{A79BDB62-C201-44C9-A821-6B4BCD427D2E}.Debug|iPhone.ActiveCfg = Debug|Any CPU
		{A79BDB62-C201-44C9-A821-6B4BCD427D2E}.Debug|iPhone.Build.0 = Debug|Any CPU
		{A79BDB62-C201-44C9-A821-6B4BCD427D2E}.Debug|iPhone.Deploy.0 = Debug|Any CPU
		{A79BDB62-C201-44C9-A821-6B4BCD427D2E}.Debug|iPhoneSimulator.ActiveCfg = Debug|Any CPU
		{A79BDB62-C201-44C9-A821-6B4BCD427D2E}.Debug|iPhoneSimulator.Build.0 = Debug|Any CPU
		{A79BDB62-C201-44C9-A821-6B4BCD427D2E}.Debug|iPhoneSimulator.Deploy.0 = Debug|Any CPU
		{A79BDB62-C201-44C9-A821-6B4BCD427D2E}.Debug|x64.ActiveCfg = Debug|Any CPU
		{A79BDB62-C201-44C9-A821-6B4BCD427D2E}.Debug|x64.Build.0 = Debug|Any CPU
		{A79BDB62-C201-44C9-A821-6B4BCD427D2E}.Debug|x64.Deploy.0 = Debug|Any CPU
		{A79BDB62-C201-44C9-A821-6B4BCD427D2E}.Debug|x86.ActiveCfg = Debug|Any CPU
		{A79BDB62-C201-44C9-A821-6B4BCD427D2E}.Debug|x86.Build.0 = Debug|Any CPU
		{A79BDB62-C201-44C9-A821-6B4BCD427D2E}.Debug|x86.Deploy.0 = Debug|Any CPU
		{A79BDB62-C201-44C9-A821-6B4BCD427D2E}.Release|Any CPU.ActiveCfg = Release|Any CPU
		{A79BDB62-C201-44C9-A821-6B4BCD427D2E}.Release|Any CPU.Build.0 = Release|Any CPU
		{A79BDB62-C201-44C9-A821-6B4BCD427D2E}.Release|Any CPU.Deploy.0 = Release|Any CPU
		{A79BDB62-C201-44C9-A821-6B4BCD427D2E}.Release|ARM.ActiveCfg = Release|Any CPU
		{A79BDB62-C201-44C9-A821-6B4BCD427D2E}.Release|ARM.Build.0 = Release|Any CPU
		{A79BDB62-C201-44C9-A821-6B4BCD427D2E}.Release|ARM.Deploy.0 = Release|Any CPU
		{A79BDB62-C201-44C9-A821-6B4BCD427D2E}.Release|ARM64.ActiveCfg = Release|Any CPU
		{A79BDB62-C201-44C9-A821-6B4BCD427D2E}.Release|ARM64.Build.0 = Release|Any CPU
		{A79BDB62-C201-44C9-A821-6B4BCD427D2E}.Release|ARM64.Deploy.0 = Release|Any CPU
		{A79BDB62-C201-44C9-A821-6B4BCD427D2E}.Release|iPhone.ActiveCfg = Release|Any CPU
		{A79BDB62-C201-44C9-A821-6B4BCD427D2E}.Release|iPhone.Build.0 = Release|Any CPU
		{A79BDB62-C201-44C9-A821-6B4BCD427D2E}.Release|iPhone.Deploy.0 = Release|Any CPU
		{A79BDB62-C201-44C9-A821-6B4BCD427D2E}.Release|iPhoneSimulator.ActiveCfg = Release|Any CPU
		{A79BDB62-C201-44C9-A821-6B4BCD427D2E}.Release|iPhoneSimulator.Build.0 = Release|Any CPU
		{A79BDB62-C201-44C9-A821-6B4BCD427D2E}.Release|iPhoneSimulator.Deploy.0 = Release|Any CPU
		{A79BDB62-C201-44C9-A821-6B4BCD427D2E}.Release|x64.ActiveCfg = Release|Any CPU
		{A79BDB62-C201-44C9-A821-6B4BCD427D2E}.Release|x64.Build.0 = Release|Any CPU
		{A79BDB62-C201-44C9-A821-6B4BCD427D2E}.Release|x64.Deploy.0 = Release|Any CPU
		{A79BDB62-C201-44C9-A821-6B4BCD427D2E}.Release|x86.ActiveCfg = Release|Any CPU
		{A79BDB62-C201-44C9-A821-6B4BCD427D2E}.Release|x86.Build.0 = Release|Any CPU
		{A79BDB62-C201-44C9-A821-6B4BCD427D2E}.Release|x86.Deploy.0 = Release|Any CPU
		{A455D1DF-7FD6-46A8-A59F-B03F79C93FEA}.Ad-Hoc|Any CPU.ActiveCfg = Ad-Hoc|iPhoneSimulator
		{A455D1DF-7FD6-46A8-A59F-B03F79C93FEA}.Ad-Hoc|ARM.ActiveCfg = Ad-Hoc|iPhoneSimulator
		{A455D1DF-7FD6-46A8-A59F-B03F79C93FEA}.Ad-Hoc|ARM64.ActiveCfg = Ad-Hoc|iPhoneSimulator
		{A455D1DF-7FD6-46A8-A59F-B03F79C93FEA}.Ad-Hoc|iPhone.ActiveCfg = Ad-Hoc|iPhone
		{A455D1DF-7FD6-46A8-A59F-B03F79C93FEA}.Ad-Hoc|iPhone.Build.0 = Ad-Hoc|iPhone
		{A455D1DF-7FD6-46A8-A59F-B03F79C93FEA}.Ad-Hoc|iPhoneSimulator.ActiveCfg = Ad-Hoc|iPhoneSimulator
		{A455D1DF-7FD6-46A8-A59F-B03F79C93FEA}.Ad-Hoc|iPhoneSimulator.Build.0 = Ad-Hoc|iPhoneSimulator
		{A455D1DF-7FD6-46A8-A59F-B03F79C93FEA}.Ad-Hoc|x64.ActiveCfg = Ad-Hoc|iPhoneSimulator
		{A455D1DF-7FD6-46A8-A59F-B03F79C93FEA}.Ad-Hoc|x86.ActiveCfg = Ad-Hoc|iPhoneSimulator
		{A455D1DF-7FD6-46A8-A59F-B03F79C93FEA}.AppStore|Any CPU.ActiveCfg = AppStore|iPhoneSimulator
		{A455D1DF-7FD6-46A8-A59F-B03F79C93FEA}.AppStore|ARM.ActiveCfg = AppStore|iPhoneSimulator
		{A455D1DF-7FD6-46A8-A59F-B03F79C93FEA}.AppStore|ARM64.ActiveCfg = AppStore|iPhoneSimulator
		{A455D1DF-7FD6-46A8-A59F-B03F79C93FEA}.AppStore|iPhone.ActiveCfg = AppStore|iPhone
		{A455D1DF-7FD6-46A8-A59F-B03F79C93FEA}.AppStore|iPhone.Build.0 = AppStore|iPhone
		{A455D1DF-7FD6-46A8-A59F-B03F79C93FEA}.AppStore|iPhoneSimulator.ActiveCfg = AppStore|iPhoneSimulator
		{A455D1DF-7FD6-46A8-A59F-B03F79C93FEA}.AppStore|iPhoneSimulator.Build.0 = AppStore|iPhoneSimulator
		{A455D1DF-7FD6-46A8-A59F-B03F79C93FEA}.AppStore|x64.ActiveCfg = AppStore|iPhoneSimulator
		{A455D1DF-7FD6-46A8-A59F-B03F79C93FEA}.AppStore|x86.ActiveCfg = AppStore|iPhoneSimulator
		{A455D1DF-7FD6-46A8-A59F-B03F79C93FEA}.Debug|Any CPU.ActiveCfg = Debug|iPhoneSimulator
		{A455D1DF-7FD6-46A8-A59F-B03F79C93FEA}.Debug|ARM.ActiveCfg = Debug|iPhoneSimulator
		{A455D1DF-7FD6-46A8-A59F-B03F79C93FEA}.Debug|ARM64.ActiveCfg = Debug|iPhoneSimulator
		{A455D1DF-7FD6-46A8-A59F-B03F79C93FEA}.Debug|iPhone.ActiveCfg = Debug|iPhone
		{A455D1DF-7FD6-46A8-A59F-B03F79C93FEA}.Debug|iPhone.Build.0 = Debug|iPhone
		{A455D1DF-7FD6-46A8-A59F-B03F79C93FEA}.Debug|iPhoneSimulator.ActiveCfg = Debug|iPhoneSimulator
		{A455D1DF-7FD6-46A8-A59F-B03F79C93FEA}.Debug|iPhoneSimulator.Build.0 = Debug|iPhoneSimulator
		{A455D1DF-7FD6-46A8-A59F-B03F79C93FEA}.Debug|x64.ActiveCfg = Debug|iPhoneSimulator
		{A455D1DF-7FD6-46A8-A59F-B03F79C93FEA}.Debug|x86.ActiveCfg = Debug|iPhoneSimulator
		{A455D1DF-7FD6-46A8-A59F-B03F79C93FEA}.Release|Any CPU.ActiveCfg = Release|iPhoneSimulator
		{A455D1DF-7FD6-46A8-A59F-B03F79C93FEA}.Release|ARM.ActiveCfg = Release|iPhoneSimulator
		{A455D1DF-7FD6-46A8-A59F-B03F79C93FEA}.Release|ARM64.ActiveCfg = Release|iPhoneSimulator
		{A455D1DF-7FD6-46A8-A59F-B03F79C93FEA}.Release|iPhone.ActiveCfg = Release|iPhone
		{A455D1DF-7FD6-46A8-A59F-B03F79C93FEA}.Release|iPhone.Build.0 = Release|iPhone
		{A455D1DF-7FD6-46A8-A59F-B03F79C93FEA}.Release|iPhoneSimulator.ActiveCfg = Release|iPhoneSimulator
		{A455D1DF-7FD6-46A8-A59F-B03F79C93FEA}.Release|iPhoneSimulator.Build.0 = Release|iPhoneSimulator
		{A455D1DF-7FD6-46A8-A59F-B03F79C93FEA}.Release|x64.ActiveCfg = Release|iPhoneSimulator
		{A455D1DF-7FD6-46A8-A59F-B03F79C93FEA}.Release|x86.ActiveCfg = Release|iPhoneSimulator
		{DEE1A891-A200-4CD2-B82A-2F52C2728426}.Ad-Hoc|Any CPU.ActiveCfg = Debug|iPhoneSimulator
		{DEE1A891-A200-4CD2-B82A-2F52C2728426}.Ad-Hoc|Any CPU.Build.0 = Debug|iPhoneSimulator
		{DEE1A891-A200-4CD2-B82A-2F52C2728426}.Ad-Hoc|ARM.ActiveCfg = Debug|iPhoneSimulator
		{DEE1A891-A200-4CD2-B82A-2F52C2728426}.Ad-Hoc|ARM.Build.0 = Debug|iPhoneSimulator
		{DEE1A891-A200-4CD2-B82A-2F52C2728426}.Ad-Hoc|ARM64.ActiveCfg = Debug|iPhoneSimulator
		{DEE1A891-A200-4CD2-B82A-2F52C2728426}.Ad-Hoc|ARM64.Build.0 = Debug|iPhoneSimulator
		{DEE1A891-A200-4CD2-B82A-2F52C2728426}.Ad-Hoc|iPhone.ActiveCfg = Debug|iPhoneSimulator
		{DEE1A891-A200-4CD2-B82A-2F52C2728426}.Ad-Hoc|iPhone.Build.0 = Debug|iPhoneSimulator
		{DEE1A891-A200-4CD2-B82A-2F52C2728426}.Ad-Hoc|iPhoneSimulator.ActiveCfg = Debug|iPhoneSimulator
		{DEE1A891-A200-4CD2-B82A-2F52C2728426}.Ad-Hoc|iPhoneSimulator.Build.0 = Debug|iPhoneSimulator
		{DEE1A891-A200-4CD2-B82A-2F52C2728426}.Ad-Hoc|x64.ActiveCfg = Debug|iPhoneSimulator
		{DEE1A891-A200-4CD2-B82A-2F52C2728426}.Ad-Hoc|x64.Build.0 = Debug|iPhoneSimulator
		{DEE1A891-A200-4CD2-B82A-2F52C2728426}.Ad-Hoc|x86.ActiveCfg = Debug|iPhoneSimulator
		{DEE1A891-A200-4CD2-B82A-2F52C2728426}.Ad-Hoc|x86.Build.0 = Debug|iPhoneSimulator
		{DEE1A891-A200-4CD2-B82A-2F52C2728426}.AppStore|Any CPU.ActiveCfg = Debug|iPhoneSimulator
		{DEE1A891-A200-4CD2-B82A-2F52C2728426}.AppStore|Any CPU.Build.0 = Debug|iPhoneSimulator
		{DEE1A891-A200-4CD2-B82A-2F52C2728426}.AppStore|ARM.ActiveCfg = Debug|iPhoneSimulator
		{DEE1A891-A200-4CD2-B82A-2F52C2728426}.AppStore|ARM.Build.0 = Debug|iPhoneSimulator
		{DEE1A891-A200-4CD2-B82A-2F52C2728426}.AppStore|ARM64.ActiveCfg = Debug|iPhoneSimulator
		{DEE1A891-A200-4CD2-B82A-2F52C2728426}.AppStore|ARM64.Build.0 = Debug|iPhoneSimulator
		{DEE1A891-A200-4CD2-B82A-2F52C2728426}.AppStore|iPhone.ActiveCfg = Debug|iPhoneSimulator
		{DEE1A891-A200-4CD2-B82A-2F52C2728426}.AppStore|iPhone.Build.0 = Debug|iPhoneSimulator
		{DEE1A891-A200-4CD2-B82A-2F52C2728426}.AppStore|iPhoneSimulator.ActiveCfg = Debug|iPhoneSimulator
		{DEE1A891-A200-4CD2-B82A-2F52C2728426}.AppStore|iPhoneSimulator.Build.0 = Debug|iPhoneSimulator
		{DEE1A891-A200-4CD2-B82A-2F52C2728426}.AppStore|x64.ActiveCfg = Debug|iPhoneSimulator
		{DEE1A891-A200-4CD2-B82A-2F52C2728426}.AppStore|x64.Build.0 = Debug|iPhoneSimulator
		{DEE1A891-A200-4CD2-B82A-2F52C2728426}.AppStore|x86.ActiveCfg = Debug|iPhoneSimulator
		{DEE1A891-A200-4CD2-B82A-2F52C2728426}.AppStore|x86.Build.0 = Debug|iPhoneSimulator
		{DEE1A891-A200-4CD2-B82A-2F52C2728426}.Debug|Any CPU.ActiveCfg = Debug|iPhoneSimulator
		{DEE1A891-A200-4CD2-B82A-2F52C2728426}.Debug|ARM.ActiveCfg = Debug|iPhoneSimulator
		{DEE1A891-A200-4CD2-B82A-2F52C2728426}.Debug|ARM64.ActiveCfg = Debug|iPhoneSimulator
		{DEE1A891-A200-4CD2-B82A-2F52C2728426}.Debug|iPhone.ActiveCfg = Debug|iPhoneSimulator
		{DEE1A891-A200-4CD2-B82A-2F52C2728426}.Debug|iPhoneSimulator.ActiveCfg = Debug|iPhoneSimulator
		{DEE1A891-A200-4CD2-B82A-2F52C2728426}.Debug|iPhoneSimulator.Build.0 = Debug|iPhoneSimulator
		{DEE1A891-A200-4CD2-B82A-2F52C2728426}.Debug|x64.ActiveCfg = Debug|iPhoneSimulator
		{DEE1A891-A200-4CD2-B82A-2F52C2728426}.Debug|x86.ActiveCfg = Debug|iPhoneSimulator
		{DEE1A891-A200-4CD2-B82A-2F52C2728426}.Release|Any CPU.ActiveCfg = Release|iPhoneSimulator
		{DEE1A891-A200-4CD2-B82A-2F52C2728426}.Release|ARM.ActiveCfg = Release|iPhoneSimulator
		{DEE1A891-A200-4CD2-B82A-2F52C2728426}.Release|ARM64.ActiveCfg = Release|iPhoneSimulator
		{DEE1A891-A200-4CD2-B82A-2F52C2728426}.Release|iPhone.ActiveCfg = Release|iPhoneSimulator
		{DEE1A891-A200-4CD2-B82A-2F52C2728426}.Release|iPhoneSimulator.ActiveCfg = Release|iPhoneSimulator
		{DEE1A891-A200-4CD2-B82A-2F52C2728426}.Release|iPhoneSimulator.Build.0 = Release|iPhoneSimulator
		{DEE1A891-A200-4CD2-B82A-2F52C2728426}.Release|x64.ActiveCfg = Release|iPhoneSimulator
		{DEE1A891-A200-4CD2-B82A-2F52C2728426}.Release|x86.ActiveCfg = Release|iPhoneSimulator
		{7C60FEE3-4085-4E67-80ED-D050F5CBACAD}.Ad-Hoc|Any CPU.ActiveCfg = Debug|Any CPU
		{7C60FEE3-4085-4E67-80ED-D050F5CBACAD}.Ad-Hoc|Any CPU.Build.0 = Debug|Any CPU
		{7C60FEE3-4085-4E67-80ED-D050F5CBACAD}.Ad-Hoc|ARM.ActiveCfg = Debug|Any CPU
		{7C60FEE3-4085-4E67-80ED-D050F5CBACAD}.Ad-Hoc|ARM.Build.0 = Debug|Any CPU
		{7C60FEE3-4085-4E67-80ED-D050F5CBACAD}.Ad-Hoc|ARM64.ActiveCfg = Debug|Any CPU
		{7C60FEE3-4085-4E67-80ED-D050F5CBACAD}.Ad-Hoc|ARM64.Build.0 = Debug|Any CPU
		{7C60FEE3-4085-4E67-80ED-D050F5CBACAD}.Ad-Hoc|iPhone.ActiveCfg = Debug|Any CPU
		{7C60FEE3-4085-4E67-80ED-D050F5CBACAD}.Ad-Hoc|iPhone.Build.0 = Debug|Any CPU
		{7C60FEE3-4085-4E67-80ED-D050F5CBACAD}.Ad-Hoc|iPhoneSimulator.ActiveCfg = Debug|Any CPU
		{7C60FEE3-4085-4E67-80ED-D050F5CBACAD}.Ad-Hoc|iPhoneSimulator.Build.0 = Debug|Any CPU
		{7C60FEE3-4085-4E67-80ED-D050F5CBACAD}.Ad-Hoc|x64.ActiveCfg = Debug|Any CPU
		{7C60FEE3-4085-4E67-80ED-D050F5CBACAD}.Ad-Hoc|x64.Build.0 = Debug|Any CPU
		{7C60FEE3-4085-4E67-80ED-D050F5CBACAD}.Ad-Hoc|x86.ActiveCfg = Debug|Any CPU
		{7C60FEE3-4085-4E67-80ED-D050F5CBACAD}.Ad-Hoc|x86.Build.0 = Debug|Any CPU
		{7C60FEE3-4085-4E67-80ED-D050F5CBACAD}.AppStore|Any CPU.ActiveCfg = Debug|Any CPU
		{7C60FEE3-4085-4E67-80ED-D050F5CBACAD}.AppStore|Any CPU.Build.0 = Debug|Any CPU
		{7C60FEE3-4085-4E67-80ED-D050F5CBACAD}.AppStore|ARM.ActiveCfg = Debug|Any CPU
		{7C60FEE3-4085-4E67-80ED-D050F5CBACAD}.AppStore|ARM.Build.0 = Debug|Any CPU
		{7C60FEE3-4085-4E67-80ED-D050F5CBACAD}.AppStore|ARM64.ActiveCfg = Debug|Any CPU
		{7C60FEE3-4085-4E67-80ED-D050F5CBACAD}.AppStore|ARM64.Build.0 = Debug|Any CPU
		{7C60FEE3-4085-4E67-80ED-D050F5CBACAD}.AppStore|iPhone.ActiveCfg = Debug|Any CPU
		{7C60FEE3-4085-4E67-80ED-D050F5CBACAD}.AppStore|iPhone.Build.0 = Debug|Any CPU
		{7C60FEE3-4085-4E67-80ED-D050F5CBACAD}.AppStore|iPhoneSimulator.ActiveCfg = Debug|Any CPU
		{7C60FEE3-4085-4E67-80ED-D050F5CBACAD}.AppStore|iPhoneSimulator.Build.0 = Debug|Any CPU
		{7C60FEE3-4085-4E67-80ED-D050F5CBACAD}.AppStore|x64.ActiveCfg = Debug|Any CPU
		{7C60FEE3-4085-4E67-80ED-D050F5CBACAD}.AppStore|x64.Build.0 = Debug|Any CPU
		{7C60FEE3-4085-4E67-80ED-D050F5CBACAD}.AppStore|x86.ActiveCfg = Debug|Any CPU
		{7C60FEE3-4085-4E67-80ED-D050F5CBACAD}.AppStore|x86.Build.0 = Debug|Any CPU
		{7C60FEE3-4085-4E67-80ED-D050F5CBACAD}.Debug|Any CPU.ActiveCfg = Debug|Any CPU
		{7C60FEE3-4085-4E67-80ED-D050F5CBACAD}.Debug|Any CPU.Build.0 = Debug|Any CPU
		{7C60FEE3-4085-4E67-80ED-D050F5CBACAD}.Debug|ARM.ActiveCfg = Debug|Any CPU
		{7C60FEE3-4085-4E67-80ED-D050F5CBACAD}.Debug|ARM.Build.0 = Debug|Any CPU
		{7C60FEE3-4085-4E67-80ED-D050F5CBACAD}.Debug|ARM64.ActiveCfg = Debug|Any CPU
		{7C60FEE3-4085-4E67-80ED-D050F5CBACAD}.Debug|ARM64.Build.0 = Debug|Any CPU
		{7C60FEE3-4085-4E67-80ED-D050F5CBACAD}.Debug|iPhone.ActiveCfg = Debug|Any CPU
		{7C60FEE3-4085-4E67-80ED-D050F5CBACAD}.Debug|iPhone.Build.0 = Debug|Any CPU
		{7C60FEE3-4085-4E67-80ED-D050F5CBACAD}.Debug|iPhoneSimulator.ActiveCfg = Debug|Any CPU
		{7C60FEE3-4085-4E67-80ED-D050F5CBACAD}.Debug|iPhoneSimulator.Build.0 = Debug|Any CPU
		{7C60FEE3-4085-4E67-80ED-D050F5CBACAD}.Debug|x64.ActiveCfg = Debug|Any CPU
		{7C60FEE3-4085-4E67-80ED-D050F5CBACAD}.Debug|x64.Build.0 = Debug|Any CPU
		{7C60FEE3-4085-4E67-80ED-D050F5CBACAD}.Debug|x86.ActiveCfg = Debug|Any CPU
		{7C60FEE3-4085-4E67-80ED-D050F5CBACAD}.Debug|x86.Build.0 = Debug|Any CPU
		{7C60FEE3-4085-4E67-80ED-D050F5CBACAD}.Release|Any CPU.ActiveCfg = Release|Any CPU
		{7C60FEE3-4085-4E67-80ED-D050F5CBACAD}.Release|Any CPU.Build.0 = Release|Any CPU
		{7C60FEE3-4085-4E67-80ED-D050F5CBACAD}.Release|ARM.ActiveCfg = Release|Any CPU
		{7C60FEE3-4085-4E67-80ED-D050F5CBACAD}.Release|ARM.Build.0 = Release|Any CPU
		{7C60FEE3-4085-4E67-80ED-D050F5CBACAD}.Release|ARM64.ActiveCfg = Release|Any CPU
		{7C60FEE3-4085-4E67-80ED-D050F5CBACAD}.Release|ARM64.Build.0 = Release|Any CPU
		{7C60FEE3-4085-4E67-80ED-D050F5CBACAD}.Release|iPhone.ActiveCfg = Release|Any CPU
		{7C60FEE3-4085-4E67-80ED-D050F5CBACAD}.Release|iPhone.Build.0 = Release|Any CPU
		{7C60FEE3-4085-4E67-80ED-D050F5CBACAD}.Release|iPhoneSimulator.ActiveCfg = Release|Any CPU
		{7C60FEE3-4085-4E67-80ED-D050F5CBACAD}.Release|iPhoneSimulator.Build.0 = Release|Any CPU
		{7C60FEE3-4085-4E67-80ED-D050F5CBACAD}.Release|x64.ActiveCfg = Release|Any CPU
		{7C60FEE3-4085-4E67-80ED-D050F5CBACAD}.Release|x64.Build.0 = Release|Any CPU
		{7C60FEE3-4085-4E67-80ED-D050F5CBACAD}.Release|x86.ActiveCfg = Release|Any CPU
		{7C60FEE3-4085-4E67-80ED-D050F5CBACAD}.Release|x86.Build.0 = Release|Any CPU
		{30CA9DC0-58D8-4661-819F-073F0194BFA2}.Ad-Hoc|Any CPU.ActiveCfg = Debug|Any CPU
		{30CA9DC0-58D8-4661-819F-073F0194BFA2}.Ad-Hoc|Any CPU.Build.0 = Debug|Any CPU
		{30CA9DC0-58D8-4661-819F-073F0194BFA2}.Ad-Hoc|ARM.ActiveCfg = Debug|Any CPU
		{30CA9DC0-58D8-4661-819F-073F0194BFA2}.Ad-Hoc|ARM.Build.0 = Debug|Any CPU
		{30CA9DC0-58D8-4661-819F-073F0194BFA2}.Ad-Hoc|ARM64.ActiveCfg = Debug|Any CPU
		{30CA9DC0-58D8-4661-819F-073F0194BFA2}.Ad-Hoc|ARM64.Build.0 = Debug|Any CPU
		{30CA9DC0-58D8-4661-819F-073F0194BFA2}.Ad-Hoc|iPhone.ActiveCfg = Debug|Any CPU
		{30CA9DC0-58D8-4661-819F-073F0194BFA2}.Ad-Hoc|iPhone.Build.0 = Debug|Any CPU
		{30CA9DC0-58D8-4661-819F-073F0194BFA2}.Ad-Hoc|iPhoneSimulator.ActiveCfg = Debug|Any CPU
		{30CA9DC0-58D8-4661-819F-073F0194BFA2}.Ad-Hoc|iPhoneSimulator.Build.0 = Debug|Any CPU
		{30CA9DC0-58D8-4661-819F-073F0194BFA2}.Ad-Hoc|x64.ActiveCfg = Debug|Any CPU
		{30CA9DC0-58D8-4661-819F-073F0194BFA2}.Ad-Hoc|x64.Build.0 = Debug|Any CPU
		{30CA9DC0-58D8-4661-819F-073F0194BFA2}.Ad-Hoc|x86.ActiveCfg = Debug|Any CPU
		{30CA9DC0-58D8-4661-819F-073F0194BFA2}.Ad-Hoc|x86.Build.0 = Debug|Any CPU
		{30CA9DC0-58D8-4661-819F-073F0194BFA2}.AppStore|Any CPU.ActiveCfg = Debug|Any CPU
		{30CA9DC0-58D8-4661-819F-073F0194BFA2}.AppStore|Any CPU.Build.0 = Debug|Any CPU
		{30CA9DC0-58D8-4661-819F-073F0194BFA2}.AppStore|ARM.ActiveCfg = Debug|Any CPU
		{30CA9DC0-58D8-4661-819F-073F0194BFA2}.AppStore|ARM.Build.0 = Debug|Any CPU
		{30CA9DC0-58D8-4661-819F-073F0194BFA2}.AppStore|ARM64.ActiveCfg = Debug|Any CPU
		{30CA9DC0-58D8-4661-819F-073F0194BFA2}.AppStore|ARM64.Build.0 = Debug|Any CPU
		{30CA9DC0-58D8-4661-819F-073F0194BFA2}.AppStore|iPhone.ActiveCfg = Debug|Any CPU
		{30CA9DC0-58D8-4661-819F-073F0194BFA2}.AppStore|iPhone.Build.0 = Debug|Any CPU
		{30CA9DC0-58D8-4661-819F-073F0194BFA2}.AppStore|iPhoneSimulator.ActiveCfg = Debug|Any CPU
		{30CA9DC0-58D8-4661-819F-073F0194BFA2}.AppStore|iPhoneSimulator.Build.0 = Debug|Any CPU
		{30CA9DC0-58D8-4661-819F-073F0194BFA2}.AppStore|x64.ActiveCfg = Debug|Any CPU
		{30CA9DC0-58D8-4661-819F-073F0194BFA2}.AppStore|x64.Build.0 = Debug|Any CPU
		{30CA9DC0-58D8-4661-819F-073F0194BFA2}.AppStore|x86.ActiveCfg = Debug|Any CPU
		{30CA9DC0-58D8-4661-819F-073F0194BFA2}.AppStore|x86.Build.0 = Debug|Any CPU
		{30CA9DC0-58D8-4661-819F-073F0194BFA2}.Debug|Any CPU.ActiveCfg = Debug|Any CPU
		{30CA9DC0-58D8-4661-819F-073F0194BFA2}.Debug|Any CPU.Build.0 = Debug|Any CPU
		{30CA9DC0-58D8-4661-819F-073F0194BFA2}.Debug|ARM.ActiveCfg = Debug|Any CPU
		{30CA9DC0-58D8-4661-819F-073F0194BFA2}.Debug|ARM.Build.0 = Debug|Any CPU
		{30CA9DC0-58D8-4661-819F-073F0194BFA2}.Debug|ARM64.ActiveCfg = Debug|Any CPU
		{30CA9DC0-58D8-4661-819F-073F0194BFA2}.Debug|ARM64.Build.0 = Debug|Any CPU
		{30CA9DC0-58D8-4661-819F-073F0194BFA2}.Debug|iPhone.ActiveCfg = Debug|Any CPU
		{30CA9DC0-58D8-4661-819F-073F0194BFA2}.Debug|iPhone.Build.0 = Debug|Any CPU
		{30CA9DC0-58D8-4661-819F-073F0194BFA2}.Debug|iPhoneSimulator.ActiveCfg = Debug|Any CPU
		{30CA9DC0-58D8-4661-819F-073F0194BFA2}.Debug|iPhoneSimulator.Build.0 = Debug|Any CPU
		{30CA9DC0-58D8-4661-819F-073F0194BFA2}.Debug|x64.ActiveCfg = Debug|Any CPU
		{30CA9DC0-58D8-4661-819F-073F0194BFA2}.Debug|x64.Build.0 = Debug|Any CPU
		{30CA9DC0-58D8-4661-819F-073F0194BFA2}.Debug|x86.ActiveCfg = Debug|Any CPU
		{30CA9DC0-58D8-4661-819F-073F0194BFA2}.Debug|x86.Build.0 = Debug|Any CPU
		{30CA9DC0-58D8-4661-819F-073F0194BFA2}.Release|Any CPU.ActiveCfg = Release|Any CPU
		{30CA9DC0-58D8-4661-819F-073F0194BFA2}.Release|Any CPU.Build.0 = Release|Any CPU
		{30CA9DC0-58D8-4661-819F-073F0194BFA2}.Release|ARM.ActiveCfg = Release|Any CPU
		{30CA9DC0-58D8-4661-819F-073F0194BFA2}.Release|ARM.Build.0 = Release|Any CPU
		{30CA9DC0-58D8-4661-819F-073F0194BFA2}.Release|ARM64.ActiveCfg = Release|Any CPU
		{30CA9DC0-58D8-4661-819F-073F0194BFA2}.Release|ARM64.Build.0 = Release|Any CPU
		{30CA9DC0-58D8-4661-819F-073F0194BFA2}.Release|iPhone.ActiveCfg = Release|Any CPU
		{30CA9DC0-58D8-4661-819F-073F0194BFA2}.Release|iPhone.Build.0 = Release|Any CPU
		{30CA9DC0-58D8-4661-819F-073F0194BFA2}.Release|iPhoneSimulator.ActiveCfg = Release|Any CPU
		{30CA9DC0-58D8-4661-819F-073F0194BFA2}.Release|iPhoneSimulator.Build.0 = Release|Any CPU
		{30CA9DC0-58D8-4661-819F-073F0194BFA2}.Release|x64.ActiveCfg = Release|Any CPU
		{30CA9DC0-58D8-4661-819F-073F0194BFA2}.Release|x64.Build.0 = Release|Any CPU
		{30CA9DC0-58D8-4661-819F-073F0194BFA2}.Release|x86.ActiveCfg = Release|Any CPU
		{30CA9DC0-58D8-4661-819F-073F0194BFA2}.Release|x86.Build.0 = Release|Any CPU
		{FD1A48E2-C8D5-420A-B1DD-EA355318FE97}.Ad-Hoc|Any CPU.ActiveCfg = Debug|Any CPU
		{FD1A48E2-C8D5-420A-B1DD-EA355318FE97}.Ad-Hoc|Any CPU.Build.0 = Debug|Any CPU
		{FD1A48E2-C8D5-420A-B1DD-EA355318FE97}.Ad-Hoc|ARM.ActiveCfg = Debug|Any CPU
		{FD1A48E2-C8D5-420A-B1DD-EA355318FE97}.Ad-Hoc|ARM.Build.0 = Debug|Any CPU
		{FD1A48E2-C8D5-420A-B1DD-EA355318FE97}.Ad-Hoc|ARM64.ActiveCfg = Debug|Any CPU
		{FD1A48E2-C8D5-420A-B1DD-EA355318FE97}.Ad-Hoc|ARM64.Build.0 = Debug|Any CPU
		{FD1A48E2-C8D5-420A-B1DD-EA355318FE97}.Ad-Hoc|iPhone.ActiveCfg = Debug|Any CPU
		{FD1A48E2-C8D5-420A-B1DD-EA355318FE97}.Ad-Hoc|iPhone.Build.0 = Debug|Any CPU
		{FD1A48E2-C8D5-420A-B1DD-EA355318FE97}.Ad-Hoc|iPhoneSimulator.ActiveCfg = Debug|Any CPU
		{FD1A48E2-C8D5-420A-B1DD-EA355318FE97}.Ad-Hoc|iPhoneSimulator.Build.0 = Debug|Any CPU
		{FD1A48E2-C8D5-420A-B1DD-EA355318FE97}.Ad-Hoc|x64.ActiveCfg = Debug|Any CPU
		{FD1A48E2-C8D5-420A-B1DD-EA355318FE97}.Ad-Hoc|x64.Build.0 = Debug|Any CPU
		{FD1A48E2-C8D5-420A-B1DD-EA355318FE97}.Ad-Hoc|x86.ActiveCfg = Debug|Any CPU
		{FD1A48E2-C8D5-420A-B1DD-EA355318FE97}.Ad-Hoc|x86.Build.0 = Debug|Any CPU
		{FD1A48E2-C8D5-420A-B1DD-EA355318FE97}.AppStore|Any CPU.ActiveCfg = Debug|Any CPU
		{FD1A48E2-C8D5-420A-B1DD-EA355318FE97}.AppStore|Any CPU.Build.0 = Debug|Any CPU
		{FD1A48E2-C8D5-420A-B1DD-EA355318FE97}.AppStore|ARM.ActiveCfg = Debug|Any CPU
		{FD1A48E2-C8D5-420A-B1DD-EA355318FE97}.AppStore|ARM.Build.0 = Debug|Any CPU
		{FD1A48E2-C8D5-420A-B1DD-EA355318FE97}.AppStore|ARM64.ActiveCfg = Debug|Any CPU
		{FD1A48E2-C8D5-420A-B1DD-EA355318FE97}.AppStore|ARM64.Build.0 = Debug|Any CPU
		{FD1A48E2-C8D5-420A-B1DD-EA355318FE97}.AppStore|iPhone.ActiveCfg = Debug|Any CPU
		{FD1A48E2-C8D5-420A-B1DD-EA355318FE97}.AppStore|iPhone.Build.0 = Debug|Any CPU
		{FD1A48E2-C8D5-420A-B1DD-EA355318FE97}.AppStore|iPhoneSimulator.ActiveCfg = Debug|Any CPU
		{FD1A48E2-C8D5-420A-B1DD-EA355318FE97}.AppStore|iPhoneSimulator.Build.0 = Debug|Any CPU
		{FD1A48E2-C8D5-420A-B1DD-EA355318FE97}.AppStore|x64.ActiveCfg = Debug|Any CPU
		{FD1A48E2-C8D5-420A-B1DD-EA355318FE97}.AppStore|x64.Build.0 = Debug|Any CPU
		{FD1A48E2-C8D5-420A-B1DD-EA355318FE97}.AppStore|x86.ActiveCfg = Debug|Any CPU
		{FD1A48E2-C8D5-420A-B1DD-EA355318FE97}.AppStore|x86.Build.0 = Debug|Any CPU
		{FD1A48E2-C8D5-420A-B1DD-EA355318FE97}.Debug|Any CPU.ActiveCfg = Debug|Any CPU
		{FD1A48E2-C8D5-420A-B1DD-EA355318FE97}.Debug|Any CPU.Build.0 = Debug|Any CPU
		{FD1A48E2-C8D5-420A-B1DD-EA355318FE97}.Debug|ARM.ActiveCfg = Debug|Any CPU
		{FD1A48E2-C8D5-420A-B1DD-EA355318FE97}.Debug|ARM.Build.0 = Debug|Any CPU
		{FD1A48E2-C8D5-420A-B1DD-EA355318FE97}.Debug|ARM64.ActiveCfg = Debug|Any CPU
		{FD1A48E2-C8D5-420A-B1DD-EA355318FE97}.Debug|ARM64.Build.0 = Debug|Any CPU
		{FD1A48E2-C8D5-420A-B1DD-EA355318FE97}.Debug|iPhone.ActiveCfg = Debug|Any CPU
		{FD1A48E2-C8D5-420A-B1DD-EA355318FE97}.Debug|iPhone.Build.0 = Debug|Any CPU
		{FD1A48E2-C8D5-420A-B1DD-EA355318FE97}.Debug|iPhoneSimulator.ActiveCfg = Debug|Any CPU
		{FD1A48E2-C8D5-420A-B1DD-EA355318FE97}.Debug|iPhoneSimulator.Build.0 = Debug|Any CPU
		{FD1A48E2-C8D5-420A-B1DD-EA355318FE97}.Debug|x64.ActiveCfg = Debug|Any CPU
		{FD1A48E2-C8D5-420A-B1DD-EA355318FE97}.Debug|x64.Build.0 = Debug|Any CPU
		{FD1A48E2-C8D5-420A-B1DD-EA355318FE97}.Debug|x86.ActiveCfg = Debug|Any CPU
		{FD1A48E2-C8D5-420A-B1DD-EA355318FE97}.Debug|x86.Build.0 = Debug|Any CPU
		{FD1A48E2-C8D5-420A-B1DD-EA355318FE97}.Release|Any CPU.ActiveCfg = Release|Any CPU
		{FD1A48E2-C8D5-420A-B1DD-EA355318FE97}.Release|Any CPU.Build.0 = Release|Any CPU
		{FD1A48E2-C8D5-420A-B1DD-EA355318FE97}.Release|ARM.ActiveCfg = Release|Any CPU
		{FD1A48E2-C8D5-420A-B1DD-EA355318FE97}.Release|ARM.Build.0 = Release|Any CPU
		{FD1A48E2-C8D5-420A-B1DD-EA355318FE97}.Release|ARM64.ActiveCfg = Release|Any CPU
		{FD1A48E2-C8D5-420A-B1DD-EA355318FE97}.Release|ARM64.Build.0 = Release|Any CPU
		{FD1A48E2-C8D5-420A-B1DD-EA355318FE97}.Release|iPhone.ActiveCfg = Release|Any CPU
		{FD1A48E2-C8D5-420A-B1DD-EA355318FE97}.Release|iPhone.Build.0 = Release|Any CPU
		{FD1A48E2-C8D5-420A-B1DD-EA355318FE97}.Release|iPhoneSimulator.ActiveCfg = Release|Any CPU
		{FD1A48E2-C8D5-420A-B1DD-EA355318FE97}.Release|iPhoneSimulator.Build.0 = Release|Any CPU
		{FD1A48E2-C8D5-420A-B1DD-EA355318FE97}.Release|x64.ActiveCfg = Release|Any CPU
		{FD1A48E2-C8D5-420A-B1DD-EA355318FE97}.Release|x64.Build.0 = Release|Any CPU
		{FD1A48E2-C8D5-420A-B1DD-EA355318FE97}.Release|x86.ActiveCfg = Release|Any CPU
		{FD1A48E2-C8D5-420A-B1DD-EA355318FE97}.Release|x86.Build.0 = Release|Any CPU
		{07468F0A-B95C-4A24-83C9-362DEB68A2E3}.Ad-Hoc|Any CPU.ActiveCfg = Debug|Any CPU
		{07468F0A-B95C-4A24-83C9-362DEB68A2E3}.Ad-Hoc|Any CPU.Build.0 = Debug|Any CPU
		{07468F0A-B95C-4A24-83C9-362DEB68A2E3}.Ad-Hoc|ARM.ActiveCfg = Debug|Any CPU
		{07468F0A-B95C-4A24-83C9-362DEB68A2E3}.Ad-Hoc|ARM.Build.0 = Debug|Any CPU
		{07468F0A-B95C-4A24-83C9-362DEB68A2E3}.Ad-Hoc|ARM64.ActiveCfg = Debug|Any CPU
		{07468F0A-B95C-4A24-83C9-362DEB68A2E3}.Ad-Hoc|ARM64.Build.0 = Debug|Any CPU
		{07468F0A-B95C-4A24-83C9-362DEB68A2E3}.Ad-Hoc|iPhone.ActiveCfg = Debug|Any CPU
		{07468F0A-B95C-4A24-83C9-362DEB68A2E3}.Ad-Hoc|iPhone.Build.0 = Debug|Any CPU
		{07468F0A-B95C-4A24-83C9-362DEB68A2E3}.Ad-Hoc|iPhoneSimulator.ActiveCfg = Debug|Any CPU
		{07468F0A-B95C-4A24-83C9-362DEB68A2E3}.Ad-Hoc|iPhoneSimulator.Build.0 = Debug|Any CPU
		{07468F0A-B95C-4A24-83C9-362DEB68A2E3}.Ad-Hoc|x64.ActiveCfg = Debug|Any CPU
		{07468F0A-B95C-4A24-83C9-362DEB68A2E3}.Ad-Hoc|x64.Build.0 = Debug|Any CPU
		{07468F0A-B95C-4A24-83C9-362DEB68A2E3}.Ad-Hoc|x86.ActiveCfg = Debug|Any CPU
		{07468F0A-B95C-4A24-83C9-362DEB68A2E3}.Ad-Hoc|x86.Build.0 = Debug|Any CPU
		{07468F0A-B95C-4A24-83C9-362DEB68A2E3}.AppStore|Any CPU.ActiveCfg = Debug|Any CPU
		{07468F0A-B95C-4A24-83C9-362DEB68A2E3}.AppStore|Any CPU.Build.0 = Debug|Any CPU
		{07468F0A-B95C-4A24-83C9-362DEB68A2E3}.AppStore|ARM.ActiveCfg = Debug|Any CPU
		{07468F0A-B95C-4A24-83C9-362DEB68A2E3}.AppStore|ARM.Build.0 = Debug|Any CPU
		{07468F0A-B95C-4A24-83C9-362DEB68A2E3}.AppStore|ARM64.ActiveCfg = Debug|Any CPU
		{07468F0A-B95C-4A24-83C9-362DEB68A2E3}.AppStore|ARM64.Build.0 = Debug|Any CPU
		{07468F0A-B95C-4A24-83C9-362DEB68A2E3}.AppStore|iPhone.ActiveCfg = Debug|Any CPU
		{07468F0A-B95C-4A24-83C9-362DEB68A2E3}.AppStore|iPhone.Build.0 = Debug|Any CPU
		{07468F0A-B95C-4A24-83C9-362DEB68A2E3}.AppStore|iPhoneSimulator.ActiveCfg = Debug|Any CPU
		{07468F0A-B95C-4A24-83C9-362DEB68A2E3}.AppStore|iPhoneSimulator.Build.0 = Debug|Any CPU
		{07468F0A-B95C-4A24-83C9-362DEB68A2E3}.AppStore|x64.ActiveCfg = Debug|Any CPU
		{07468F0A-B95C-4A24-83C9-362DEB68A2E3}.AppStore|x64.Build.0 = Debug|Any CPU
		{07468F0A-B95C-4A24-83C9-362DEB68A2E3}.AppStore|x86.ActiveCfg = Debug|Any CPU
		{07468F0A-B95C-4A24-83C9-362DEB68A2E3}.AppStore|x86.Build.0 = Debug|Any CPU
		{07468F0A-B95C-4A24-83C9-362DEB68A2E3}.Debug|Any CPU.ActiveCfg = Debug|Any CPU
		{07468F0A-B95C-4A24-83C9-362DEB68A2E3}.Debug|Any CPU.Build.0 = Debug|Any CPU
		{07468F0A-B95C-4A24-83C9-362DEB68A2E3}.Debug|ARM.ActiveCfg = Debug|Any CPU
		{07468F0A-B95C-4A24-83C9-362DEB68A2E3}.Debug|ARM.Build.0 = Debug|Any CPU
		{07468F0A-B95C-4A24-83C9-362DEB68A2E3}.Debug|ARM64.ActiveCfg = Debug|Any CPU
		{07468F0A-B95C-4A24-83C9-362DEB68A2E3}.Debug|ARM64.Build.0 = Debug|Any CPU
		{07468F0A-B95C-4A24-83C9-362DEB68A2E3}.Debug|iPhone.ActiveCfg = Debug|Any CPU
		{07468F0A-B95C-4A24-83C9-362DEB68A2E3}.Debug|iPhone.Build.0 = Debug|Any CPU
		{07468F0A-B95C-4A24-83C9-362DEB68A2E3}.Debug|iPhoneSimulator.ActiveCfg = Debug|Any CPU
		{07468F0A-B95C-4A24-83C9-362DEB68A2E3}.Debug|iPhoneSimulator.Build.0 = Debug|Any CPU
		{07468F0A-B95C-4A24-83C9-362DEB68A2E3}.Debug|x64.ActiveCfg = Debug|Any CPU
		{07468F0A-B95C-4A24-83C9-362DEB68A2E3}.Debug|x64.Build.0 = Debug|Any CPU
		{07468F0A-B95C-4A24-83C9-362DEB68A2E3}.Debug|x86.ActiveCfg = Debug|Any CPU
		{07468F0A-B95C-4A24-83C9-362DEB68A2E3}.Debug|x86.Build.0 = Debug|Any CPU
		{07468F0A-B95C-4A24-83C9-362DEB68A2E3}.Release|Any CPU.ActiveCfg = Release|Any CPU
		{07468F0A-B95C-4A24-83C9-362DEB68A2E3}.Release|Any CPU.Build.0 = Release|Any CPU
		{07468F0A-B95C-4A24-83C9-362DEB68A2E3}.Release|ARM.ActiveCfg = Release|Any CPU
		{07468F0A-B95C-4A24-83C9-362DEB68A2E3}.Release|ARM.Build.0 = Release|Any CPU
		{07468F0A-B95C-4A24-83C9-362DEB68A2E3}.Release|ARM64.ActiveCfg = Release|Any CPU
		{07468F0A-B95C-4A24-83C9-362DEB68A2E3}.Release|ARM64.Build.0 = Release|Any CPU
		{07468F0A-B95C-4A24-83C9-362DEB68A2E3}.Release|iPhone.ActiveCfg = Release|Any CPU
		{07468F0A-B95C-4A24-83C9-362DEB68A2E3}.Release|iPhone.Build.0 = Release|Any CPU
		{07468F0A-B95C-4A24-83C9-362DEB68A2E3}.Release|iPhoneSimulator.ActiveCfg = Release|Any CPU
		{07468F0A-B95C-4A24-83C9-362DEB68A2E3}.Release|iPhoneSimulator.Build.0 = Release|Any CPU
		{07468F0A-B95C-4A24-83C9-362DEB68A2E3}.Release|x64.ActiveCfg = Release|Any CPU
		{07468F0A-B95C-4A24-83C9-362DEB68A2E3}.Release|x64.Build.0 = Release|Any CPU
		{07468F0A-B95C-4A24-83C9-362DEB68A2E3}.Release|x86.ActiveCfg = Release|Any CPU
		{07468F0A-B95C-4A24-83C9-362DEB68A2E3}.Release|x86.Build.0 = Release|Any CPU
		{E9903A90-78A5-4E78-9015-0437229BF6C4}.Ad-Hoc|Any CPU.ActiveCfg = Debug|Any CPU
		{E9903A90-78A5-4E78-9015-0437229BF6C4}.Ad-Hoc|Any CPU.Build.0 = Debug|Any CPU
		{E9903A90-78A5-4E78-9015-0437229BF6C4}.Ad-Hoc|ARM.ActiveCfg = Debug|Any CPU
		{E9903A90-78A5-4E78-9015-0437229BF6C4}.Ad-Hoc|ARM.Build.0 = Debug|Any CPU
		{E9903A90-78A5-4E78-9015-0437229BF6C4}.Ad-Hoc|ARM64.ActiveCfg = Debug|Any CPU
		{E9903A90-78A5-4E78-9015-0437229BF6C4}.Ad-Hoc|ARM64.Build.0 = Debug|Any CPU
		{E9903A90-78A5-4E78-9015-0437229BF6C4}.Ad-Hoc|iPhone.ActiveCfg = Debug|Any CPU
		{E9903A90-78A5-4E78-9015-0437229BF6C4}.Ad-Hoc|iPhone.Build.0 = Debug|Any CPU
		{E9903A90-78A5-4E78-9015-0437229BF6C4}.Ad-Hoc|iPhoneSimulator.ActiveCfg = Debug|Any CPU
		{E9903A90-78A5-4E78-9015-0437229BF6C4}.Ad-Hoc|iPhoneSimulator.Build.0 = Debug|Any CPU
		{E9903A90-78A5-4E78-9015-0437229BF6C4}.Ad-Hoc|x64.ActiveCfg = Debug|Any CPU
		{E9903A90-78A5-4E78-9015-0437229BF6C4}.Ad-Hoc|x64.Build.0 = Debug|Any CPU
		{E9903A90-78A5-4E78-9015-0437229BF6C4}.Ad-Hoc|x86.ActiveCfg = Debug|Any CPU
		{E9903A90-78A5-4E78-9015-0437229BF6C4}.Ad-Hoc|x86.Build.0 = Debug|Any CPU
		{E9903A90-78A5-4E78-9015-0437229BF6C4}.AppStore|Any CPU.ActiveCfg = Debug|Any CPU
		{E9903A90-78A5-4E78-9015-0437229BF6C4}.AppStore|Any CPU.Build.0 = Debug|Any CPU
		{E9903A90-78A5-4E78-9015-0437229BF6C4}.AppStore|ARM.ActiveCfg = Debug|Any CPU
		{E9903A90-78A5-4E78-9015-0437229BF6C4}.AppStore|ARM.Build.0 = Debug|Any CPU
		{E9903A90-78A5-4E78-9015-0437229BF6C4}.AppStore|ARM64.ActiveCfg = Debug|Any CPU
		{E9903A90-78A5-4E78-9015-0437229BF6C4}.AppStore|ARM64.Build.0 = Debug|Any CPU
		{E9903A90-78A5-4E78-9015-0437229BF6C4}.AppStore|iPhone.ActiveCfg = Debug|Any CPU
		{E9903A90-78A5-4E78-9015-0437229BF6C4}.AppStore|iPhone.Build.0 = Debug|Any CPU
		{E9903A90-78A5-4E78-9015-0437229BF6C4}.AppStore|iPhoneSimulator.ActiveCfg = Debug|Any CPU
		{E9903A90-78A5-4E78-9015-0437229BF6C4}.AppStore|iPhoneSimulator.Build.0 = Debug|Any CPU
		{E9903A90-78A5-4E78-9015-0437229BF6C4}.AppStore|x64.ActiveCfg = Debug|Any CPU
		{E9903A90-78A5-4E78-9015-0437229BF6C4}.AppStore|x64.Build.0 = Debug|Any CPU
		{E9903A90-78A5-4E78-9015-0437229BF6C4}.AppStore|x86.ActiveCfg = Debug|Any CPU
		{E9903A90-78A5-4E78-9015-0437229BF6C4}.AppStore|x86.Build.0 = Debug|Any CPU
		{E9903A90-78A5-4E78-9015-0437229BF6C4}.Debug|Any CPU.ActiveCfg = Debug|Any CPU
		{E9903A90-78A5-4E78-9015-0437229BF6C4}.Debug|Any CPU.Build.0 = Debug|Any CPU
		{E9903A90-78A5-4E78-9015-0437229BF6C4}.Debug|ARM.ActiveCfg = Debug|Any CPU
		{E9903A90-78A5-4E78-9015-0437229BF6C4}.Debug|ARM.Build.0 = Debug|Any CPU
		{E9903A90-78A5-4E78-9015-0437229BF6C4}.Debug|ARM64.ActiveCfg = Debug|Any CPU
		{E9903A90-78A5-4E78-9015-0437229BF6C4}.Debug|ARM64.Build.0 = Debug|Any CPU
		{E9903A90-78A5-4E78-9015-0437229BF6C4}.Debug|iPhone.ActiveCfg = Debug|Any CPU
		{E9903A90-78A5-4E78-9015-0437229BF6C4}.Debug|iPhone.Build.0 = Debug|Any CPU
		{E9903A90-78A5-4E78-9015-0437229BF6C4}.Debug|iPhoneSimulator.ActiveCfg = Debug|Any CPU
		{E9903A90-78A5-4E78-9015-0437229BF6C4}.Debug|iPhoneSimulator.Build.0 = Debug|Any CPU
		{E9903A90-78A5-4E78-9015-0437229BF6C4}.Debug|x64.ActiveCfg = Debug|Any CPU
		{E9903A90-78A5-4E78-9015-0437229BF6C4}.Debug|x64.Build.0 = Debug|Any CPU
		{E9903A90-78A5-4E78-9015-0437229BF6C4}.Debug|x86.ActiveCfg = Debug|Any CPU
		{E9903A90-78A5-4E78-9015-0437229BF6C4}.Debug|x86.Build.0 = Debug|Any CPU
		{E9903A90-78A5-4E78-9015-0437229BF6C4}.Release|Any CPU.ActiveCfg = Release|Any CPU
		{E9903A90-78A5-4E78-9015-0437229BF6C4}.Release|Any CPU.Build.0 = Release|Any CPU
		{E9903A90-78A5-4E78-9015-0437229BF6C4}.Release|ARM.ActiveCfg = Release|Any CPU
		{E9903A90-78A5-4E78-9015-0437229BF6C4}.Release|ARM.Build.0 = Release|Any CPU
		{E9903A90-78A5-4E78-9015-0437229BF6C4}.Release|ARM64.ActiveCfg = Release|Any CPU
		{E9903A90-78A5-4E78-9015-0437229BF6C4}.Release|ARM64.Build.0 = Release|Any CPU
		{E9903A90-78A5-4E78-9015-0437229BF6C4}.Release|iPhone.ActiveCfg = Release|Any CPU
		{E9903A90-78A5-4E78-9015-0437229BF6C4}.Release|iPhone.Build.0 = Release|Any CPU
		{E9903A90-78A5-4E78-9015-0437229BF6C4}.Release|iPhoneSimulator.ActiveCfg = Release|Any CPU
		{E9903A90-78A5-4E78-9015-0437229BF6C4}.Release|iPhoneSimulator.Build.0 = Release|Any CPU
		{E9903A90-78A5-4E78-9015-0437229BF6C4}.Release|x64.ActiveCfg = Release|Any CPU
		{E9903A90-78A5-4E78-9015-0437229BF6C4}.Release|x64.Build.0 = Release|Any CPU
		{E9903A90-78A5-4E78-9015-0437229BF6C4}.Release|x86.ActiveCfg = Release|Any CPU
		{E9903A90-78A5-4E78-9015-0437229BF6C4}.Release|x86.Build.0 = Release|Any CPU
		{40373B05-8854-4025-BF38-C3D38A049EB4}.Ad-Hoc|Any CPU.ActiveCfg = Debug|Any CPU
		{40373B05-8854-4025-BF38-C3D38A049EB4}.Ad-Hoc|Any CPU.Build.0 = Debug|Any CPU
		{40373B05-8854-4025-BF38-C3D38A049EB4}.Ad-Hoc|ARM.ActiveCfg = Debug|Any CPU
		{40373B05-8854-4025-BF38-C3D38A049EB4}.Ad-Hoc|ARM.Build.0 = Debug|Any CPU
		{40373B05-8854-4025-BF38-C3D38A049EB4}.Ad-Hoc|ARM64.ActiveCfg = Debug|Any CPU
		{40373B05-8854-4025-BF38-C3D38A049EB4}.Ad-Hoc|ARM64.Build.0 = Debug|Any CPU
		{40373B05-8854-4025-BF38-C3D38A049EB4}.Ad-Hoc|iPhone.ActiveCfg = Debug|Any CPU
		{40373B05-8854-4025-BF38-C3D38A049EB4}.Ad-Hoc|iPhone.Build.0 = Debug|Any CPU
		{40373B05-8854-4025-BF38-C3D38A049EB4}.Ad-Hoc|iPhoneSimulator.ActiveCfg = Debug|Any CPU
		{40373B05-8854-4025-BF38-C3D38A049EB4}.Ad-Hoc|iPhoneSimulator.Build.0 = Debug|Any CPU
		{40373B05-8854-4025-BF38-C3D38A049EB4}.Ad-Hoc|x64.ActiveCfg = Debug|Any CPU
		{40373B05-8854-4025-BF38-C3D38A049EB4}.Ad-Hoc|x64.Build.0 = Debug|Any CPU
		{40373B05-8854-4025-BF38-C3D38A049EB4}.Ad-Hoc|x86.ActiveCfg = Debug|Any CPU
		{40373B05-8854-4025-BF38-C3D38A049EB4}.Ad-Hoc|x86.Build.0 = Debug|Any CPU
		{40373B05-8854-4025-BF38-C3D38A049EB4}.AppStore|Any CPU.ActiveCfg = Debug|Any CPU
		{40373B05-8854-4025-BF38-C3D38A049EB4}.AppStore|Any CPU.Build.0 = Debug|Any CPU
		{40373B05-8854-4025-BF38-C3D38A049EB4}.AppStore|ARM.ActiveCfg = Debug|Any CPU
		{40373B05-8854-4025-BF38-C3D38A049EB4}.AppStore|ARM.Build.0 = Debug|Any CPU
		{40373B05-8854-4025-BF38-C3D38A049EB4}.AppStore|ARM64.ActiveCfg = Debug|Any CPU
		{40373B05-8854-4025-BF38-C3D38A049EB4}.AppStore|ARM64.Build.0 = Debug|Any CPU
		{40373B05-8854-4025-BF38-C3D38A049EB4}.AppStore|iPhone.ActiveCfg = Debug|Any CPU
		{40373B05-8854-4025-BF38-C3D38A049EB4}.AppStore|iPhone.Build.0 = Debug|Any CPU
		{40373B05-8854-4025-BF38-C3D38A049EB4}.AppStore|iPhoneSimulator.ActiveCfg = Debug|Any CPU
		{40373B05-8854-4025-BF38-C3D38A049EB4}.AppStore|iPhoneSimulator.Build.0 = Debug|Any CPU
		{40373B05-8854-4025-BF38-C3D38A049EB4}.AppStore|x64.ActiveCfg = Debug|Any CPU
		{40373B05-8854-4025-BF38-C3D38A049EB4}.AppStore|x64.Build.0 = Debug|Any CPU
		{40373B05-8854-4025-BF38-C3D38A049EB4}.AppStore|x86.ActiveCfg = Debug|Any CPU
		{40373B05-8854-4025-BF38-C3D38A049EB4}.AppStore|x86.Build.0 = Debug|Any CPU
		{40373B05-8854-4025-BF38-C3D38A049EB4}.Debug|Any CPU.ActiveCfg = Debug|Any CPU
		{40373B05-8854-4025-BF38-C3D38A049EB4}.Debug|Any CPU.Build.0 = Debug|Any CPU
		{40373B05-8854-4025-BF38-C3D38A049EB4}.Debug|ARM.ActiveCfg = Debug|Any CPU
		{40373B05-8854-4025-BF38-C3D38A049EB4}.Debug|ARM.Build.0 = Debug|Any CPU
		{40373B05-8854-4025-BF38-C3D38A049EB4}.Debug|ARM64.ActiveCfg = Debug|Any CPU
		{40373B05-8854-4025-BF38-C3D38A049EB4}.Debug|ARM64.Build.0 = Debug|Any CPU
		{40373B05-8854-4025-BF38-C3D38A049EB4}.Debug|iPhone.ActiveCfg = Debug|Any CPU
		{40373B05-8854-4025-BF38-C3D38A049EB4}.Debug|iPhone.Build.0 = Debug|Any CPU
		{40373B05-8854-4025-BF38-C3D38A049EB4}.Debug|iPhoneSimulator.ActiveCfg = Debug|Any CPU
		{40373B05-8854-4025-BF38-C3D38A049EB4}.Debug|iPhoneSimulator.Build.0 = Debug|Any CPU
		{40373B05-8854-4025-BF38-C3D38A049EB4}.Debug|x64.ActiveCfg = Debug|Any CPU
		{40373B05-8854-4025-BF38-C3D38A049EB4}.Debug|x64.Build.0 = Debug|Any CPU
		{40373B05-8854-4025-BF38-C3D38A049EB4}.Debug|x86.ActiveCfg = Debug|Any CPU
		{40373B05-8854-4025-BF38-C3D38A049EB4}.Debug|x86.Build.0 = Debug|Any CPU
		{40373B05-8854-4025-BF38-C3D38A049EB4}.Release|Any CPU.ActiveCfg = Release|Any CPU
		{40373B05-8854-4025-BF38-C3D38A049EB4}.Release|Any CPU.Build.0 = Release|Any CPU
		{40373B05-8854-4025-BF38-C3D38A049EB4}.Release|ARM.ActiveCfg = Release|Any CPU
		{40373B05-8854-4025-BF38-C3D38A049EB4}.Release|ARM.Build.0 = Release|Any CPU
		{40373B05-8854-4025-BF38-C3D38A049EB4}.Release|ARM64.ActiveCfg = Release|Any CPU
		{40373B05-8854-4025-BF38-C3D38A049EB4}.Release|ARM64.Build.0 = Release|Any CPU
		{40373B05-8854-4025-BF38-C3D38A049EB4}.Release|iPhone.ActiveCfg = Release|Any CPU
		{40373B05-8854-4025-BF38-C3D38A049EB4}.Release|iPhone.Build.0 = Release|Any CPU
		{40373B05-8854-4025-BF38-C3D38A049EB4}.Release|iPhoneSimulator.ActiveCfg = Release|Any CPU
		{40373B05-8854-4025-BF38-C3D38A049EB4}.Release|iPhoneSimulator.Build.0 = Release|Any CPU
		{40373B05-8854-4025-BF38-C3D38A049EB4}.Release|x64.ActiveCfg = Release|Any CPU
		{40373B05-8854-4025-BF38-C3D38A049EB4}.Release|x64.Build.0 = Release|Any CPU
		{40373B05-8854-4025-BF38-C3D38A049EB4}.Release|x86.ActiveCfg = Release|Any CPU
		{40373B05-8854-4025-BF38-C3D38A049EB4}.Release|x86.Build.0 = Release|Any CPU
	EndGlobalSection
	GlobalSection(SolutionProperties) = preSolution
		HideSolutionNode = FALSE
	EndGlobalSection
	GlobalSection(NestedProjects) = preSolution
		{0A7FAF57-9BF4-4BAA-BB39-A38AD04859A8} = {0A30999C-ABE5-473B-9627-8FB1E24C12DB}
		{E68DBF90-0652-4F79-A24F-9D982C78ED3F} = {0A30999C-ABE5-473B-9627-8FB1E24C12DB}
		{A79BDB62-C201-44C9-A821-6B4BCD427D2E} = {0A30999C-ABE5-473B-9627-8FB1E24C12DB}
		{A455D1DF-7FD6-46A8-A59F-B03F79C93FEA} = {0A30999C-ABE5-473B-9627-8FB1E24C12DB}
		{DEE1A891-A200-4CD2-B82A-2F52C2728426} = {0A30999C-ABE5-473B-9627-8FB1E24C12DB}
		{7C60FEE3-4085-4E67-80ED-D050F5CBACAD} = {0A30999C-ABE5-473B-9627-8FB1E24C12DB}
		{30CA9DC0-58D8-4661-819F-073F0194BFA2} = {0A30999C-ABE5-473B-9627-8FB1E24C12DB}
		{FD1A48E2-C8D5-420A-B1DD-EA355318FE97} = {0A30999C-ABE5-473B-9627-8FB1E24C12DB}
		{07468F0A-B95C-4A24-83C9-362DEB68A2E3} = {0A30999C-ABE5-473B-9627-8FB1E24C12DB}
		{E9903A90-78A5-4E78-9015-0437229BF6C4} = {0A30999C-ABE5-473B-9627-8FB1E24C12DB}
		{40373B05-8854-4025-BF38-C3D38A049EB4} = {0A30999C-ABE5-473B-9627-8FB1E24C12DB}
	EndGlobalSection
	GlobalSection(ExtensibilityGlobals) = postSolution
		SolutionGuid = {C7433AE2-B1A0-4C1A-887E-5CAA7AAF67A6}
	EndGlobalSection
EndGlobal
