
Microsoft Visual Studio Solution File, Format Version 12.00
# Visual Studio Version 16
VisualStudioVersion = 16.0.31424.327
MinimumVisualStudioVersion = 10.0.40219.1
Project("{D954291E-2A0B-460D-934E-DC6B0785DB48}") = "UnoDrive.Shared", "src\UnoDrive.Shared\UnoDrive.Shared.shproj", "{5566CCB4-DC54-4F7C-9187-81E798283491}"
EndProject
Project("{2150E333-8FDC-42A3-9474-1A3956D46DE8}") = "Platforms", "Platforms", "{3383BA07-7CC2-42F6-9270-D629FFE5FDC2}"
EndProject
Project("{FAE04EC0-301F-11D3-BF4B-00C04F79EFBC}") = "UnoDrive.Uwp", "src\UnoDrive.UWP\UnoDrive.Uwp.csproj", "{7E754D3A-5074-41E4-A78F-D823C5E33B61}"
EndProject
Project("{9A19103F-16F7-4668-BE54-9A1E7A4F7556}") = "UnoDrive.Wasm", "src\UnoDrive.Wasm\UnoDrive.Wasm.csproj", "{D14993C8-FA3F-4767-81D8-7E7F4F47DBC8}"
EndProject
Project("{9A19103F-16F7-4668-BE54-9A1E7A4F7556}") = "UnoDrive.Skia.WPF", "src\UnoDrive.Skia.WPF\UnoDrive.Skia.WPF.csproj", "{AA4BFECD-157E-4D18-A49A-F9125714D36E}"
EndProject
Project("{9A19103F-16F7-4668-BE54-9A1E7A4F7556}") = "UnoDrive.Skia.Wpf.Host", "src\UnoDrive.Skia.WPF.Host\UnoDrive.Skia.Wpf.Host.csproj", "{AA02073D-CCA2-49FC-81E9-47C74228BD25}"
EndProject
Project("{9A19103F-16F7-4668-BE54-9A1E7A4F7556}") = "UnoDrive.Skia.Tizen", "src\UnoDrive.Skia.Tizen\UnoDrive.Skia.Tizen.csproj", "{EE795390-7439-48FE-942F-0B35B98BEE8D}"
EndProject
Project("{9A19103F-16F7-4668-BE54-9A1E7A4F7556}") = "UnoDrive.Skia.Linux.FrameBuffer", "src\UnoDrive.Skia.Linux.FrameBuffer\UnoDrive.Skia.Linux.FrameBuffer.csproj", "{5AFC491C-0145-446C-B27D-31A3E15F0608}"
EndProject
Project("{9A19103F-16F7-4668-BE54-9A1E7A4F7556}") = "UnoDrive.Skia.Gtk", "src\UnoDrive.Skia.Gtk\UnoDrive.Skia.Gtk.csproj", "{6D2499BF-0387-40C0-A418-6D8C653D75B4}"
EndProject
Project("{FAE04EC0-301F-11D3-BF4B-00C04F79EFBC}") = "UnoDrive.macOS", "src\UnoDrive.macOS\UnoDrive.macOS.csproj", "{8B3BDFFB-9B38-46E1-8DD2-246D351F8CD8}"
EndProject
Project("{FAE04EC0-301F-11D3-BF4B-00C04F79EFBC}") = "UnoDrive.iOS", "src\UnoDrive.iOS\UnoDrive.iOS.csproj", "{D39C0150-FC42-4450-842A-2D61B3773F1F}"
EndProject
Project("{FAE04EC0-301F-11D3-BF4B-00C04F79EFBC}") = "UnoDrive.Droid", "src\UnoDrive.Droid\UnoDrive.Droid.csproj", "{B95AE2BC-3862-44E5-866D-A063C81BFD2B}"
EndProject
Global
	GlobalSection(SharedMSBuildProjectFiles) = preSolution
		src\UnoDrive.Shared\UnoDrive.Shared.projitems*{5566ccb4-dc54-4f7c-9187-81e798283491}*SharedItemsImports = 13
		src\UnoDrive.Shared\UnoDrive.Shared.projitems*{5afc491c-0145-446c-b27d-31a3e15f0608}*SharedItemsImports = 5
		src\UnoDrive.Shared\UnoDrive.Shared.projitems*{6d2499bf-0387-40c0-a418-6d8c653d75b4}*SharedItemsImports = 5
		src\UnoDrive.Shared\UnoDrive.Shared.projitems*{7e754d3a-5074-41e4-a78f-d823c5e33b61}*SharedItemsImports = 4
		src\UnoDrive.Shared\UnoDrive.Shared.projitems*{8b3bdffb-9b38-46e1-8dd2-246d351f8cd8}*SharedItemsImports = 4
		src\UnoDrive.Shared\UnoDrive.Shared.projitems*{aa4bfecd-157e-4d18-a49a-f9125714d36e}*SharedItemsImports = 5
		src\UnoDrive.Shared\UnoDrive.Shared.projitems*{b95ae2bc-3862-44e5-866d-a063c81bfd2b}*SharedItemsImports = 4
		src\UnoDrive.Shared\UnoDrive.Shared.projitems*{d14993c8-fa3f-4767-81d8-7e7f4f47dbc8}*SharedItemsImports = 5
		src\UnoDrive.Shared\UnoDrive.Shared.projitems*{d39c0150-fc42-4450-842a-2d61b3773f1f}*SharedItemsImports = 4
		src\UnoDrive.Shared\UnoDrive.Shared.projitems*{ee795390-7439-48fe-942f-0b35b98bee8d}*SharedItemsImports = 5
	EndGlobalSection
	GlobalSection(SolutionConfigurationPlatforms) = preSolution
		Ad-Hoc|Any CPU = Ad-Hoc|Any CPU
		Ad-Hoc|ARM = Ad-Hoc|ARM
		Ad-Hoc|ARM64 = Ad-Hoc|ARM64
		Ad-Hoc|iPhone = Ad-Hoc|iPhone
		Ad-Hoc|iPhoneSimulator = Ad-Hoc|iPhoneSimulator
		Ad-Hoc|x64 = Ad-Hoc|x64
		Ad-Hoc|x86 = Ad-Hoc|x86
		AppStore|Any CPU = AppStore|Any CPU
		AppStore|ARM = AppStore|ARM
		AppStore|ARM64 = AppStore|ARM64
		AppStore|iPhone = AppStore|iPhone
		AppStore|iPhoneSimulator = AppStore|iPhoneSimulator
		AppStore|x64 = AppStore|x64
		AppStore|x86 = AppStore|x86
		Debug|Any CPU = Debug|Any CPU
		Debug|ARM = Debug|ARM
		Debug|ARM64 = Debug|ARM64
		Debug|iPhone = Debug|iPhone
		Debug|iPhoneSimulator = Debug|iPhoneSimulator
		Debug|x64 = Debug|x64
		Debug|x86 = Debug|x86
		Release|Any CPU = Release|Any CPU
		Release|ARM = Release|ARM
		Release|ARM64 = Release|ARM64
		Release|iPhone = Release|iPhone
		Release|iPhoneSimulator = Release|iPhoneSimulator
		Release|x64 = Release|x64
		Release|x86 = Release|x86
	EndGlobalSection
	GlobalSection(ProjectConfigurationPlatforms) = postSolution
		{7E754D3A-5074-41E4-A78F-D823C5E33B61}.Ad-Hoc|Any CPU.ActiveCfg = Debug|x86
		{7E754D3A-5074-41E4-A78F-D823C5E33B61}.Ad-Hoc|Any CPU.Build.0 = Debug|x86
		{7E754D3A-5074-41E4-A78F-D823C5E33B61}.Ad-Hoc|Any CPU.Deploy.0 = Debug|x86
		{7E754D3A-5074-41E4-A78F-D823C5E33B61}.Ad-Hoc|ARM.ActiveCfg = Debug|ARM
		{7E754D3A-5074-41E4-A78F-D823C5E33B61}.Ad-Hoc|ARM.Build.0 = Debug|ARM
		{7E754D3A-5074-41E4-A78F-D823C5E33B61}.Ad-Hoc|ARM.Deploy.0 = Debug|ARM
		{7E754D3A-5074-41E4-A78F-D823C5E33B61}.Ad-Hoc|ARM64.ActiveCfg = Debug|ARM64
		{7E754D3A-5074-41E4-A78F-D823C5E33B61}.Ad-Hoc|ARM64.Build.0 = Debug|ARM64
		{7E754D3A-5074-41E4-A78F-D823C5E33B61}.Ad-Hoc|ARM64.Deploy.0 = Debug|ARM64
		{7E754D3A-5074-41E4-A78F-D823C5E33B61}.Ad-Hoc|iPhone.ActiveCfg = Debug|x86
		{7E754D3A-5074-41E4-A78F-D823C5E33B61}.Ad-Hoc|iPhone.Build.0 = Debug|x86
		{7E754D3A-5074-41E4-A78F-D823C5E33B61}.Ad-Hoc|iPhone.Deploy.0 = Debug|x86
		{7E754D3A-5074-41E4-A78F-D823C5E33B61}.Ad-Hoc|iPhoneSimulator.ActiveCfg = Debug|x86
		{7E754D3A-5074-41E4-A78F-D823C5E33B61}.Ad-Hoc|iPhoneSimulator.Build.0 = Debug|x86
		{7E754D3A-5074-41E4-A78F-D823C5E33B61}.Ad-Hoc|iPhoneSimulator.Deploy.0 = Debug|x86
		{7E754D3A-5074-41E4-A78F-D823C5E33B61}.Ad-Hoc|x64.ActiveCfg = Debug|x64
		{7E754D3A-5074-41E4-A78F-D823C5E33B61}.Ad-Hoc|x64.Build.0 = Debug|x64
		{7E754D3A-5074-41E4-A78F-D823C5E33B61}.Ad-Hoc|x64.Deploy.0 = Debug|x64
		{7E754D3A-5074-41E4-A78F-D823C5E33B61}.Ad-Hoc|x86.ActiveCfg = Debug|x86
		{7E754D3A-5074-41E4-A78F-D823C5E33B61}.Ad-Hoc|x86.Build.0 = Debug|x86
		{7E754D3A-5074-41E4-A78F-D823C5E33B61}.Ad-Hoc|x86.Deploy.0 = Debug|x86
		{7E754D3A-5074-41E4-A78F-D823C5E33B61}.AppStore|Any CPU.ActiveCfg = Debug|x86
		{7E754D3A-5074-41E4-A78F-D823C5E33B61}.AppStore|Any CPU.Build.0 = Debug|x86
		{7E754D3A-5074-41E4-A78F-D823C5E33B61}.AppStore|Any CPU.Deploy.0 = Debug|x86
		{7E754D3A-5074-41E4-A78F-D823C5E33B61}.AppStore|ARM.ActiveCfg = Debug|ARM
		{7E754D3A-5074-41E4-A78F-D823C5E33B61}.AppStore|ARM.Build.0 = Debug|ARM
		{7E754D3A-5074-41E4-A78F-D823C5E33B61}.AppStore|ARM.Deploy.0 = Debug|ARM
		{7E754D3A-5074-41E4-A78F-D823C5E33B61}.AppStore|ARM64.ActiveCfg = Debug|ARM64
		{7E754D3A-5074-41E4-A78F-D823C5E33B61}.AppStore|ARM64.Build.0 = Debug|ARM64
		{7E754D3A-5074-41E4-A78F-D823C5E33B61}.AppStore|ARM64.Deploy.0 = Debug|ARM64
		{7E754D3A-5074-41E4-A78F-D823C5E33B61}.AppStore|iPhone.ActiveCfg = Debug|x86
		{7E754D3A-5074-41E4-A78F-D823C5E33B61}.AppStore|iPhone.Build.0 = Debug|x86
		{7E754D3A-5074-41E4-A78F-D823C5E33B61}.AppStore|iPhone.Deploy.0 = Debug|x86
		{7E754D3A-5074-41E4-A78F-D823C5E33B61}.AppStore|iPhoneSimulator.ActiveCfg = Debug|x86
		{7E754D3A-5074-41E4-A78F-D823C5E33B61}.AppStore|iPhoneSimulator.Build.0 = Debug|x86
		{7E754D3A-5074-41E4-A78F-D823C5E33B61}.AppStore|iPhoneSimulator.Deploy.0 = Debug|x86
		{7E754D3A-5074-41E4-A78F-D823C5E33B61}.AppStore|x64.ActiveCfg = Debug|x64
		{7E754D3A-5074-41E4-A78F-D823C5E33B61}.AppStore|x64.Build.0 = Debug|x64
		{7E754D3A-5074-41E4-A78F-D823C5E33B61}.AppStore|x64.Deploy.0 = Debug|x64
		{7E754D3A-5074-41E4-A78F-D823C5E33B61}.AppStore|x86.ActiveCfg = Debug|x86
		{7E754D3A-5074-41E4-A78F-D823C5E33B61}.AppStore|x86.Build.0 = Debug|x86
		{7E754D3A-5074-41E4-A78F-D823C5E33B61}.AppStore|x86.Deploy.0 = Debug|x86
		{7E754D3A-5074-41E4-A78F-D823C5E33B61}.Debug|Any CPU.ActiveCfg = Debug|x86
		{7E754D3A-5074-41E4-A78F-D823C5E33B61}.Debug|ARM.ActiveCfg = Debug|ARM
		{7E754D3A-5074-41E4-A78F-D823C5E33B61}.Debug|ARM.Build.0 = Debug|ARM
		{7E754D3A-5074-41E4-A78F-D823C5E33B61}.Debug|ARM.Deploy.0 = Debug|ARM
		{7E754D3A-5074-41E4-A78F-D823C5E33B61}.Debug|ARM64.ActiveCfg = Debug|ARM64
		{7E754D3A-5074-41E4-A78F-D823C5E33B61}.Debug|ARM64.Build.0 = Debug|ARM64
		{7E754D3A-5074-41E4-A78F-D823C5E33B61}.Debug|ARM64.Deploy.0 = Debug|ARM64
		{7E754D3A-5074-41E4-A78F-D823C5E33B61}.Debug|iPhone.ActiveCfg = Debug|x86
		{7E754D3A-5074-41E4-A78F-D823C5E33B61}.Debug|iPhoneSimulator.ActiveCfg = Debug|x86
		{7E754D3A-5074-41E4-A78F-D823C5E33B61}.Debug|x64.ActiveCfg = Debug|x64
		{7E754D3A-5074-41E4-A78F-D823C5E33B61}.Debug|x64.Build.0 = Debug|x64
		{7E754D3A-5074-41E4-A78F-D823C5E33B61}.Debug|x64.Deploy.0 = Debug|x64
		{7E754D3A-5074-41E4-A78F-D823C5E33B61}.Debug|x86.ActiveCfg = Debug|x86
		{7E754D3A-5074-41E4-A78F-D823C5E33B61}.Debug|x86.Build.0 = Debug|x86
		{7E754D3A-5074-41E4-A78F-D823C5E33B61}.Debug|x86.Deploy.0 = Debug|x86
		{7E754D3A-5074-41E4-A78F-D823C5E33B61}.Release|Any CPU.ActiveCfg = Release|x86
		{7E754D3A-5074-41E4-A78F-D823C5E33B61}.Release|ARM.ActiveCfg = Release|ARM
		{7E754D3A-5074-41E4-A78F-D823C5E33B61}.Release|ARM.Build.0 = Release|ARM
		{7E754D3A-5074-41E4-A78F-D823C5E33B61}.Release|ARM.Deploy.0 = Release|ARM
		{7E754D3A-5074-41E4-A78F-D823C5E33B61}.Release|ARM64.ActiveCfg = Release|ARM64
		{7E754D3A-5074-41E4-A78F-D823C5E33B61}.Release|ARM64.Build.0 = Release|ARM64
		{7E754D3A-5074-41E4-A78F-D823C5E33B61}.Release|ARM64.Deploy.0 = Release|ARM64
		{7E754D3A-5074-41E4-A78F-D823C5E33B61}.Release|iPhone.ActiveCfg = Release|x86
		{7E754D3A-5074-41E4-A78F-D823C5E33B61}.Release|iPhoneSimulator.ActiveCfg = Release|x86
		{7E754D3A-5074-41E4-A78F-D823C5E33B61}.Release|x64.ActiveCfg = Release|x64
		{7E754D3A-5074-41E4-A78F-D823C5E33B61}.Release|x64.Build.0 = Release|x64
		{7E754D3A-5074-41E4-A78F-D823C5E33B61}.Release|x64.Deploy.0 = Release|x64
		{7E754D3A-5074-41E4-A78F-D823C5E33B61}.Release|x86.ActiveCfg = Release|x86
		{7E754D3A-5074-41E4-A78F-D823C5E33B61}.Release|x86.Build.0 = Release|x86
		{7E754D3A-5074-41E4-A78F-D823C5E33B61}.Release|x86.Deploy.0 = Release|x86
		{D14993C8-FA3F-4767-81D8-7E7F4F47DBC8}.Ad-Hoc|Any CPU.ActiveCfg = Debug|Any CPU
		{D14993C8-FA3F-4767-81D8-7E7F4F47DBC8}.Ad-Hoc|Any CPU.Build.0 = Debug|Any CPU
		{D14993C8-FA3F-4767-81D8-7E7F4F47DBC8}.Ad-Hoc|ARM.ActiveCfg = Debug|Any CPU
		{D14993C8-FA3F-4767-81D8-7E7F4F47DBC8}.Ad-Hoc|ARM.Build.0 = Debug|Any CPU
		{D14993C8-FA3F-4767-81D8-7E7F4F47DBC8}.Ad-Hoc|ARM64.ActiveCfg = Debug|Any CPU
		{D14993C8-FA3F-4767-81D8-7E7F4F47DBC8}.Ad-Hoc|ARM64.Build.0 = Debug|Any CPU
		{D14993C8-FA3F-4767-81D8-7E7F4F47DBC8}.Ad-Hoc|iPhone.ActiveCfg = Debug|Any CPU
		{D14993C8-FA3F-4767-81D8-7E7F4F47DBC8}.Ad-Hoc|iPhone.Build.0 = Debug|Any CPU
		{D14993C8-FA3F-4767-81D8-7E7F4F47DBC8}.Ad-Hoc|iPhoneSimulator.ActiveCfg = Debug|Any CPU
		{D14993C8-FA3F-4767-81D8-7E7F4F47DBC8}.Ad-Hoc|iPhoneSimulator.Build.0 = Debug|Any CPU
		{D14993C8-FA3F-4767-81D8-7E7F4F47DBC8}.Ad-Hoc|x64.ActiveCfg = Debug|Any CPU
		{D14993C8-FA3F-4767-81D8-7E7F4F47DBC8}.Ad-Hoc|x64.Build.0 = Debug|Any CPU
		{D14993C8-FA3F-4767-81D8-7E7F4F47DBC8}.Ad-Hoc|x86.ActiveCfg = Debug|Any CPU
		{D14993C8-FA3F-4767-81D8-7E7F4F47DBC8}.Ad-Hoc|x86.Build.0 = Debug|Any CPU
		{D14993C8-FA3F-4767-81D8-7E7F4F47DBC8}.AppStore|Any CPU.ActiveCfg = Debug|Any CPU
		{D14993C8-FA3F-4767-81D8-7E7F4F47DBC8}.AppStore|Any CPU.Build.0 = Debug|Any CPU
		{D14993C8-FA3F-4767-81D8-7E7F4F47DBC8}.AppStore|ARM.ActiveCfg = Debug|Any CPU
		{D14993C8-FA3F-4767-81D8-7E7F4F47DBC8}.AppStore|ARM.Build.0 = Debug|Any CPU
		{D14993C8-FA3F-4767-81D8-7E7F4F47DBC8}.AppStore|ARM64.ActiveCfg = Debug|Any CPU
		{D14993C8-FA3F-4767-81D8-7E7F4F47DBC8}.AppStore|ARM64.Build.0 = Debug|Any CPU
		{D14993C8-FA3F-4767-81D8-7E7F4F47DBC8}.AppStore|iPhone.ActiveCfg = Debug|Any CPU
		{D14993C8-FA3F-4767-81D8-7E7F4F47DBC8}.AppStore|iPhone.Build.0 = Debug|Any CPU
		{D14993C8-FA3F-4767-81D8-7E7F4F47DBC8}.AppStore|iPhoneSimulator.ActiveCfg = Debug|Any CPU
		{D14993C8-FA3F-4767-81D8-7E7F4F47DBC8}.AppStore|iPhoneSimulator.Build.0 = Debug|Any CPU
		{D14993C8-FA3F-4767-81D8-7E7F4F47DBC8}.AppStore|x64.ActiveCfg = Debug|Any CPU
		{D14993C8-FA3F-4767-81D8-7E7F4F47DBC8}.AppStore|x64.Build.0 = Debug|Any CPU
		{D14993C8-FA3F-4767-81D8-7E7F4F47DBC8}.AppStore|x86.ActiveCfg = Debug|Any CPU
		{D14993C8-FA3F-4767-81D8-7E7F4F47DBC8}.AppStore|x86.Build.0 = Debug|Any CPU
		{D14993C8-FA3F-4767-81D8-7E7F4F47DBC8}.Debug|Any CPU.ActiveCfg = Debug|Any CPU
		{D14993C8-FA3F-4767-81D8-7E7F4F47DBC8}.Debug|Any CPU.Build.0 = Debug|Any CPU
		{D14993C8-FA3F-4767-81D8-7E7F4F47DBC8}.Debug|ARM.ActiveCfg = Debug|Any CPU
		{D14993C8-FA3F-4767-81D8-7E7F4F47DBC8}.Debug|ARM.Build.0 = Debug|Any CPU
		{D14993C8-FA3F-4767-81D8-7E7F4F47DBC8}.Debug|ARM64.ActiveCfg = Debug|Any CPU
		{D14993C8-FA3F-4767-81D8-7E7F4F47DBC8}.Debug|ARM64.Build.0 = Debug|Any CPU
		{D14993C8-FA3F-4767-81D8-7E7F4F47DBC8}.Debug|iPhone.ActiveCfg = Debug|Any CPU
		{D14993C8-FA3F-4767-81D8-7E7F4F47DBC8}.Debug|iPhone.Build.0 = Debug|Any CPU
		{D14993C8-FA3F-4767-81D8-7E7F4F47DBC8}.Debug|iPhoneSimulator.ActiveCfg = Debug|Any CPU
		{D14993C8-FA3F-4767-81D8-7E7F4F47DBC8}.Debug|iPhoneSimulator.Build.0 = Debug|Any CPU
		{D14993C8-FA3F-4767-81D8-7E7F4F47DBC8}.Debug|x64.ActiveCfg = Debug|Any CPU
		{D14993C8-FA3F-4767-81D8-7E7F4F47DBC8}.Debug|x64.Build.0 = Debug|Any CPU
		{D14993C8-FA3F-4767-81D8-7E7F4F47DBC8}.Debug|x86.ActiveCfg = Debug|Any CPU
		{D14993C8-FA3F-4767-81D8-7E7F4F47DBC8}.Debug|x86.Build.0 = Debug|Any CPU
		{D14993C8-FA3F-4767-81D8-7E7F4F47DBC8}.Release|Any CPU.ActiveCfg = Release|Any CPU
		{D14993C8-FA3F-4767-81D8-7E7F4F47DBC8}.Release|Any CPU.Build.0 = Release|Any CPU
		{D14993C8-FA3F-4767-81D8-7E7F4F47DBC8}.Release|ARM.ActiveCfg = Release|Any CPU
		{D14993C8-FA3F-4767-81D8-7E7F4F47DBC8}.Release|ARM.Build.0 = Release|Any CPU
		{D14993C8-FA3F-4767-81D8-7E7F4F47DBC8}.Release|ARM64.ActiveCfg = Release|Any CPU
		{D14993C8-FA3F-4767-81D8-7E7F4F47DBC8}.Release|ARM64.Build.0 = Release|Any CPU
		{D14993C8-FA3F-4767-81D8-7E7F4F47DBC8}.Release|iPhone.ActiveCfg = Release|Any CPU
		{D14993C8-FA3F-4767-81D8-7E7F4F47DBC8}.Release|iPhone.Build.0 = Release|Any CPU
		{D14993C8-FA3F-4767-81D8-7E7F4F47DBC8}.Release|iPhoneSimulator.ActiveCfg = Release|Any CPU
		{D14993C8-FA3F-4767-81D8-7E7F4F47DBC8}.Release|iPhoneSimulator.Build.0 = Release|Any CPU
		{D14993C8-FA3F-4767-81D8-7E7F4F47DBC8}.Release|x64.ActiveCfg = Release|Any CPU
		{D14993C8-FA3F-4767-81D8-7E7F4F47DBC8}.Release|x64.Build.0 = Release|Any CPU
		{D14993C8-FA3F-4767-81D8-7E7F4F47DBC8}.Release|x86.ActiveCfg = Release|Any CPU
		{D14993C8-FA3F-4767-81D8-7E7F4F47DBC8}.Release|x86.Build.0 = Release|Any CPU
		{AA4BFECD-157E-4D18-A49A-F9125714D36E}.Ad-Hoc|Any CPU.ActiveCfg = Debug|Any CPU
		{AA4BFECD-157E-4D18-A49A-F9125714D36E}.Ad-Hoc|Any CPU.Build.0 = Debug|Any CPU
		{AA4BFECD-157E-4D18-A49A-F9125714D36E}.Ad-Hoc|ARM.ActiveCfg = Debug|Any CPU
		{AA4BFECD-157E-4D18-A49A-F9125714D36E}.Ad-Hoc|ARM.Build.0 = Debug|Any CPU
		{AA4BFECD-157E-4D18-A49A-F9125714D36E}.Ad-Hoc|ARM64.ActiveCfg = Debug|Any CPU
		{AA4BFECD-157E-4D18-A49A-F9125714D36E}.Ad-Hoc|ARM64.Build.0 = Debug|Any CPU
		{AA4BFECD-157E-4D18-A49A-F9125714D36E}.Ad-Hoc|iPhone.ActiveCfg = Debug|Any CPU
		{AA4BFECD-157E-4D18-A49A-F9125714D36E}.Ad-Hoc|iPhone.Build.0 = Debug|Any CPU
		{AA4BFECD-157E-4D18-A49A-F9125714D36E}.Ad-Hoc|iPhoneSimulator.ActiveCfg = Debug|Any CPU
		{AA4BFECD-157E-4D18-A49A-F9125714D36E}.Ad-Hoc|iPhoneSimulator.Build.0 = Debug|Any CPU
		{AA4BFECD-157E-4D18-A49A-F9125714D36E}.Ad-Hoc|x64.ActiveCfg = Debug|Any CPU
		{AA4BFECD-157E-4D18-A49A-F9125714D36E}.Ad-Hoc|x64.Build.0 = Debug|Any CPU
		{AA4BFECD-157E-4D18-A49A-F9125714D36E}.Ad-Hoc|x86.ActiveCfg = Debug|Any CPU
		{AA4BFECD-157E-4D18-A49A-F9125714D36E}.Ad-Hoc|x86.Build.0 = Debug|Any CPU
		{AA4BFECD-157E-4D18-A49A-F9125714D36E}.AppStore|Any CPU.ActiveCfg = Debug|Any CPU
		{AA4BFECD-157E-4D18-A49A-F9125714D36E}.AppStore|Any CPU.Build.0 = Debug|Any CPU
		{AA4BFECD-157E-4D18-A49A-F9125714D36E}.AppStore|ARM.ActiveCfg = Debug|Any CPU
		{AA4BFECD-157E-4D18-A49A-F9125714D36E}.AppStore|ARM.Build.0 = Debug|Any CPU
		{AA4BFECD-157E-4D18-A49A-F9125714D36E}.AppStore|ARM64.ActiveCfg = Debug|Any CPU
		{AA4BFECD-157E-4D18-A49A-F9125714D36E}.AppStore|ARM64.Build.0 = Debug|Any CPU
		{AA4BFECD-157E-4D18-A49A-F9125714D36E}.AppStore|iPhone.ActiveCfg = Debug|Any CPU
		{AA4BFECD-157E-4D18-A49A-F9125714D36E}.AppStore|iPhone.Build.0 = Debug|Any CPU
		{AA4BFECD-157E-4D18-A49A-F9125714D36E}.AppStore|iPhoneSimulator.ActiveCfg = Debug|Any CPU
		{AA4BFECD-157E-4D18-A49A-F9125714D36E}.AppStore|iPhoneSimulator.Build.0 = Debug|Any CPU
		{AA4BFECD-157E-4D18-A49A-F9125714D36E}.AppStore|x64.ActiveCfg = Debug|Any CPU
		{AA4BFECD-157E-4D18-A49A-F9125714D36E}.AppStore|x64.Build.0 = Debug|Any CPU
		{AA4BFECD-157E-4D18-A49A-F9125714D36E}.AppStore|x86.ActiveCfg = Debug|Any CPU
		{AA4BFECD-157E-4D18-A49A-F9125714D36E}.AppStore|x86.Build.0 = Debug|Any CPU
		{AA4BFECD-157E-4D18-A49A-F9125714D36E}.Debug|Any CPU.ActiveCfg = Debug|Any CPU
		{AA4BFECD-157E-4D18-A49A-F9125714D36E}.Debug|Any CPU.Build.0 = Debug|Any CPU
		{AA4BFECD-157E-4D18-A49A-F9125714D36E}.Debug|ARM.ActiveCfg = Debug|Any CPU
		{AA4BFECD-157E-4D18-A49A-F9125714D36E}.Debug|ARM.Build.0 = Debug|Any CPU
		{AA4BFECD-157E-4D18-A49A-F9125714D36E}.Debug|ARM64.ActiveCfg = Debug|Any CPU
		{AA4BFECD-157E-4D18-A49A-F9125714D36E}.Debug|ARM64.Build.0 = Debug|Any CPU
		{AA4BFECD-157E-4D18-A49A-F9125714D36E}.Debug|iPhone.ActiveCfg = Debug|Any CPU
		{AA4BFECD-157E-4D18-A49A-F9125714D36E}.Debug|iPhone.Build.0 = Debug|Any CPU
		{AA4BFECD-157E-4D18-A49A-F9125714D36E}.Debug|iPhoneSimulator.ActiveCfg = Debug|Any CPU
		{AA4BFECD-157E-4D18-A49A-F9125714D36E}.Debug|iPhoneSimulator.Build.0 = Debug|Any CPU
		{AA4BFECD-157E-4D18-A49A-F9125714D36E}.Debug|x64.ActiveCfg = Debug|Any CPU
		{AA4BFECD-157E-4D18-A49A-F9125714D36E}.Debug|x64.Build.0 = Debug|Any CPU
		{AA4BFECD-157E-4D18-A49A-F9125714D36E}.Debug|x86.ActiveCfg = Debug|Any CPU
		{AA4BFECD-157E-4D18-A49A-F9125714D36E}.Debug|x86.Build.0 = Debug|Any CPU
		{AA4BFECD-157E-4D18-A49A-F9125714D36E}.Release|Any CPU.ActiveCfg = Release|Any CPU
		{AA4BFECD-157E-4D18-A49A-F9125714D36E}.Release|Any CPU.Build.0 = Release|Any CPU
		{AA4BFECD-157E-4D18-A49A-F9125714D36E}.Release|ARM.ActiveCfg = Release|Any CPU
		{AA4BFECD-157E-4D18-A49A-F9125714D36E}.Release|ARM.Build.0 = Release|Any CPU
		{AA4BFECD-157E-4D18-A49A-F9125714D36E}.Release|ARM64.ActiveCfg = Release|Any CPU
		{AA4BFECD-157E-4D18-A49A-F9125714D36E}.Release|ARM64.Build.0 = Release|Any CPU
		{AA4BFECD-157E-4D18-A49A-F9125714D36E}.Release|iPhone.ActiveCfg = Release|Any CPU
		{AA4BFECD-157E-4D18-A49A-F9125714D36E}.Release|iPhone.Build.0 = Release|Any CPU
		{AA4BFECD-157E-4D18-A49A-F9125714D36E}.Release|iPhoneSimulator.ActiveCfg = Release|Any CPU
		{AA4BFECD-157E-4D18-A49A-F9125714D36E}.Release|iPhoneSimulator.Build.0 = Release|Any CPU
		{AA4BFECD-157E-4D18-A49A-F9125714D36E}.Release|x64.ActiveCfg = Release|Any CPU
		{AA4BFECD-157E-4D18-A49A-F9125714D36E}.Release|x64.Build.0 = Release|Any CPU
		{AA4BFECD-157E-4D18-A49A-F9125714D36E}.Release|x86.ActiveCfg = Release|Any CPU
		{AA4BFECD-157E-4D18-A49A-F9125714D36E}.Release|x86.Build.0 = Release|Any CPU
		{AA02073D-CCA2-49FC-81E9-47C74228BD25}.Ad-Hoc|Any CPU.ActiveCfg = Debug|Any CPU
		{AA02073D-CCA2-49FC-81E9-47C74228BD25}.Ad-Hoc|Any CPU.Build.0 = Debug|Any CPU
		{AA02073D-CCA2-49FC-81E9-47C74228BD25}.Ad-Hoc|ARM.ActiveCfg = Debug|Any CPU
		{AA02073D-CCA2-49FC-81E9-47C74228BD25}.Ad-Hoc|ARM.Build.0 = Debug|Any CPU
		{AA02073D-CCA2-49FC-81E9-47C74228BD25}.Ad-Hoc|ARM64.ActiveCfg = Debug|Any CPU
		{AA02073D-CCA2-49FC-81E9-47C74228BD25}.Ad-Hoc|ARM64.Build.0 = Debug|Any CPU
		{AA02073D-CCA2-49FC-81E9-47C74228BD25}.Ad-Hoc|iPhone.ActiveCfg = Debug|Any CPU
		{AA02073D-CCA2-49FC-81E9-47C74228BD25}.Ad-Hoc|iPhone.Build.0 = Debug|Any CPU
		{AA02073D-CCA2-49FC-81E9-47C74228BD25}.Ad-Hoc|iPhoneSimulator.ActiveCfg = Debug|Any CPU
		{AA02073D-CCA2-49FC-81E9-47C74228BD25}.Ad-Hoc|iPhoneSimulator.Build.0 = Debug|Any CPU
		{AA02073D-CCA2-49FC-81E9-47C74228BD25}.Ad-Hoc|x64.ActiveCfg = Debug|Any CPU
		{AA02073D-CCA2-49FC-81E9-47C74228BD25}.Ad-Hoc|x64.Build.0 = Debug|Any CPU
		{AA02073D-CCA2-49FC-81E9-47C74228BD25}.Ad-Hoc|x86.ActiveCfg = Debug|Any CPU
		{AA02073D-CCA2-49FC-81E9-47C74228BD25}.Ad-Hoc|x86.Build.0 = Debug|Any CPU
		{AA02073D-CCA2-49FC-81E9-47C74228BD25}.AppStore|Any CPU.ActiveCfg = Debug|Any CPU
		{AA02073D-CCA2-49FC-81E9-47C74228BD25}.AppStore|Any CPU.Build.0 = Debug|Any CPU
		{AA02073D-CCA2-49FC-81E9-47C74228BD25}.AppStore|ARM.ActiveCfg = Debug|Any CPU
		{AA02073D-CCA2-49FC-81E9-47C74228BD25}.AppStore|ARM.Build.0 = Debug|Any CPU
		{AA02073D-CCA2-49FC-81E9-47C74228BD25}.AppStore|ARM64.ActiveCfg = Debug|Any CPU
		{AA02073D-CCA2-49FC-81E9-47C74228BD25}.AppStore|ARM64.Build.0 = Debug|Any CPU
		{AA02073D-CCA2-49FC-81E9-47C74228BD25}.AppStore|iPhone.ActiveCfg = Debug|Any CPU
		{AA02073D-CCA2-49FC-81E9-47C74228BD25}.AppStore|iPhone.Build.0 = Debug|Any CPU
		{AA02073D-CCA2-49FC-81E9-47C74228BD25}.AppStore|iPhoneSimulator.ActiveCfg = Debug|Any CPU
		{AA02073D-CCA2-49FC-81E9-47C74228BD25}.AppStore|iPhoneSimulator.Build.0 = Debug|Any CPU
		{AA02073D-CCA2-49FC-81E9-47C74228BD25}.AppStore|x64.ActiveCfg = Debug|Any CPU
		{AA02073D-CCA2-49FC-81E9-47C74228BD25}.AppStore|x64.Build.0 = Debug|Any CPU
		{AA02073D-CCA2-49FC-81E9-47C74228BD25}.AppStore|x86.ActiveCfg = Debug|Any CPU
		{AA02073D-CCA2-49FC-81E9-47C74228BD25}.AppStore|x86.Build.0 = Debug|Any CPU
		{AA02073D-CCA2-49FC-81E9-47C74228BD25}.Debug|Any CPU.ActiveCfg = Debug|Any CPU
		{AA02073D-CCA2-49FC-81E9-47C74228BD25}.Debug|Any CPU.Build.0 = Debug|Any CPU
		{AA02073D-CCA2-49FC-81E9-47C74228BD25}.Debug|ARM.ActiveCfg = Debug|Any CPU
		{AA02073D-CCA2-49FC-81E9-47C74228BD25}.Debug|ARM.Build.0 = Debug|Any CPU
		{AA02073D-CCA2-49FC-81E9-47C74228BD25}.Debug|ARM64.ActiveCfg = Debug|Any CPU
		{AA02073D-CCA2-49FC-81E9-47C74228BD25}.Debug|ARM64.Build.0 = Debug|Any CPU
		{AA02073D-CCA2-49FC-81E9-47C74228BD25}.Debug|iPhone.ActiveCfg = Debug|Any CPU
		{AA02073D-CCA2-49FC-81E9-47C74228BD25}.Debug|iPhone.Build.0 = Debug|Any CPU
		{AA02073D-CCA2-49FC-81E9-47C74228BD25}.Debug|iPhoneSimulator.ActiveCfg = Debug|Any CPU
		{AA02073D-CCA2-49FC-81E9-47C74228BD25}.Debug|iPhoneSimulator.Build.0 = Debug|Any CPU
		{AA02073D-CCA2-49FC-81E9-47C74228BD25}.Debug|x64.ActiveCfg = Debug|Any CPU
		{AA02073D-CCA2-49FC-81E9-47C74228BD25}.Debug|x64.Build.0 = Debug|Any CPU
		{AA02073D-CCA2-49FC-81E9-47C74228BD25}.Debug|x86.ActiveCfg = Debug|Any CPU
		{AA02073D-CCA2-49FC-81E9-47C74228BD25}.Debug|x86.Build.0 = Debug|Any CPU
		{AA02073D-CCA2-49FC-81E9-47C74228BD25}.Release|Any CPU.ActiveCfg = Release|Any CPU
		{AA02073D-CCA2-49FC-81E9-47C74228BD25}.Release|Any CPU.Build.0 = Release|Any CPU
		{AA02073D-CCA2-49FC-81E9-47C74228BD25}.Release|ARM.ActiveCfg = Release|Any CPU
		{AA02073D-CCA2-49FC-81E9-47C74228BD25}.Release|ARM.Build.0 = Release|Any CPU
		{AA02073D-CCA2-49FC-81E9-47C74228BD25}.Release|ARM64.ActiveCfg = Release|Any CPU
		{AA02073D-CCA2-49FC-81E9-47C74228BD25}.Release|ARM64.Build.0 = Release|Any CPU
		{AA02073D-CCA2-49FC-81E9-47C74228BD25}.Release|iPhone.ActiveCfg = Release|Any CPU
		{AA02073D-CCA2-49FC-81E9-47C74228BD25}.Release|iPhone.Build.0 = Release|Any CPU
		{AA02073D-CCA2-49FC-81E9-47C74228BD25}.Release|iPhoneSimulator.ActiveCfg = Release|Any CPU
		{AA02073D-CCA2-49FC-81E9-47C74228BD25}.Release|iPhoneSimulator.Build.0 = Release|Any CPU
		{AA02073D-CCA2-49FC-81E9-47C74228BD25}.Release|x64.ActiveCfg = Release|Any CPU
		{AA02073D-CCA2-49FC-81E9-47C74228BD25}.Release|x64.Build.0 = Release|Any CPU
		{AA02073D-CCA2-49FC-81E9-47C74228BD25}.Release|x86.ActiveCfg = Release|Any CPU
		{AA02073D-CCA2-49FC-81E9-47C74228BD25}.Release|x86.Build.0 = Release|Any CPU
		{EE795390-7439-48FE-942F-0B35B98BEE8D}.Ad-Hoc|Any CPU.ActiveCfg = Debug|Any CPU
		{EE795390-7439-48FE-942F-0B35B98BEE8D}.Ad-Hoc|Any CPU.Build.0 = Debug|Any CPU
		{EE795390-7439-48FE-942F-0B35B98BEE8D}.Ad-Hoc|ARM.ActiveCfg = Debug|Any CPU
		{EE795390-7439-48FE-942F-0B35B98BEE8D}.Ad-Hoc|ARM.Build.0 = Debug|Any CPU
		{EE795390-7439-48FE-942F-0B35B98BEE8D}.Ad-Hoc|ARM64.ActiveCfg = Debug|Any CPU
		{EE795390-7439-48FE-942F-0B35B98BEE8D}.Ad-Hoc|ARM64.Build.0 = Debug|Any CPU
		{EE795390-7439-48FE-942F-0B35B98BEE8D}.Ad-Hoc|iPhone.ActiveCfg = Debug|Any CPU
		{EE795390-7439-48FE-942F-0B35B98BEE8D}.Ad-Hoc|iPhone.Build.0 = Debug|Any CPU
		{EE795390-7439-48FE-942F-0B35B98BEE8D}.Ad-Hoc|iPhoneSimulator.ActiveCfg = Debug|Any CPU
		{EE795390-7439-48FE-942F-0B35B98BEE8D}.Ad-Hoc|iPhoneSimulator.Build.0 = Debug|Any CPU
		{EE795390-7439-48FE-942F-0B35B98BEE8D}.Ad-Hoc|x64.ActiveCfg = Debug|Any CPU
		{EE795390-7439-48FE-942F-0B35B98BEE8D}.Ad-Hoc|x64.Build.0 = Debug|Any CPU
		{EE795390-7439-48FE-942F-0B35B98BEE8D}.Ad-Hoc|x86.ActiveCfg = Debug|Any CPU
		{EE795390-7439-48FE-942F-0B35B98BEE8D}.Ad-Hoc|x86.Build.0 = Debug|Any CPU
		{EE795390-7439-48FE-942F-0B35B98BEE8D}.AppStore|Any CPU.ActiveCfg = Debug|Any CPU
		{EE795390-7439-48FE-942F-0B35B98BEE8D}.AppStore|Any CPU.Build.0 = Debug|Any CPU
		{EE795390-7439-48FE-942F-0B35B98BEE8D}.AppStore|ARM.ActiveCfg = Debug|Any CPU
		{EE795390-7439-48FE-942F-0B35B98BEE8D}.AppStore|ARM.Build.0 = Debug|Any CPU
		{EE795390-7439-48FE-942F-0B35B98BEE8D}.AppStore|ARM64.ActiveCfg = Debug|Any CPU
		{EE795390-7439-48FE-942F-0B35B98BEE8D}.AppStore|ARM64.Build.0 = Debug|Any CPU
		{EE795390-7439-48FE-942F-0B35B98BEE8D}.AppStore|iPhone.ActiveCfg = Debug|Any CPU
		{EE795390-7439-48FE-942F-0B35B98BEE8D}.AppStore|iPhone.Build.0 = Debug|Any CPU
		{EE795390-7439-48FE-942F-0B35B98BEE8D}.AppStore|iPhoneSimulator.ActiveCfg = Debug|Any CPU
		{EE795390-7439-48FE-942F-0B35B98BEE8D}.AppStore|iPhoneSimulator.Build.0 = Debug|Any CPU
		{EE795390-7439-48FE-942F-0B35B98BEE8D}.AppStore|x64.ActiveCfg = Debug|Any CPU
		{EE795390-7439-48FE-942F-0B35B98BEE8D}.AppStore|x64.Build.0 = Debug|Any CPU
		{EE795390-7439-48FE-942F-0B35B98BEE8D}.AppStore|x86.ActiveCfg = Debug|Any CPU
		{EE795390-7439-48FE-942F-0B35B98BEE8D}.AppStore|x86.Build.0 = Debug|Any CPU
		{EE795390-7439-48FE-942F-0B35B98BEE8D}.Debug|Any CPU.ActiveCfg = Debug|Any CPU
		{EE795390-7439-48FE-942F-0B35B98BEE8D}.Debug|Any CPU.Build.0 = Debug|Any CPU
		{EE795390-7439-48FE-942F-0B35B98BEE8D}.Debug|ARM.ActiveCfg = Debug|Any CPU
		{EE795390-7439-48FE-942F-0B35B98BEE8D}.Debug|ARM.Build.0 = Debug|Any CPU
		{EE795390-7439-48FE-942F-0B35B98BEE8D}.Debug|ARM64.ActiveCfg = Debug|Any CPU
		{EE795390-7439-48FE-942F-0B35B98BEE8D}.Debug|ARM64.Build.0 = Debug|Any CPU
		{EE795390-7439-48FE-942F-0B35B98BEE8D}.Debug|iPhone.ActiveCfg = Debug|Any CPU
		{EE795390-7439-48FE-942F-0B35B98BEE8D}.Debug|iPhone.Build.0 = Debug|Any CPU
		{EE795390-7439-48FE-942F-0B35B98BEE8D}.Debug|iPhoneSimulator.ActiveCfg = Debug|Any CPU
		{EE795390-7439-48FE-942F-0B35B98BEE8D}.Debug|iPhoneSimulator.Build.0 = Debug|Any CPU
		{EE795390-7439-48FE-942F-0B35B98BEE8D}.Debug|x64.ActiveCfg = Debug|Any CPU
		{EE795390-7439-48FE-942F-0B35B98BEE8D}.Debug|x64.Build.0 = Debug|Any CPU
		{EE795390-7439-48FE-942F-0B35B98BEE8D}.Debug|x86.ActiveCfg = Debug|Any CPU
		{EE795390-7439-48FE-942F-0B35B98BEE8D}.Debug|x86.Build.0 = Debug|Any CPU
		{EE795390-7439-48FE-942F-0B35B98BEE8D}.Release|Any CPU.ActiveCfg = Release|Any CPU
		{EE795390-7439-48FE-942F-0B35B98BEE8D}.Release|Any CPU.Build.0 = Release|Any CPU
		{EE795390-7439-48FE-942F-0B35B98BEE8D}.Release|ARM.ActiveCfg = Release|Any CPU
		{EE795390-7439-48FE-942F-0B35B98BEE8D}.Release|ARM.Build.0 = Release|Any CPU
		{EE795390-7439-48FE-942F-0B35B98BEE8D}.Release|ARM64.ActiveCfg = Release|Any CPU
		{EE795390-7439-48FE-942F-0B35B98BEE8D}.Release|ARM64.Build.0 = Release|Any CPU
		{EE795390-7439-48FE-942F-0B35B98BEE8D}.Release|iPhone.ActiveCfg = Release|Any CPU
		{EE795390-7439-48FE-942F-0B35B98BEE8D}.Release|iPhone.Build.0 = Release|Any CPU
		{EE795390-7439-48FE-942F-0B35B98BEE8D}.Release|iPhoneSimulator.ActiveCfg = Release|Any CPU
		{EE795390-7439-48FE-942F-0B35B98BEE8D}.Release|iPhoneSimulator.Build.0 = Release|Any CPU
		{EE795390-7439-48FE-942F-0B35B98BEE8D}.Release|x64.ActiveCfg = Release|Any CPU
		{EE795390-7439-48FE-942F-0B35B98BEE8D}.Release|x64.Build.0 = Release|Any CPU
		{EE795390-7439-48FE-942F-0B35B98BEE8D}.Release|x86.ActiveCfg = Release|Any CPU
		{EE795390-7439-48FE-942F-0B35B98BEE8D}.Release|x86.Build.0 = Release|Any CPU
		{5AFC491C-0145-446C-B27D-31A3E15F0608}.Ad-Hoc|Any CPU.ActiveCfg = Debug|Any CPU
		{5AFC491C-0145-446C-B27D-31A3E15F0608}.Ad-Hoc|Any CPU.Build.0 = Debug|Any CPU
		{5AFC491C-0145-446C-B27D-31A3E15F0608}.Ad-Hoc|ARM.ActiveCfg = Debug|Any CPU
		{5AFC491C-0145-446C-B27D-31A3E15F0608}.Ad-Hoc|ARM.Build.0 = Debug|Any CPU
		{5AFC491C-0145-446C-B27D-31A3E15F0608}.Ad-Hoc|ARM64.ActiveCfg = Debug|Any CPU
		{5AFC491C-0145-446C-B27D-31A3E15F0608}.Ad-Hoc|ARM64.Build.0 = Debug|Any CPU
		{5AFC491C-0145-446C-B27D-31A3E15F0608}.Ad-Hoc|iPhone.ActiveCfg = Debug|Any CPU
		{5AFC491C-0145-446C-B27D-31A3E15F0608}.Ad-Hoc|iPhone.Build.0 = Debug|Any CPU
		{5AFC491C-0145-446C-B27D-31A3E15F0608}.Ad-Hoc|iPhoneSimulator.ActiveCfg = Debug|Any CPU
		{5AFC491C-0145-446C-B27D-31A3E15F0608}.Ad-Hoc|iPhoneSimulator.Build.0 = Debug|Any CPU
		{5AFC491C-0145-446C-B27D-31A3E15F0608}.Ad-Hoc|x64.ActiveCfg = Debug|Any CPU
		{5AFC491C-0145-446C-B27D-31A3E15F0608}.Ad-Hoc|x64.Build.0 = Debug|Any CPU
		{5AFC491C-0145-446C-B27D-31A3E15F0608}.Ad-Hoc|x86.ActiveCfg = Debug|Any CPU
		{5AFC491C-0145-446C-B27D-31A3E15F0608}.Ad-Hoc|x86.Build.0 = Debug|Any CPU
		{5AFC491C-0145-446C-B27D-31A3E15F0608}.AppStore|Any CPU.ActiveCfg = Debug|Any CPU
		{5AFC491C-0145-446C-B27D-31A3E15F0608}.AppStore|Any CPU.Build.0 = Debug|Any CPU
		{5AFC491C-0145-446C-B27D-31A3E15F0608}.AppStore|ARM.ActiveCfg = Debug|Any CPU
		{5AFC491C-0145-446C-B27D-31A3E15F0608}.AppStore|ARM.Build.0 = Debug|Any CPU
		{5AFC491C-0145-446C-B27D-31A3E15F0608}.AppStore|ARM64.ActiveCfg = Debug|Any CPU
		{5AFC491C-0145-446C-B27D-31A3E15F0608}.AppStore|ARM64.Build.0 = Debug|Any CPU
		{5AFC491C-0145-446C-B27D-31A3E15F0608}.AppStore|iPhone.ActiveCfg = Debug|Any CPU
		{5AFC491C-0145-446C-B27D-31A3E15F0608}.AppStore|iPhone.Build.0 = Debug|Any CPU
		{5AFC491C-0145-446C-B27D-31A3E15F0608}.AppStore|iPhoneSimulator.ActiveCfg = Debug|Any CPU
		{5AFC491C-0145-446C-B27D-31A3E15F0608}.AppStore|iPhoneSimulator.Build.0 = Debug|Any CPU
		{5AFC491C-0145-446C-B27D-31A3E15F0608}.AppStore|x64.ActiveCfg = Debug|Any CPU
		{5AFC491C-0145-446C-B27D-31A3E15F0608}.AppStore|x64.Build.0 = Debug|Any CPU
		{5AFC491C-0145-446C-B27D-31A3E15F0608}.AppStore|x86.ActiveCfg = Debug|Any CPU
		{5AFC491C-0145-446C-B27D-31A3E15F0608}.AppStore|x86.Build.0 = Debug|Any CPU
		{5AFC491C-0145-446C-B27D-31A3E15F0608}.Debug|Any CPU.ActiveCfg = Debug|Any CPU
		{5AFC491C-0145-446C-B27D-31A3E15F0608}.Debug|Any CPU.Build.0 = Debug|Any CPU
		{5AFC491C-0145-446C-B27D-31A3E15F0608}.Debug|ARM.ActiveCfg = Debug|Any CPU
		{5AFC491C-0145-446C-B27D-31A3E15F0608}.Debug|ARM.Build.0 = Debug|Any CPU
		{5AFC491C-0145-446C-B27D-31A3E15F0608}.Debug|ARM64.ActiveCfg = Debug|Any CPU
		{5AFC491C-0145-446C-B27D-31A3E15F0608}.Debug|ARM64.Build.0 = Debug|Any CPU
		{5AFC491C-0145-446C-B27D-31A3E15F0608}.Debug|iPhone.ActiveCfg = Debug|Any CPU
		{5AFC491C-0145-446C-B27D-31A3E15F0608}.Debug|iPhone.Build.0 = Debug|Any CPU
		{5AFC491C-0145-446C-B27D-31A3E15F0608}.Debug|iPhoneSimulator.ActiveCfg = Debug|Any CPU
		{5AFC491C-0145-446C-B27D-31A3E15F0608}.Debug|iPhoneSimulator.Build.0 = Debug|Any CPU
		{5AFC491C-0145-446C-B27D-31A3E15F0608}.Debug|x64.ActiveCfg = Debug|Any CPU
		{5AFC491C-0145-446C-B27D-31A3E15F0608}.Debug|x64.Build.0 = Debug|Any CPU
		{5AFC491C-0145-446C-B27D-31A3E15F0608}.Debug|x86.ActiveCfg = Debug|Any CPU
		{5AFC491C-0145-446C-B27D-31A3E15F0608}.Debug|x86.Build.0 = Debug|Any CPU
		{5AFC491C-0145-446C-B27D-31A3E15F0608}.Release|Any CPU.ActiveCfg = Release|Any CPU
		{5AFC491C-0145-446C-B27D-31A3E15F0608}.Release|Any CPU.Build.0 = Release|Any CPU
		{5AFC491C-0145-446C-B27D-31A3E15F0608}.Release|ARM.ActiveCfg = Release|Any CPU
		{5AFC491C-0145-446C-B27D-31A3E15F0608}.Release|ARM.Build.0 = Release|Any CPU
		{5AFC491C-0145-446C-B27D-31A3E15F0608}.Release|ARM64.ActiveCfg = Release|Any CPU
		{5AFC491C-0145-446C-B27D-31A3E15F0608}.Release|ARM64.Build.0 = Release|Any CPU
		{5AFC491C-0145-446C-B27D-31A3E15F0608}.Release|iPhone.ActiveCfg = Release|Any CPU
		{5AFC491C-0145-446C-B27D-31A3E15F0608}.Release|iPhone.Build.0 = Release|Any CPU
		{5AFC491C-0145-446C-B27D-31A3E15F0608}.Release|iPhoneSimulator.ActiveCfg = Release|Any CPU
		{5AFC491C-0145-446C-B27D-31A3E15F0608}.Release|iPhoneSimulator.Build.0 = Release|Any CPU
		{5AFC491C-0145-446C-B27D-31A3E15F0608}.Release|x64.ActiveCfg = Release|Any CPU
		{5AFC491C-0145-446C-B27D-31A3E15F0608}.Release|x64.Build.0 = Release|Any CPU
		{5AFC491C-0145-446C-B27D-31A3E15F0608}.Release|x86.ActiveCfg = Release|Any CPU
		{5AFC491C-0145-446C-B27D-31A3E15F0608}.Release|x86.Build.0 = Release|Any CPU
		{6D2499BF-0387-40C0-A418-6D8C653D75B4}.Ad-Hoc|Any CPU.ActiveCfg = Debug|Any CPU
		{6D2499BF-0387-40C0-A418-6D8C653D75B4}.Ad-Hoc|Any CPU.Build.0 = Debug|Any CPU
		{6D2499BF-0387-40C0-A418-6D8C653D75B4}.Ad-Hoc|ARM.ActiveCfg = Debug|Any CPU
		{6D2499BF-0387-40C0-A418-6D8C653D75B4}.Ad-Hoc|ARM.Build.0 = Debug|Any CPU
		{6D2499BF-0387-40C0-A418-6D8C653D75B4}.Ad-Hoc|ARM64.ActiveCfg = Debug|Any CPU
		{6D2499BF-0387-40C0-A418-6D8C653D75B4}.Ad-Hoc|ARM64.Build.0 = Debug|Any CPU
		{6D2499BF-0387-40C0-A418-6D8C653D75B4}.Ad-Hoc|iPhone.ActiveCfg = Debug|Any CPU
		{6D2499BF-0387-40C0-A418-6D8C653D75B4}.Ad-Hoc|iPhone.Build.0 = Debug|Any CPU
		{6D2499BF-0387-40C0-A418-6D8C653D75B4}.Ad-Hoc|iPhoneSimulator.ActiveCfg = Debug|Any CPU
		{6D2499BF-0387-40C0-A418-6D8C653D75B4}.Ad-Hoc|iPhoneSimulator.Build.0 = Debug|Any CPU
		{6D2499BF-0387-40C0-A418-6D8C653D75B4}.Ad-Hoc|x64.ActiveCfg = Debug|Any CPU
		{6D2499BF-0387-40C0-A418-6D8C653D75B4}.Ad-Hoc|x64.Build.0 = Debug|Any CPU
		{6D2499BF-0387-40C0-A418-6D8C653D75B4}.Ad-Hoc|x86.ActiveCfg = Debug|Any CPU
		{6D2499BF-0387-40C0-A418-6D8C653D75B4}.Ad-Hoc|x86.Build.0 = Debug|Any CPU
		{6D2499BF-0387-40C0-A418-6D8C653D75B4}.AppStore|Any CPU.ActiveCfg = Debug|Any CPU
		{6D2499BF-0387-40C0-A418-6D8C653D75B4}.AppStore|Any CPU.Build.0 = Debug|Any CPU
		{6D2499BF-0387-40C0-A418-6D8C653D75B4}.AppStore|ARM.ActiveCfg = Debug|Any CPU
		{6D2499BF-0387-40C0-A418-6D8C653D75B4}.AppStore|ARM.Build.0 = Debug|Any CPU
		{6D2499BF-0387-40C0-A418-6D8C653D75B4}.AppStore|ARM64.ActiveCfg = Debug|Any CPU
		{6D2499BF-0387-40C0-A418-6D8C653D75B4}.AppStore|ARM64.Build.0 = Debug|Any CPU
		{6D2499BF-0387-40C0-A418-6D8C653D75B4}.AppStore|iPhone.ActiveCfg = Debug|Any CPU
		{6D2499BF-0387-40C0-A418-6D8C653D75B4}.AppStore|iPhone.Build.0 = Debug|Any CPU
		{6D2499BF-0387-40C0-A418-6D8C653D75B4}.AppStore|iPhoneSimulator.ActiveCfg = Debug|Any CPU
		{6D2499BF-0387-40C0-A418-6D8C653D75B4}.AppStore|iPhoneSimulator.Build.0 = Debug|Any CPU
		{6D2499BF-0387-40C0-A418-6D8C653D75B4}.AppStore|x64.ActiveCfg = Debug|Any CPU
		{6D2499BF-0387-40C0-A418-6D8C653D75B4}.AppStore|x64.Build.0 = Debug|Any CPU
		{6D2499BF-0387-40C0-A418-6D8C653D75B4}.AppStore|x86.ActiveCfg = Debug|Any CPU
		{6D2499BF-0387-40C0-A418-6D8C653D75B4}.AppStore|x86.Build.0 = Debug|Any CPU
		{6D2499BF-0387-40C0-A418-6D8C653D75B4}.Debug|Any CPU.ActiveCfg = Debug|Any CPU
		{6D2499BF-0387-40C0-A418-6D8C653D75B4}.Debug|Any CPU.Build.0 = Debug|Any CPU
		{6D2499BF-0387-40C0-A418-6D8C653D75B4}.Debug|ARM.ActiveCfg = Debug|Any CPU
		{6D2499BF-0387-40C0-A418-6D8C653D75B4}.Debug|ARM.Build.0 = Debug|Any CPU
		{6D2499BF-0387-40C0-A418-6D8C653D75B4}.Debug|ARM64.ActiveCfg = Debug|Any CPU
		{6D2499BF-0387-40C0-A418-6D8C653D75B4}.Debug|ARM64.Build.0 = Debug|Any CPU
		{6D2499BF-0387-40C0-A418-6D8C653D75B4}.Debug|iPhone.ActiveCfg = Debug|Any CPU
		{6D2499BF-0387-40C0-A418-6D8C653D75B4}.Debug|iPhone.Build.0 = Debug|Any CPU
		{6D2499BF-0387-40C0-A418-6D8C653D75B4}.Debug|iPhoneSimulator.ActiveCfg = Debug|Any CPU
		{6D2499BF-0387-40C0-A418-6D8C653D75B4}.Debug|iPhoneSimulator.Build.0 = Debug|Any CPU
		{6D2499BF-0387-40C0-A418-6D8C653D75B4}.Debug|x64.ActiveCfg = Debug|Any CPU
		{6D2499BF-0387-40C0-A418-6D8C653D75B4}.Debug|x64.Build.0 = Debug|Any CPU
		{6D2499BF-0387-40C0-A418-6D8C653D75B4}.Debug|x86.ActiveCfg = Debug|Any CPU
		{6D2499BF-0387-40C0-A418-6D8C653D75B4}.Debug|x86.Build.0 = Debug|Any CPU
		{6D2499BF-0387-40C0-A418-6D8C653D75B4}.Release|Any CPU.ActiveCfg = Release|Any CPU
		{6D2499BF-0387-40C0-A418-6D8C653D75B4}.Release|Any CPU.Build.0 = Release|Any CPU
		{6D2499BF-0387-40C0-A418-6D8C653D75B4}.Release|ARM.ActiveCfg = Release|Any CPU
		{6D2499BF-0387-40C0-A418-6D8C653D75B4}.Release|ARM.Build.0 = Release|Any CPU
		{6D2499BF-0387-40C0-A418-6D8C653D75B4}.Release|ARM64.ActiveCfg = Release|Any CPU
		{6D2499BF-0387-40C0-A418-6D8C653D75B4}.Release|ARM64.Build.0 = Release|Any CPU
		{6D2499BF-0387-40C0-A418-6D8C653D75B4}.Release|iPhone.ActiveCfg = Release|Any CPU
		{6D2499BF-0387-40C0-A418-6D8C653D75B4}.Release|iPhone.Build.0 = Release|Any CPU
		{6D2499BF-0387-40C0-A418-6D8C653D75B4}.Release|iPhoneSimulator.ActiveCfg = Release|Any CPU
		{6D2499BF-0387-40C0-A418-6D8C653D75B4}.Release|iPhoneSimulator.Build.0 = Release|Any CPU
		{6D2499BF-0387-40C0-A418-6D8C653D75B4}.Release|x64.ActiveCfg = Release|Any CPU
		{6D2499BF-0387-40C0-A418-6D8C653D75B4}.Release|x64.Build.0 = Release|Any CPU
		{6D2499BF-0387-40C0-A418-6D8C653D75B4}.Release|x86.ActiveCfg = Release|Any CPU
		{6D2499BF-0387-40C0-A418-6D8C653D75B4}.Release|x86.Build.0 = Release|Any CPU
		{8B3BDFFB-9B38-46E1-8DD2-246D351F8CD8}.Ad-Hoc|Any CPU.ActiveCfg = Debug|iPhoneSimulator
		{8B3BDFFB-9B38-46E1-8DD2-246D351F8CD8}.Ad-Hoc|Any CPU.Build.0 = Debug|iPhoneSimulator
		{8B3BDFFB-9B38-46E1-8DD2-246D351F8CD8}.Ad-Hoc|ARM.ActiveCfg = Debug|iPhoneSimulator
		{8B3BDFFB-9B38-46E1-8DD2-246D351F8CD8}.Ad-Hoc|ARM.Build.0 = Debug|iPhoneSimulator
		{8B3BDFFB-9B38-46E1-8DD2-246D351F8CD8}.Ad-Hoc|ARM64.ActiveCfg = Debug|iPhoneSimulator
		{8B3BDFFB-9B38-46E1-8DD2-246D351F8CD8}.Ad-Hoc|ARM64.Build.0 = Debug|iPhoneSimulator
		{8B3BDFFB-9B38-46E1-8DD2-246D351F8CD8}.Ad-Hoc|iPhone.ActiveCfg = Debug|iPhoneSimulator
		{8B3BDFFB-9B38-46E1-8DD2-246D351F8CD8}.Ad-Hoc|iPhone.Build.0 = Debug|iPhoneSimulator
		{8B3BDFFB-9B38-46E1-8DD2-246D351F8CD8}.Ad-Hoc|iPhoneSimulator.ActiveCfg = Debug|iPhoneSimulator
		{8B3BDFFB-9B38-46E1-8DD2-246D351F8CD8}.Ad-Hoc|iPhoneSimulator.Build.0 = Debug|iPhoneSimulator
		{8B3BDFFB-9B38-46E1-8DD2-246D351F8CD8}.Ad-Hoc|x64.ActiveCfg = Debug|iPhoneSimulator
		{8B3BDFFB-9B38-46E1-8DD2-246D351F8CD8}.Ad-Hoc|x64.Build.0 = Debug|iPhoneSimulator
		{8B3BDFFB-9B38-46E1-8DD2-246D351F8CD8}.Ad-Hoc|x86.ActiveCfg = Debug|iPhoneSimulator
		{8B3BDFFB-9B38-46E1-8DD2-246D351F8CD8}.Ad-Hoc|x86.Build.0 = Debug|iPhoneSimulator
		{8B3BDFFB-9B38-46E1-8DD2-246D351F8CD8}.AppStore|Any CPU.ActiveCfg = Debug|iPhoneSimulator
		{8B3BDFFB-9B38-46E1-8DD2-246D351F8CD8}.AppStore|Any CPU.Build.0 = Debug|iPhoneSimulator
		{8B3BDFFB-9B38-46E1-8DD2-246D351F8CD8}.AppStore|ARM.ActiveCfg = Debug|iPhoneSimulator
		{8B3BDFFB-9B38-46E1-8DD2-246D351F8CD8}.AppStore|ARM.Build.0 = Debug|iPhoneSimulator
		{8B3BDFFB-9B38-46E1-8DD2-246D351F8CD8}.AppStore|ARM64.ActiveCfg = Debug|iPhoneSimulator
		{8B3BDFFB-9B38-46E1-8DD2-246D351F8CD8}.AppStore|ARM64.Build.0 = Debug|iPhoneSimulator
		{8B3BDFFB-9B38-46E1-8DD2-246D351F8CD8}.AppStore|iPhone.ActiveCfg = Debug|iPhoneSimulator
		{8B3BDFFB-9B38-46E1-8DD2-246D351F8CD8}.AppStore|iPhone.Build.0 = Debug|iPhoneSimulator
		{8B3BDFFB-9B38-46E1-8DD2-246D351F8CD8}.AppStore|iPhoneSimulator.ActiveCfg = Debug|iPhoneSimulator
		{8B3BDFFB-9B38-46E1-8DD2-246D351F8CD8}.AppStore|iPhoneSimulator.Build.0 = Debug|iPhoneSimulator
		{8B3BDFFB-9B38-46E1-8DD2-246D351F8CD8}.AppStore|x64.ActiveCfg = Debug|iPhoneSimulator
		{8B3BDFFB-9B38-46E1-8DD2-246D351F8CD8}.AppStore|x64.Build.0 = Debug|iPhoneSimulator
		{8B3BDFFB-9B38-46E1-8DD2-246D351F8CD8}.AppStore|x86.ActiveCfg = Debug|iPhoneSimulator
		{8B3BDFFB-9B38-46E1-8DD2-246D351F8CD8}.AppStore|x86.Build.0 = Debug|iPhoneSimulator
		{8B3BDFFB-9B38-46E1-8DD2-246D351F8CD8}.Debug|Any CPU.ActiveCfg = Debug|iPhoneSimulator
		{8B3BDFFB-9B38-46E1-8DD2-246D351F8CD8}.Debug|ARM.ActiveCfg = Debug|iPhoneSimulator
		{8B3BDFFB-9B38-46E1-8DD2-246D351F8CD8}.Debug|ARM64.ActiveCfg = Debug|iPhoneSimulator
		{8B3BDFFB-9B38-46E1-8DD2-246D351F8CD8}.Debug|iPhone.ActiveCfg = Debug|iPhoneSimulator
		{8B3BDFFB-9B38-46E1-8DD2-246D351F8CD8}.Debug|iPhoneSimulator.ActiveCfg = Debug|iPhoneSimulator
		{8B3BDFFB-9B38-46E1-8DD2-246D351F8CD8}.Debug|iPhoneSimulator.Build.0 = Debug|iPhoneSimulator
		{8B3BDFFB-9B38-46E1-8DD2-246D351F8CD8}.Debug|x64.ActiveCfg = Debug|iPhoneSimulator
		{8B3BDFFB-9B38-46E1-8DD2-246D351F8CD8}.Debug|x86.ActiveCfg = Debug|iPhoneSimulator
		{8B3BDFFB-9B38-46E1-8DD2-246D351F8CD8}.Release|Any CPU.ActiveCfg = Release|iPhoneSimulator
		{8B3BDFFB-9B38-46E1-8DD2-246D351F8CD8}.Release|ARM.ActiveCfg = Release|iPhoneSimulator
		{8B3BDFFB-9B38-46E1-8DD2-246D351F8CD8}.Release|ARM64.ActiveCfg = Release|iPhoneSimulator
		{8B3BDFFB-9B38-46E1-8DD2-246D351F8CD8}.Release|iPhone.ActiveCfg = Release|iPhoneSimulator
		{8B3BDFFB-9B38-46E1-8DD2-246D351F8CD8}.Release|iPhoneSimulator.ActiveCfg = Release|iPhoneSimulator
		{8B3BDFFB-9B38-46E1-8DD2-246D351F8CD8}.Release|iPhoneSimulator.Build.0 = Release|iPhoneSimulator
		{8B3BDFFB-9B38-46E1-8DD2-246D351F8CD8}.Release|x64.ActiveCfg = Release|iPhoneSimulator
		{8B3BDFFB-9B38-46E1-8DD2-246D351F8CD8}.Release|x86.ActiveCfg = Release|iPhoneSimulator
		{D39C0150-FC42-4450-842A-2D61B3773F1F}.Ad-Hoc|Any CPU.ActiveCfg = Ad-Hoc|iPhoneSimulator
		{D39C0150-FC42-4450-842A-2D61B3773F1F}.Ad-Hoc|ARM.ActiveCfg = Ad-Hoc|iPhoneSimulator
		{D39C0150-FC42-4450-842A-2D61B3773F1F}.Ad-Hoc|ARM64.ActiveCfg = Ad-Hoc|iPhoneSimulator
		{D39C0150-FC42-4450-842A-2D61B3773F1F}.Ad-Hoc|iPhone.ActiveCfg = Ad-Hoc|iPhone
		{D39C0150-FC42-4450-842A-2D61B3773F1F}.Ad-Hoc|iPhone.Build.0 = Ad-Hoc|iPhone
		{D39C0150-FC42-4450-842A-2D61B3773F1F}.Ad-Hoc|iPhoneSimulator.ActiveCfg = Ad-Hoc|iPhoneSimulator
		{D39C0150-FC42-4450-842A-2D61B3773F1F}.Ad-Hoc|iPhoneSimulator.Build.0 = Ad-Hoc|iPhoneSimulator
		{D39C0150-FC42-4450-842A-2D61B3773F1F}.Ad-Hoc|x64.ActiveCfg = Ad-Hoc|iPhoneSimulator
		{D39C0150-FC42-4450-842A-2D61B3773F1F}.Ad-Hoc|x86.ActiveCfg = Ad-Hoc|iPhoneSimulator
		{D39C0150-FC42-4450-842A-2D61B3773F1F}.AppStore|Any CPU.ActiveCfg = AppStore|iPhoneSimulator
		{D39C0150-FC42-4450-842A-2D61B3773F1F}.AppStore|ARM.ActiveCfg = AppStore|iPhoneSimulator
		{D39C0150-FC42-4450-842A-2D61B3773F1F}.AppStore|ARM64.ActiveCfg = AppStore|iPhoneSimulator
		{D39C0150-FC42-4450-842A-2D61B3773F1F}.AppStore|iPhone.ActiveCfg = AppStore|iPhone
		{D39C0150-FC42-4450-842A-2D61B3773F1F}.AppStore|iPhone.Build.0 = AppStore|iPhone
		{D39C0150-FC42-4450-842A-2D61B3773F1F}.AppStore|iPhoneSimulator.ActiveCfg = AppStore|iPhoneSimulator
		{D39C0150-FC42-4450-842A-2D61B3773F1F}.AppStore|iPhoneSimulator.Build.0 = AppStore|iPhoneSimulator
		{D39C0150-FC42-4450-842A-2D61B3773F1F}.AppStore|x64.ActiveCfg = AppStore|iPhoneSimulator
		{D39C0150-FC42-4450-842A-2D61B3773F1F}.AppStore|x86.ActiveCfg = AppStore|iPhoneSimulator
		{D39C0150-FC42-4450-842A-2D61B3773F1F}.Debug|Any CPU.ActiveCfg = Debug|iPhoneSimulator
		{D39C0150-FC42-4450-842A-2D61B3773F1F}.Debug|ARM.ActiveCfg = Debug|iPhoneSimulator
		{D39C0150-FC42-4450-842A-2D61B3773F1F}.Debug|ARM64.ActiveCfg = Debug|iPhoneSimulator
		{D39C0150-FC42-4450-842A-2D61B3773F1F}.Debug|iPhone.ActiveCfg = Debug|iPhone
		{D39C0150-FC42-4450-842A-2D61B3773F1F}.Debug|iPhone.Build.0 = Debug|iPhone
		{D39C0150-FC42-4450-842A-2D61B3773F1F}.Debug|iPhoneSimulator.ActiveCfg = Debug|iPhoneSimulator
		{D39C0150-FC42-4450-842A-2D61B3773F1F}.Debug|iPhoneSimulator.Build.0 = Debug|iPhoneSimulator
		{D39C0150-FC42-4450-842A-2D61B3773F1F}.Debug|x64.ActiveCfg = Debug|iPhoneSimulator
		{D39C0150-FC42-4450-842A-2D61B3773F1F}.Debug|x86.ActiveCfg = Debug|iPhoneSimulator
		{D39C0150-FC42-4450-842A-2D61B3773F1F}.Release|Any CPU.ActiveCfg = Release|iPhoneSimulator
		{D39C0150-FC42-4450-842A-2D61B3773F1F}.Release|ARM.ActiveCfg = Release|iPhoneSimulator
		{D39C0150-FC42-4450-842A-2D61B3773F1F}.Release|ARM64.ActiveCfg = Release|iPhoneSimulator
		{D39C0150-FC42-4450-842A-2D61B3773F1F}.Release|iPhone.ActiveCfg = Release|iPhone
		{D39C0150-FC42-4450-842A-2D61B3773F1F}.Release|iPhone.Build.0 = Release|iPhone
		{D39C0150-FC42-4450-842A-2D61B3773F1F}.Release|iPhoneSimulator.ActiveCfg = Release|iPhoneSimulator
		{D39C0150-FC42-4450-842A-2D61B3773F1F}.Release|iPhoneSimulator.Build.0 = Release|iPhoneSimulator
		{D39C0150-FC42-4450-842A-2D61B3773F1F}.Release|x64.ActiveCfg = Release|iPhoneSimulator
		{D39C0150-FC42-4450-842A-2D61B3773F1F}.Release|x86.ActiveCfg = Release|iPhoneSimulator
		{B95AE2BC-3862-44E5-866D-A063C81BFD2B}.Ad-Hoc|Any CPU.ActiveCfg = Debug|Any CPU
		{B95AE2BC-3862-44E5-866D-A063C81BFD2B}.Ad-Hoc|Any CPU.Build.0 = Debug|Any CPU
		{B95AE2BC-3862-44E5-866D-A063C81BFD2B}.Ad-Hoc|Any CPU.Deploy.0 = Debug|Any CPU
		{B95AE2BC-3862-44E5-866D-A063C81BFD2B}.Ad-Hoc|ARM.ActiveCfg = Debug|Any CPU
		{B95AE2BC-3862-44E5-866D-A063C81BFD2B}.Ad-Hoc|ARM.Build.0 = Debug|Any CPU
		{B95AE2BC-3862-44E5-866D-A063C81BFD2B}.Ad-Hoc|ARM.Deploy.0 = Debug|Any CPU
		{B95AE2BC-3862-44E5-866D-A063C81BFD2B}.Ad-Hoc|ARM64.ActiveCfg = Debug|Any CPU
		{B95AE2BC-3862-44E5-866D-A063C81BFD2B}.Ad-Hoc|ARM64.Build.0 = Debug|Any CPU
		{B95AE2BC-3862-44E5-866D-A063C81BFD2B}.Ad-Hoc|ARM64.Deploy.0 = Debug|Any CPU
		{B95AE2BC-3862-44E5-866D-A063C81BFD2B}.Ad-Hoc|iPhone.ActiveCfg = Debug|Any CPU
		{B95AE2BC-3862-44E5-866D-A063C81BFD2B}.Ad-Hoc|iPhone.Build.0 = Debug|Any CPU
		{B95AE2BC-3862-44E5-866D-A063C81BFD2B}.Ad-Hoc|iPhone.Deploy.0 = Debug|Any CPU
		{B95AE2BC-3862-44E5-866D-A063C81BFD2B}.Ad-Hoc|iPhoneSimulator.ActiveCfg = Debug|Any CPU
		{B95AE2BC-3862-44E5-866D-A063C81BFD2B}.Ad-Hoc|iPhoneSimulator.Build.0 = Debug|Any CPU
		{B95AE2BC-3862-44E5-866D-A063C81BFD2B}.Ad-Hoc|iPhoneSimulator.Deploy.0 = Debug|Any CPU
		{B95AE2BC-3862-44E5-866D-A063C81BFD2B}.Ad-Hoc|x64.ActiveCfg = Debug|Any CPU
		{B95AE2BC-3862-44E5-866D-A063C81BFD2B}.Ad-Hoc|x64.Build.0 = Debug|Any CPU
		{B95AE2BC-3862-44E5-866D-A063C81BFD2B}.Ad-Hoc|x64.Deploy.0 = Debug|Any CPU
		{B95AE2BC-3862-44E5-866D-A063C81BFD2B}.Ad-Hoc|x86.ActiveCfg = Debug|Any CPU
		{B95AE2BC-3862-44E5-866D-A063C81BFD2B}.Ad-Hoc|x86.Build.0 = Debug|Any CPU
		{B95AE2BC-3862-44E5-866D-A063C81BFD2B}.Ad-Hoc|x86.Deploy.0 = Debug|Any CPU
		{B95AE2BC-3862-44E5-866D-A063C81BFD2B}.AppStore|Any CPU.ActiveCfg = Debug|Any CPU
		{B95AE2BC-3862-44E5-866D-A063C81BFD2B}.AppStore|Any CPU.Build.0 = Debug|Any CPU
		{B95AE2BC-3862-44E5-866D-A063C81BFD2B}.AppStore|Any CPU.Deploy.0 = Debug|Any CPU
		{B95AE2BC-3862-44E5-866D-A063C81BFD2B}.AppStore|ARM.ActiveCfg = Debug|Any CPU
		{B95AE2BC-3862-44E5-866D-A063C81BFD2B}.AppStore|ARM.Build.0 = Debug|Any CPU
		{B95AE2BC-3862-44E5-866D-A063C81BFD2B}.AppStore|ARM.Deploy.0 = Debug|Any CPU
		{B95AE2BC-3862-44E5-866D-A063C81BFD2B}.AppStore|ARM64.ActiveCfg = Debug|Any CPU
		{B95AE2BC-3862-44E5-866D-A063C81BFD2B}.AppStore|ARM64.Build.0 = Debug|Any CPU
		{B95AE2BC-3862-44E5-866D-A063C81BFD2B}.AppStore|ARM64.Deploy.0 = Debug|Any CPU
		{B95AE2BC-3862-44E5-866D-A063C81BFD2B}.AppStore|iPhone.ActiveCfg = Debug|Any CPU
		{B95AE2BC-3862-44E5-866D-A063C81BFD2B}.AppStore|iPhone.Build.0 = Debug|Any CPU
		{B95AE2BC-3862-44E5-866D-A063C81BFD2B}.AppStore|iPhone.Deploy.0 = Debug|Any CPU
		{B95AE2BC-3862-44E5-866D-A063C81BFD2B}.AppStore|iPhoneSimulator.ActiveCfg = Debug|Any CPU
		{B95AE2BC-3862-44E5-866D-A063C81BFD2B}.AppStore|iPhoneSimulator.Build.0 = Debug|Any CPU
		{B95AE2BC-3862-44E5-866D-A063C81BFD2B}.AppStore|iPhoneSimulator.Deploy.0 = Debug|Any CPU
		{B95AE2BC-3862-44E5-866D-A063C81BFD2B}.AppStore|x64.ActiveCfg = Debug|Any CPU
		{B95AE2BC-3862-44E5-866D-A063C81BFD2B}.AppStore|x64.Build.0 = Debug|Any CPU
		{B95AE2BC-3862-44E5-866D-A063C81BFD2B}.AppStore|x64.Deploy.0 = Debug|Any CPU
		{B95AE2BC-3862-44E5-866D-A063C81BFD2B}.AppStore|x86.ActiveCfg = Debug|Any CPU
		{B95AE2BC-3862-44E5-866D-A063C81BFD2B}.AppStore|x86.Build.0 = Debug|Any CPU
		{B95AE2BC-3862-44E5-866D-A063C81BFD2B}.AppStore|x86.Deploy.0 = Debug|Any CPU
		{B95AE2BC-3862-44E5-866D-A063C81BFD2B}.Debug|Any CPU.ActiveCfg = Debug|Any CPU
		{B95AE2BC-3862-44E5-866D-A063C81BFD2B}.Debug|Any CPU.Build.0 = Debug|Any CPU
		{B95AE2BC-3862-44E5-866D-A063C81BFD2B}.Debug|Any CPU.Deploy.0 = Debug|Any CPU
		{B95AE2BC-3862-44E5-866D-A063C81BFD2B}.Debug|ARM.ActiveCfg = Debug|Any CPU
		{B95AE2BC-3862-44E5-866D-A063C81BFD2B}.Debug|ARM.Build.0 = Debug|Any CPU
		{B95AE2BC-3862-44E5-866D-A063C81BFD2B}.Debug|ARM.Deploy.0 = Debug|Any CPU
		{B95AE2BC-3862-44E5-866D-A063C81BFD2B}.Debug|ARM64.ActiveCfg = Debug|Any CPU
		{B95AE2BC-3862-44E5-866D-A063C81BFD2B}.Debug|ARM64.Build.0 = Debug|Any CPU
		{B95AE2BC-3862-44E5-866D-A063C81BFD2B}.Debug|ARM64.Deploy.0 = Debug|Any CPU
		{B95AE2BC-3862-44E5-866D-A063C81BFD2B}.Debug|iPhone.ActiveCfg = Debug|Any CPU
		{B95AE2BC-3862-44E5-866D-A063C81BFD2B}.Debug|iPhone.Build.0 = Debug|Any CPU
		{B95AE2BC-3862-44E5-866D-A063C81BFD2B}.Debug|iPhone.Deploy.0 = Debug|Any CPU
		{B95AE2BC-3862-44E5-866D-A063C81BFD2B}.Debug|iPhoneSimulator.ActiveCfg = Debug|Any CPU
		{B95AE2BC-3862-44E5-866D-A063C81BFD2B}.Debug|iPhoneSimulator.Build.0 = Debug|Any CPU
		{B95AE2BC-3862-44E5-866D-A063C81BFD2B}.Debug|iPhoneSimulator.Deploy.0 = Debug|Any CPU
		{B95AE2BC-3862-44E5-866D-A063C81BFD2B}.Debug|x64.ActiveCfg = Debug|Any CPU
		{B95AE2BC-3862-44E5-866D-A063C81BFD2B}.Debug|x64.Build.0 = Debug|Any CPU
		{B95AE2BC-3862-44E5-866D-A063C81BFD2B}.Debug|x64.Deploy.0 = Debug|Any CPU
		{B95AE2BC-3862-44E5-866D-A063C81BFD2B}.Debug|x86.ActiveCfg = Debug|Any CPU
		{B95AE2BC-3862-44E5-866D-A063C81BFD2B}.Debug|x86.Build.0 = Debug|Any CPU
		{B95AE2BC-3862-44E5-866D-A063C81BFD2B}.Debug|x86.Deploy.0 = Debug|Any CPU
		{B95AE2BC-3862-44E5-866D-A063C81BFD2B}.Release|Any CPU.ActiveCfg = Release|Any CPU
		{B95AE2BC-3862-44E5-866D-A063C81BFD2B}.Release|Any CPU.Build.0 = Release|Any CPU
		{B95AE2BC-3862-44E5-866D-A063C81BFD2B}.Release|Any CPU.Deploy.0 = Release|Any CPU
		{B95AE2BC-3862-44E5-866D-A063C81BFD2B}.Release|ARM.ActiveCfg = Release|Any CPU
		{B95AE2BC-3862-44E5-866D-A063C81BFD2B}.Release|ARM.Build.0 = Release|Any CPU
		{B95AE2BC-3862-44E5-866D-A063C81BFD2B}.Release|ARM.Deploy.0 = Release|Any CPU
		{B95AE2BC-3862-44E5-866D-A063C81BFD2B}.Release|ARM64.ActiveCfg = Release|Any CPU
		{B95AE2BC-3862-44E5-866D-A063C81BFD2B}.Release|ARM64.Build.0 = Release|Any CPU
		{B95AE2BC-3862-44E5-866D-A063C81BFD2B}.Release|ARM64.Deploy.0 = Release|Any CPU
		{B95AE2BC-3862-44E5-866D-A063C81BFD2B}.Release|iPhone.ActiveCfg = Release|Any CPU
		{B95AE2BC-3862-44E5-866D-A063C81BFD2B}.Release|iPhone.Build.0 = Release|Any CPU
		{B95AE2BC-3862-44E5-866D-A063C81BFD2B}.Release|iPhone.Deploy.0 = Release|Any CPU
		{B95AE2BC-3862-44E5-866D-A063C81BFD2B}.Release|iPhoneSimulator.ActiveCfg = Release|Any CPU
		{B95AE2BC-3862-44E5-866D-A063C81BFD2B}.Release|iPhoneSimulator.Build.0 = Release|Any CPU
		{B95AE2BC-3862-44E5-866D-A063C81BFD2B}.Release|iPhoneSimulator.Deploy.0 = Release|Any CPU
		{B95AE2BC-3862-44E5-866D-A063C81BFD2B}.Release|x64.ActiveCfg = Release|Any CPU
		{B95AE2BC-3862-44E5-866D-A063C81BFD2B}.Release|x64.Build.0 = Release|Any CPU
		{B95AE2BC-3862-44E5-866D-A063C81BFD2B}.Release|x64.Deploy.0 = Release|Any CPU
		{B95AE2BC-3862-44E5-866D-A063C81BFD2B}.Release|x86.ActiveCfg = Release|Any CPU
		{B95AE2BC-3862-44E5-866D-A063C81BFD2B}.Release|x86.Build.0 = Release|Any CPU
		{B95AE2BC-3862-44E5-866D-A063C81BFD2B}.Release|x86.Deploy.0 = Release|Any CPU
	EndGlobalSection
	GlobalSection(SolutionProperties) = preSolution
		HideSolutionNode = FALSE
	EndGlobalSection
	GlobalSection(NestedProjects) = preSolution
		{7E754D3A-5074-41E4-A78F-D823C5E33B61} = {3383BA07-7CC2-42F6-9270-D629FFE5FDC2}
		{D14993C8-FA3F-4767-81D8-7E7F4F47DBC8} = {3383BA07-7CC2-42F6-9270-D629FFE5FDC2}
		{AA4BFECD-157E-4D18-A49A-F9125714D36E} = {3383BA07-7CC2-42F6-9270-D629FFE5FDC2}
		{AA02073D-CCA2-49FC-81E9-47C74228BD25} = {3383BA07-7CC2-42F6-9270-D629FFE5FDC2}
		{EE795390-7439-48FE-942F-0B35B98BEE8D} = {3383BA07-7CC2-42F6-9270-D629FFE5FDC2}
		{5AFC491C-0145-446C-B27D-31A3E15F0608} = {3383BA07-7CC2-42F6-9270-D629FFE5FDC2}
		{6D2499BF-0387-40C0-A418-6D8C653D75B4} = {3383BA07-7CC2-42F6-9270-D629FFE5FDC2}
		{8B3BDFFB-9B38-46E1-8DD2-246D351F8CD8} = {3383BA07-7CC2-42F6-9270-D629FFE5FDC2}
		{D39C0150-FC42-4450-842A-2D61B3773F1F} = {3383BA07-7CC2-42F6-9270-D629FFE5FDC2}
		{B95AE2BC-3862-44E5-866D-A063C81BFD2B} = {3383BA07-7CC2-42F6-9270-D629FFE5FDC2}
	EndGlobalSection
	GlobalSection(ExtensibilityGlobals) = postSolution
		SolutionGuid = {DCF856C9-6283-40C3-A5F2-4CB76D75E07B}
	EndGlobalSection
EndGlobal
