Microsoft Visual Studio Solution File, Format Version 12.00
# Visual Studio Version 17
VisualStudioVersion = 17.0.31912.275
MinimumVisualStudioVersion = 15.0.26124.0
Project("{D954291E-2A0B-460D-934E-DC6B0785DB48}") = "UnoDrive.Shared", "UnoDrive.Shared\UnoDrive.Shared.shproj", "{6279C845-92F8-4333-AB99-3D213163593C}"
EndProject
Project("{9A19103F-16F7-4668-BE54-9A1E7A4F7556}") = "UnoDrive.Mobile", "UnoDrive.Mobile\UnoDrive.Mobile.csproj", "{0C82C77D-658A-446B-AC92-963611AC41BD}"
EndProject
Project("{9A19103F-16F7-4668-BE54-9A1E7A4F7556}") = "UnoDrive.Wasm", "UnoDrive.Wasm\UnoDrive.Wasm.csproj", "{40EA03F7-8A22-4143-B251-79BAC3EB13D2}"
EndProject
Project("{9A19103F-16F7-4668-BE54-9A1E7A4F7556}") = "UnoDrive.Skia.Gtk", "UnoDrive.Skia.Gtk\UnoDrive.Skia.Gtk.csproj", "{A5B8155A-118F-4794-B551-C6F3CF7E5411}"
EndProject
Project("{9A19103F-16F7-4668-BE54-9A1E7A4F7556}") = "UnoDrive.Skia.WPF", "UnoDrive.Skia.WPF\UnoDrive.Skia.WPF.csproj", "{3C13BF66-688F-44FF-86BA-42144EFD8B07}"
EndProject
Project("{9A19103F-16F7-4668-BE54-9A1E7A4F7556}") = "UnoDrive.Skia.Wpf.Host", "UnoDrive.Skia.WPF.Host\UnoDrive.Skia.Wpf.Host.csproj", "{6CF284A4-22B1-4F05-97F4-F095C07A598E}"
EndProject
Project("{2150E333-8FDC-42A3-9474-1A3956D46DE8}") = "Platforms", "Platforms", "{59CD02F9-5B32-4314-8EB5-037683574A7F}"
EndProject
Project("{9A19103F-16F7-4668-BE54-9A1E7A4F7556}") = "UnoDrive.Windows", "UnoDrive.Windows\UnoDrive.Windows.csproj", "{F1787B55-8EA9-4DBF-AFBD-0F5FFBA0C089}"
EndProject
Project("{2150E333-8FDC-42A3-9474-1A3956D46DE8}") = ".Solution Items", ".Solution Items", "{AF9C0DDC-1DE2-4C91-9BF2-6AA5B53908F7}"
	ProjectSection(SolutionItems) = preProject
		.vsconfig = .vsconfig
		global.json = global.json
		NuGet.config = NuGet.config
	EndProjectSection
EndProject
Global
	GlobalSection(SharedMSBuildProjectFiles) = preSolution
		UnoDrive.Shared\UnoDrive.Shared.projitems*{0c82c77d-658a-446b-ac92-963611ac41bd}*SharedItemsImports = 5
		UnoDrive.Shared\UnoDrive.Shared.projitems*{3c13bf66-688f-44ff-86ba-42144efd8b07}*SharedItemsImports = 5
		UnoDrive.Shared\UnoDrive.Shared.projitems*{40ea03f7-8a22-4143-b251-79bac3eb13d2}*SharedItemsImports = 5
		UnoDrive.Shared\UnoDrive.Shared.projitems*{6279c845-92f8-4333-ab99-3d213163593c}*SharedItemsImports = 13
		UnoDrive.Shared\UnoDrive.Shared.projitems*{a5b8155a-118f-4794-b551-c6f3cf7e5411}*SharedItemsImports = 5
		UnoDrive.Shared\UnoDrive.Shared.projitems*{f1787b55-8ea9-4dbf-afbd-0f5ffba0c089}*SharedItemsImports = 5
	EndGlobalSection
	GlobalSection(SolutionConfigurationPlatforms) = preSolution
		Debug|Any CPU = Debug|Any CPU
		Debug|ARM = Debug|ARM
		Debug|ARM64 = Debug|ARM64
		Debug|iPhone = Debug|iPhone
		Debug|iPhoneSimulator = Debug|iPhoneSimulator
		Debug|x64 = Debug|x64
		Debug|x86 = Debug|x86
		Release|Any CPU = Release|Any CPU
		Release|ARM = Release|ARM
		Release|ARM64 = Release|ARM64
		Release|iPhone = Release|iPhone
		Release|iPhoneSimulator = Release|iPhoneSimulator
		Release|x64 = Release|x64
		Release|x86 = Release|x86
	EndGlobalSection
	GlobalSection(ProjectConfigurationPlatforms) = postSolution
		{0C82C77D-658A-446B-AC92-963611AC41BD}.Debug|Any CPU.ActiveCfg = Debug|Any CPU
		{0C82C77D-658A-446B-AC92-963611AC41BD}.Debug|Any CPU.Build.0 = Debug|Any CPU
		{0C82C77D-658A-446B-AC92-963611AC41BD}.Debug|Any CPU.Deploy.0 = Debug|Any CPU
		{0C82C77D-658A-446B-AC92-963611AC41BD}.Debug|ARM.ActiveCfg = Debug|Any CPU
		{0C82C77D-658A-446B-AC92-963611AC41BD}.Debug|ARM.Build.0 = Debug|Any CPU
		{0C82C77D-658A-446B-AC92-963611AC41BD}.Debug|ARM.Deploy.0 = Debug|Any CPU
		{0C82C77D-658A-446B-AC92-963611AC41BD}.Debug|ARM64.ActiveCfg = Debug|Any CPU
		{0C82C77D-658A-446B-AC92-963611AC41BD}.Debug|ARM64.Build.0 = Debug|Any CPU
		{0C82C77D-658A-446B-AC92-963611AC41BD}.Debug|ARM64.Deploy.0 = Debug|Any CPU
		{0C82C77D-658A-446B-AC92-963611AC41BD}.Debug|iPhone.ActiveCfg = Debug|Any CPU
		{0C82C77D-658A-446B-AC92-963611AC41BD}.Debug|iPhone.Build.0 = Debug|Any CPU
		{0C82C77D-658A-446B-AC92-963611AC41BD}.Debug|iPhone.Deploy.0 = Debug|Any CPU
		{0C82C77D-658A-446B-AC92-963611AC41BD}.Debug|iPhoneSimulator.ActiveCfg = Debug|Any CPU
		{0C82C77D-658A-446B-AC92-963611AC41BD}.Debug|iPhoneSimulator.Build.0 = Debug|Any CPU
		{0C82C77D-658A-446B-AC92-963611AC41BD}.Debug|iPhoneSimulator.Deploy.0 = Debug|Any CPU
		{0C82C77D-658A-446B-AC92-963611AC41BD}.Debug|x64.ActiveCfg = Debug|Any CPU
		{0C82C77D-658A-446B-AC92-963611AC41BD}.Debug|x64.Build.0 = Debug|Any CPU
		{0C82C77D-658A-446B-AC92-963611AC41BD}.Debug|x64.Deploy.0 = Debug|Any CPU
		{0C82C77D-658A-446B-AC92-963611AC41BD}.Debug|x86.ActiveCfg = Debug|Any CPU
		{0C82C77D-658A-446B-AC92-963611AC41BD}.Debug|x86.Build.0 = Debug|Any CPU
		{0C82C77D-658A-446B-AC92-963611AC41BD}.Debug|x86.Deploy.0 = Debug|Any CPU
		{0C82C77D-658A-446B-AC92-963611AC41BD}.Release|Any CPU.ActiveCfg = Release|Any CPU
		{0C82C77D-658A-446B-AC92-963611AC41BD}.Release|Any CPU.Build.0 = Release|Any CPU
		{0C82C77D-658A-446B-AC92-963611AC41BD}.Release|Any CPU.Deploy.0 = Release|Any CPU
		{0C82C77D-658A-446B-AC92-963611AC41BD}.Release|ARM.ActiveCfg = Release|Any CPU
		{0C82C77D-658A-446B-AC92-963611AC41BD}.Release|ARM.Build.0 = Release|Any CPU
		{0C82C77D-658A-446B-AC92-963611AC41BD}.Release|ARM.Deploy.0 = Release|Any CPU
		{0C82C77D-658A-446B-AC92-963611AC41BD}.Release|ARM64.ActiveCfg = Release|Any CPU
		{0C82C77D-658A-446B-AC92-963611AC41BD}.Release|ARM64.Build.0 = Release|Any CPU
		{0C82C77D-658A-446B-AC92-963611AC41BD}.Release|ARM64.Deploy.0 = Release|Any CPU
		{0C82C77D-658A-446B-AC92-963611AC41BD}.Release|iPhone.ActiveCfg = Release|Any CPU
		{0C82C77D-658A-446B-AC92-963611AC41BD}.Release|iPhone.Build.0 = Release|Any CPU
		{0C82C77D-658A-446B-AC92-963611AC41BD}.Release|iPhone.Deploy.0 = Release|Any CPU
		{0C82C77D-658A-446B-AC92-963611AC41BD}.Release|iPhoneSimulator.ActiveCfg = Release|Any CPU
		{0C82C77D-658A-446B-AC92-963611AC41BD}.Release|iPhoneSimulator.Build.0 = Release|Any CPU
		{0C82C77D-658A-446B-AC92-963611AC41BD}.Release|iPhoneSimulator.Deploy.0 = Release|Any CPU
		{0C82C77D-658A-446B-AC92-963611AC41BD}.Release|x64.ActiveCfg = Release|Any CPU
		{0C82C77D-658A-446B-AC92-963611AC41BD}.Release|x64.Build.0 = Release|Any CPU
		{0C82C77D-658A-446B-AC92-963611AC41BD}.Release|x64.Deploy.0 = Release|Any CPU
		{0C82C77D-658A-446B-AC92-963611AC41BD}.Release|x86.ActiveCfg = Release|Any CPU
		{0C82C77D-658A-446B-AC92-963611AC41BD}.Release|x86.Build.0 = Release|Any CPU
		{0C82C77D-658A-446B-AC92-963611AC41BD}.Release|x86.Deploy.0 = Release|Any CPU
		{40EA03F7-8A22-4143-B251-79BAC3EB13D2}.Debug|Any CPU.ActiveCfg = Debug|Any CPU
		{40EA03F7-8A22-4143-B251-79BAC3EB13D2}.Debug|Any CPU.Build.0 = Debug|Any CPU
		{40EA03F7-8A22-4143-B251-79BAC3EB13D2}.Debug|ARM.ActiveCfg = Debug|Any CPU
		{40EA03F7-8A22-4143-B251-79BAC3EB13D2}.Debug|ARM.Build.0 = Debug|Any CPU
		{40EA03F7-8A22-4143-B251-79BAC3EB13D2}.Debug|ARM64.ActiveCfg = Debug|Any CPU
		{40EA03F7-8A22-4143-B251-79BAC3EB13D2}.Debug|ARM64.Build.0 = Debug|Any CPU
		{40EA03F7-8A22-4143-B251-79BAC3EB13D2}.Debug|iPhone.ActiveCfg = Debug|Any CPU
		{40EA03F7-8A22-4143-B251-79BAC3EB13D2}.Debug|iPhone.Build.0 = Debug|Any CPU
		{40EA03F7-8A22-4143-B251-79BAC3EB13D2}.Debug|iPhoneSimulator.ActiveCfg = Debug|Any CPU
		{40EA03F7-8A22-4143-B251-79BAC3EB13D2}.Debug|iPhoneSimulator.Build.0 = Debug|Any CPU
		{40EA03F7-8A22-4143-B251-79BAC3EB13D2}.Debug|x64.ActiveCfg = Debug|Any CPU
		{40EA03F7-8A22-4143-B251-79BAC3EB13D2}.Debug|x64.Build.0 = Debug|Any CPU
		{40EA03F7-8A22-4143-B251-79BAC3EB13D2}.Debug|x86.ActiveCfg = Debug|Any CPU
		{40EA03F7-8A22-4143-B251-79BAC3EB13D2}.Debug|x86.Build.0 = Debug|Any CPU
		{40EA03F7-8A22-4143-B251-79BAC3EB13D2}.Release|Any CPU.ActiveCfg = Release|Any CPU
		{40EA03F7-8A22-4143-B251-79BAC3EB13D2}.Release|Any CPU.Build.0 = Release|Any CPU
		{40EA03F7-8A22-4143-B251-79BAC3EB13D2}.Release|ARM.ActiveCfg = Release|Any CPU
		{40EA03F7-8A22-4143-B251-79BAC3EB13D2}.Release|ARM.Build.0 = Release|Any CPU
		{40EA03F7-8A22-4143-B251-79BAC3EB13D2}.Release|ARM64.ActiveCfg = Release|Any CPU
		{40EA03F7-8A22-4143-B251-79BAC3EB13D2}.Release|ARM64.Build.0 = Release|Any CPU
		{40EA03F7-8A22-4143-B251-79BAC3EB13D2}.Release|iPhone.ActiveCfg = Release|Any CPU
		{40EA03F7-8A22-4143-B251-79BAC3EB13D2}.Release|iPhone.Build.0 = Release|Any CPU
		{40EA03F7-8A22-4143-B251-79BAC3EB13D2}.Release|iPhoneSimulator.ActiveCfg = Release|Any CPU
		{40EA03F7-8A22-4143-B251-79BAC3EB13D2}.Release|iPhoneSimulator.Build.0 = Release|Any CPU
		{40EA03F7-8A22-4143-B251-79BAC3EB13D2}.Release|x64.ActiveCfg = Release|Any CPU
		{40EA03F7-8A22-4143-B251-79BAC3EB13D2}.Release|x64.Build.0 = Release|Any CPU
		{40EA03F7-8A22-4143-B251-79BAC3EB13D2}.Release|x86.ActiveCfg = Release|Any CPU
		{40EA03F7-8A22-4143-B251-79BAC3EB13D2}.Release|x86.Build.0 = Release|Any CPU
		{A5B8155A-118F-4794-B551-C6F3CF7E5411}.Debug|Any CPU.ActiveCfg = Debug|Any CPU
		{A5B8155A-118F-4794-B551-C6F3CF7E5411}.Debug|Any CPU.Build.0 = Debug|Any CPU
		{A5B8155A-118F-4794-B551-C6F3CF7E5411}.Debug|ARM.ActiveCfg = Debug|Any CPU
		{A5B8155A-118F-4794-B551-C6F3CF7E5411}.Debug|ARM.Build.0 = Debug|Any CPU
		{A5B8155A-118F-4794-B551-C6F3CF7E5411}.Debug|ARM64.ActiveCfg = Debug|Any CPU
		{A5B8155A-118F-4794-B551-C6F3CF7E5411}.Debug|ARM64.Build.0 = Debug|Any CPU
		{A5B8155A-118F-4794-B551-C6F3CF7E5411}.Debug|iPhone.ActiveCfg = Debug|Any CPU
		{A5B8155A-118F-4794-B551-C6F3CF7E5411}.Debug|iPhone.Build.0 = Debug|Any CPU
		{A5B8155A-118F-4794-B551-C6F3CF7E5411}.Debug|iPhoneSimulator.ActiveCfg = Debug|Any CPU
		{A5B8155A-118F-4794-B551-C6F3CF7E5411}.Debug|iPhoneSimulator.Build.0 = Debug|Any CPU
		{A5B8155A-118F-4794-B551-C6F3CF7E5411}.Debug|x64.ActiveCfg = Debug|Any CPU
		{A5B8155A-118F-4794-B551-C6F3CF7E5411}.Debug|x64.Build.0 = Debug|Any CPU
		{A5B8155A-118F-4794-B551-C6F3CF7E5411}.Debug|x86.ActiveCfg = Debug|Any CPU
		{A5B8155A-118F-4794-B551-C6F3CF7E5411}.Debug|x86.Build.0 = Debug|Any CPU
		{A5B8155A-118F-4794-B551-C6F3CF7E5411}.Release|Any CPU.ActiveCfg = Release|Any CPU
		{A5B8155A-118F-4794-B551-C6F3CF7E5411}.Release|Any CPU.Build.0 = Release|Any CPU
		{A5B8155A-118F-4794-B551-C6F3CF7E5411}.Release|ARM.ActiveCfg = Release|Any CPU
		{A5B8155A-118F-4794-B551-C6F3CF7E5411}.Release|ARM.Build.0 = Release|Any CPU
		{A5B8155A-118F-4794-B551-C6F3CF7E5411}.Release|ARM64.ActiveCfg = Release|Any CPU
		{A5B8155A-118F-4794-B551-C6F3CF7E5411}.Release|ARM64.Build.0 = Release|Any CPU
		{A5B8155A-118F-4794-B551-C6F3CF7E5411}.Release|iPhone.ActiveCfg = Release|Any CPU
		{A5B8155A-118F-4794-B551-C6F3CF7E5411}.Release|iPhone.Build.0 = Release|Any CPU
		{A5B8155A-118F-4794-B551-C6F3CF7E5411}.Release|iPhoneSimulator.ActiveCfg = Release|Any CPU
		{A5B8155A-118F-4794-B551-C6F3CF7E5411}.Release|iPhoneSimulator.Build.0 = Release|Any CPU
		{A5B8155A-118F-4794-B551-C6F3CF7E5411}.Release|x64.ActiveCfg = Release|Any CPU
		{A5B8155A-118F-4794-B551-C6F3CF7E5411}.Release|x64.Build.0 = Release|Any CPU
		{A5B8155A-118F-4794-B551-C6F3CF7E5411}.Release|x86.ActiveCfg = Release|Any CPU
		{A5B8155A-118F-4794-B551-C6F3CF7E5411}.Release|x86.Build.0 = Release|Any CPU
		{3C13BF66-688F-44FF-86BA-42144EFD8B07}.Debug|Any CPU.ActiveCfg = Debug|Any CPU
		{3C13BF66-688F-44FF-86BA-42144EFD8B07}.Debug|Any CPU.Build.0 = Debug|Any CPU
		{3C13BF66-688F-44FF-86BA-42144EFD8B07}.Debug|Any CPU.Deploy.0 = Debug|Any CPU
		{3C13BF66-688F-44FF-86BA-42144EFD8B07}.Debug|ARM.ActiveCfg = Debug|Any CPU
		{3C13BF66-688F-44FF-86BA-42144EFD8B07}.Debug|ARM.Build.0 = Debug|Any CPU
		{3C13BF66-688F-44FF-86BA-42144EFD8B07}.Debug|ARM.Deploy.0 = Debug|Any CPU
		{3C13BF66-688F-44FF-86BA-42144EFD8B07}.Debug|ARM64.ActiveCfg = Debug|Any CPU
		{3C13BF66-688F-44FF-86BA-42144EFD8B07}.Debug|ARM64.Build.0 = Debug|Any CPU
		{3C13BF66-688F-44FF-86BA-42144EFD8B07}.Debug|ARM64.Deploy.0 = Debug|Any CPU
		{3C13BF66-688F-44FF-86BA-42144EFD8B07}.Debug|iPhone.ActiveCfg = Debug|Any CPU
		{3C13BF66-688F-44FF-86BA-42144EFD8B07}.Debug|iPhone.Build.0 = Debug|Any CPU
		{3C13BF66-688F-44FF-86BA-42144EFD8B07}.Debug|iPhone.Deploy.0 = Debug|Any CPU
		{3C13BF66-688F-44FF-86BA-42144EFD8B07}.Debug|iPhoneSimulator.ActiveCfg = Debug|Any CPU
		{3C13BF66-688F-44FF-86BA-42144EFD8B07}.Debug|iPhoneSimulator.Build.0 = Debug|Any CPU
		{3C13BF66-688F-44FF-86BA-42144EFD8B07}.Debug|iPhoneSimulator.Deploy.0 = Debug|Any CPU
		{3C13BF66-688F-44FF-86BA-42144EFD8B07}.Debug|x64.ActiveCfg = Debug|Any CPU
		{3C13BF66-688F-44FF-86BA-42144EFD8B07}.Debug|x64.Build.0 = Debug|Any CPU
		{3C13BF66-688F-44FF-86BA-42144EFD8B07}.Debug|x64.Deploy.0 = Debug|Any CPU
		{3C13BF66-688F-44FF-86BA-42144EFD8B07}.Debug|x86.ActiveCfg = Debug|Any CPU
		{3C13BF66-688F-44FF-86BA-42144EFD8B07}.Debug|x86.Build.0 = Debug|Any CPU
		{3C13BF66-688F-44FF-86BA-42144EFD8B07}.Debug|x86.Deploy.0 = Debug|Any CPU
		{3C13BF66-688F-44FF-86BA-42144EFD8B07}.Release|Any CPU.ActiveCfg = Release|Any CPU
		{3C13BF66-688F-44FF-86BA-42144EFD8B07}.Release|Any CPU.Build.0 = Release|Any CPU
		{3C13BF66-688F-44FF-86BA-42144EFD8B07}.Release|ARM.ActiveCfg = Release|Any CPU
		{3C13BF66-688F-44FF-86BA-42144EFD8B07}.Release|ARM.Build.0 = Release|Any CPU
		{3C13BF66-688F-44FF-86BA-42144EFD8B07}.Release|ARM.Deploy.0 = Release|Any CPU
		{3C13BF66-688F-44FF-86BA-42144EFD8B07}.Release|ARM64.ActiveCfg = Release|Any CPU
		{3C13BF66-688F-44FF-86BA-42144EFD8B07}.Release|ARM64.Build.0 = Release|Any CPU
		{3C13BF66-688F-44FF-86BA-42144EFD8B07}.Release|ARM64.Deploy.0 = Release|Any CPU
		{3C13BF66-688F-44FF-86BA-42144EFD8B07}.Release|iPhone.ActiveCfg = Release|Any CPU
		{3C13BF66-688F-44FF-86BA-42144EFD8B07}.Release|iPhone.Build.0 = Release|Any CPU
		{3C13BF66-688F-44FF-86BA-42144EFD8B07}.Release|iPhoneSimulator.ActiveCfg = Release|Any CPU
		{3C13BF66-688F-44FF-86BA-42144EFD8B07}.Release|iPhoneSimulator.Build.0 = Release|Any CPU
		{3C13BF66-688F-44FF-86BA-42144EFD8B07}.Release|iPhoneSimulator.Deploy.0 = Release|Any CPU
		{3C13BF66-688F-44FF-86BA-42144EFD8B07}.Release|x64.ActiveCfg = Release|Any CPU
		{3C13BF66-688F-44FF-86BA-42144EFD8B07}.Release|x64.Build.0 = Release|Any CPU
		{3C13BF66-688F-44FF-86BA-42144EFD8B07}.Release|x64.Deploy.0 = Release|Any CPU
		{3C13BF66-688F-44FF-86BA-42144EFD8B07}.Release|x86.ActiveCfg = Release|Any CPU
		{3C13BF66-688F-44FF-86BA-42144EFD8B07}.Release|x86.Build.0 = Release|Any CPU
		{3C13BF66-688F-44FF-86BA-42144EFD8B07}.Release|x86.Deploy.0 = Release|Any CPU
		{6CF284A4-22B1-4F05-97F4-F095C07A598E}.Debug|Any CPU.ActiveCfg = Debug|Any CPU
		{6CF284A4-22B1-4F05-97F4-F095C07A598E}.Debug|Any CPU.Build.0 = Debug|Any CPU
		{6CF284A4-22B1-4F05-97F4-F095C07A598E}.Debug|ARM.ActiveCfg = Debug|Any CPU
		{6CF284A4-22B1-4F05-97F4-F095C07A598E}.Debug|ARM.Build.0 = Debug|Any CPU
		{6CF284A4-22B1-4F05-97F4-F095C07A598E}.Debug|ARM64.ActiveCfg = Debug|Any CPU
		{6CF284A4-22B1-4F05-97F4-F095C07A598E}.Debug|ARM64.Build.0 = Debug|Any CPU
		{6CF284A4-22B1-4F05-97F4-F095C07A598E}.Debug|iPhone.ActiveCfg = Debug|Any CPU
		{6CF284A4-22B1-4F05-97F4-F095C07A598E}.Debug|iPhone.Build.0 = Debug|Any CPU
		{6CF284A4-22B1-4F05-97F4-F095C07A598E}.Debug|iPhoneSimulator.ActiveCfg = Debug|Any CPU
		{6CF284A4-22B1-4F05-97F4-F095C07A598E}.Debug|iPhoneSimulator.Build.0 = Debug|Any CPU
		{6CF284A4-22B1-4F05-97F4-F095C07A598E}.Debug|x64.ActiveCfg = Debug|Any CPU
		{6CF284A4-22B1-4F05-97F4-F095C07A598E}.Debug|x64.Build.0 = Debug|Any CPU
		{6CF284A4-22B1-4F05-97F4-F095C07A598E}.Debug|x86.ActiveCfg = Debug|Any CPU
		{6CF284A4-22B1-4F05-97F4-F095C07A598E}.Debug|x86.Build.0 = Debug|Any CPU
		{6CF284A4-22B1-4F05-97F4-F095C07A598E}.Release|Any CPU.ActiveCfg = Release|Any CPU
		{6CF284A4-22B1-4F05-97F4-F095C07A598E}.Release|Any CPU.Build.0 = Release|Any CPU
		{6CF284A4-22B1-4F05-97F4-F095C07A598E}.Release|ARM.ActiveCfg = Release|Any CPU
		{6CF284A4-22B1-4F05-97F4-F095C07A598E}.Release|ARM.Build.0 = Release|Any CPU
		{6CF284A4-22B1-4F05-97F4-F095C07A598E}.Release|ARM64.ActiveCfg = Release|Any CPU
		{6CF284A4-22B1-4F05-97F4-F095C07A598E}.Release|ARM64.Build.0 = Release|Any CPU
		{6CF284A4-22B1-4F05-97F4-F095C07A598E}.Release|iPhone.ActiveCfg = Release|Any CPU
		{6CF284A4-22B1-4F05-97F4-F095C07A598E}.Release|iPhone.Build.0 = Release|Any CPU
		{6CF284A4-22B1-4F05-97F4-F095C07A598E}.Release|iPhoneSimulator.ActiveCfg = Release|Any CPU
		{6CF284A4-22B1-4F05-97F4-F095C07A598E}.Release|iPhoneSimulator.Build.0 = Release|Any CPU
		{6CF284A4-22B1-4F05-97F4-F095C07A598E}.Release|x64.ActiveCfg = Release|Any CPU
		{6CF284A4-22B1-4F05-97F4-F095C07A598E}.Release|x64.Build.0 = Release|Any CPU
		{6CF284A4-22B1-4F05-97F4-F095C07A598E}.Release|x86.ActiveCfg = Release|Any CPU
		{6CF284A4-22B1-4F05-97F4-F095C07A598E}.Release|x86.Build.0 = Release|Any CPU
		{F1787B55-8EA9-4DBF-AFBD-0F5FFBA0C089}.Debug|Any CPU.ActiveCfg = Debug|x64
		{F1787B55-8EA9-4DBF-AFBD-0F5FFBA0C089}.Debug|Any CPU.Build.0 = Debug|x64
		{F1787B55-8EA9-4DBF-AFBD-0F5FFBA0C089}.Debug|Any CPU.Deploy.0 = Debug|x64
		{F1787B55-8EA9-4DBF-AFBD-0F5FFBA0C089}.Debug|ARM.ActiveCfg = Debug|x64
		{F1787B55-8EA9-4DBF-AFBD-0F5FFBA0C089}.Debug|ARM.Build.0 = Debug|x64
		{F1787B55-8EA9-4DBF-AFBD-0F5FFBA0C089}.Debug|ARM.Deploy.0 = Debug|x64
		{F1787B55-8EA9-4DBF-AFBD-0F5FFBA0C089}.Debug|ARM64.ActiveCfg = Debug|arm64
		{F1787B55-8EA9-4DBF-AFBD-0F5FFBA0C089}.Debug|ARM64.Build.0 = Debug|arm64
		{F1787B55-8EA9-4DBF-AFBD-0F5FFBA0C089}.Debug|ARM64.Deploy.0 = Debug|arm64
		{F1787B55-8EA9-4DBF-AFBD-0F5FFBA0C089}.Debug|iPhone.ActiveCfg = Debug|x64
		{F1787B55-8EA9-4DBF-AFBD-0F5FFBA0C089}.Debug|iPhone.Build.0 = Debug|x64
		{F1787B55-8EA9-4DBF-AFBD-0F5FFBA0C089}.Debug|iPhone.Deploy.0 = Debug|x64
		{F1787B55-8EA9-4DBF-AFBD-0F5FFBA0C089}.Debug|iPhoneSimulator.ActiveCfg = Debug|x64
		{F1787B55-8EA9-4DBF-AFBD-0F5FFBA0C089}.Debug|iPhoneSimulator.Build.0 = Debug|x64
		{F1787B55-8EA9-4DBF-AFBD-0F5FFBA0C089}.Debug|iPhoneSimulator.Deploy.0 = Debug|x64
		{F1787B55-8EA9-4DBF-AFBD-0F5FFBA0C089}.Debug|x64.ActiveCfg = Debug|x64
		{F1787B55-8EA9-4DBF-AFBD-0F5FFBA0C089}.Debug|x64.Build.0 = Debug|x64
		{F1787B55-8EA9-4DBF-AFBD-0F5FFBA0C089}.Debug|x64.Deploy.0 = Debug|x64
		{F1787B55-8EA9-4DBF-AFBD-0F5FFBA0C089}.Debug|x86.ActiveCfg = Debug|x86
		{F1787B55-8EA9-4DBF-AFBD-0F5FFBA0C089}.Debug|x86.Build.0 = Debug|x86
		{F1787B55-8EA9-4DBF-AFBD-0F5FFBA0C089}.Debug|x86.Deploy.0 = Debug|x86
		{F1787B55-8EA9-4DBF-AFBD-0F5FFBA0C089}.Release|Any CPU.ActiveCfg = Release|x64
		{F1787B55-8EA9-4DBF-AFBD-0F5FFBA0C089}.Release|Any CPU.Build.0 = Release|x64
		{F1787B55-8EA9-4DBF-AFBD-0F5FFBA0C089}.Release|Any CPU.Deploy.0 = Release|x64
		{F1787B55-8EA9-4DBF-AFBD-0F5FFBA0C089}.Release|ARM.ActiveCfg = Release|x64
		{F1787B55-8EA9-4DBF-AFBD-0F5FFBA0C089}.Release|ARM.Build.0 = Release|x64
		{F1787B55-8EA9-4DBF-AFBD-0F5FFBA0C089}.Release|ARM.Deploy.0 = Release|x64
		{F1787B55-8EA9-4DBF-AFBD-0F5FFBA0C089}.Release|ARM64.ActiveCfg = Release|arm64
		{F1787B55-8EA9-4DBF-AFBD-0F5FFBA0C089}.Release|ARM64.Build.0 = Release|arm64
		{F1787B55-8EA9-4DBF-AFBD-0F5FFBA0C089}.Release|ARM64.Deploy.0 = Release|arm64
		{F1787B55-8EA9-4DBF-AFBD-0F5FFBA0C089}.Release|iPhone.ActiveCfg = Release|x64
		{F1787B55-8EA9-4DBF-AFBD-0F5FFBA0C089}.Release|iPhone.Build.0 = Release|x64
		{F1787B55-8EA9-4DBF-AFBD-0F5FFBA0C089}.Release|iPhone.Deploy.0 = Release|x64
		{F1787B55-8EA9-4DBF-AFBD-0F5FFBA0C089}.Release|iPhoneSimulator.ActiveCfg = Release|x64
		{F1787B55-8EA9-4DBF-AFBD-0F5FFBA0C089}.Release|iPhoneSimulator.Build.0 = Release|x64
		{F1787B55-8EA9-4DBF-AFBD-0F5FFBA0C089}.Release|iPhoneSimulator.Deploy.0 = Release|x64
		{F1787B55-8EA9-4DBF-AFBD-0F5FFBA0C089}.Release|x64.ActiveCfg = Release|x64
		{F1787B55-8EA9-4DBF-AFBD-0F5FFBA0C089}.Release|x64.Build.0 = Release|x64
		{F1787B55-8EA9-4DBF-AFBD-0F5FFBA0C089}.Release|x64.Deploy.0 = Release|x64
		{F1787B55-8EA9-4DBF-AFBD-0F5FFBA0C089}.Release|x86.ActiveCfg = Release|x86
		{F1787B55-8EA9-4DBF-AFBD-0F5FFBA0C089}.Release|x86.Build.0 = Release|x86
		{F1787B55-8EA9-4DBF-AFBD-0F5FFBA0C089}.Release|x86.Deploy.0 = Release|x86
	EndGlobalSection
	GlobalSection(SolutionProperties) = preSolution
		HideSolutionNode = FALSE
	EndGlobalSection
	GlobalSection(NestedProjects) = preSolution
		{0C82C77D-658A-446B-AC92-963611AC41BD} = {59CD02F9-5B32-4314-8EB5-037683574A7F}
		{40EA03F7-8A22-4143-B251-79BAC3EB13D2} = {59CD02F9-5B32-4314-8EB5-037683574A7F}
		{A5B8155A-118F-4794-B551-C6F3CF7E5411} = {59CD02F9-5B32-4314-8EB5-037683574A7F}
		{3C13BF66-688F-44FF-86BA-42144EFD8B07} = {59CD02F9-5B32-4314-8EB5-037683574A7F}
		{6CF284A4-22B1-4F05-97F4-F095C07A598E} = {59CD02F9-5B32-4314-8EB5-037683574A7F}
		{F1787B55-8EA9-4DBF-AFBD-0F5FFBA0C089} = {59CD02F9-5B32-4314-8EB5-037683574A7F}
	EndGlobalSection
	GlobalSection(ExtensibilityGlobals) = postSolution
		SolutionGuid = {C7433AE2-B1A0-4C1A-887E-5CAA7AAF67A6}
	EndGlobalSection
EndGlobal
