Microsoft Visual Studio Solution File, Format Version 12.00
# Visual Studio Version 17
VisualStudioVersion = 17.0.31912.275
MinimumVisualStudioVersion = 15.0.26124.0
Project("{D954291E-2A0B-460D-934E-DC6B0785DB48}") = "UnoDrive.Shared", "UnoDrive.Shared\UnoDrive.Shared.shproj", "{6279C845-92F8-4333-AB99-3D213163593C}"
EndProject
Project("{FAE04EC0-301F-11D3-BF4B-00C04F79EFBC}") = "UnoDrive.Mobile", "UnoDrive.Mobile\UnoDrive.Mobile.csproj", "{0C82C77D-658A-446B-AC92-963611AC41BD}"
EndProject
Project("{2150E333-8FDC-42A3-9474-1A3956D46DE8}") = "Platforms", "Platforms", "{59CD02F9-5B32-4314-8EB5-037683574A7F}"
EndProject
Project("{2150E333-8FDC-42A3-9474-1A3956D46DE8}") = ".Solution Items", ".Solution Items", "{AF9C0DDC-1DE2-4C91-9BF2-6AA5B53908F7}"
	ProjectSection(SolutionItems) = preProject
		.vsconfig = .vsconfig
		global.json = global.json
		NuGet.config = NuGet.config
	EndProjectSection
EndProject
Project("{9344BDBB-3E7F-41FC-A0DD-8665D75EE146}") = "UnoDrive.Wasm", "UnoDrive.Wasm\UnoDrive.Wasm.csproj", "{EF04C9C8-BEEC-4F14-B627-21F65670C3B2}"
EndProject
Project("{9344BDBB-3E7F-41FC-A0DD-8665D75EE146}") = "UnoDrive.Skia.Gtk", "UnoDrive.Skia.Gtk\UnoDrive.Skia.Gtk.csproj", "{78355EC9-471C-4930-9913-742E9F15BF82}"
EndProject
Project("{9344BDBB-3E7F-41FC-A0DD-8665D75EE146}") = "UnoDrive.Windows", "UnoDrive.Windows\UnoDrive.Windows.csproj", "{96D3155A-71C8-4072-B199-B5AAF95654B8}"
EndProject
Project("{9344BDBB-3E7F-41FC-A0DD-8665D75EE146}") = "UnoDrive.Skia.Wpf", "UnoDrive.Skia.Wpf\UnoDrive.Skia.Wpf.csproj", "{CCF7C831-1294-482C-B21A-27C281D7FA50}"
EndProject
Project("{9344BDBB-3E7F-41FC-A0DD-8665D75EE146}") = "UnoDrive.Skia.Wpf.Host", "UnoDrive.Skia.Wpf.Host\UnoDrive.Skia.Wpf.Host.csproj", "{30689D9C-AFA3-4121-ADCB-CC404D4FD157}"
EndProject
Project("{FAE04EC0-301F-11D3-BF4B-00C04F79EFBC}") = "UnoDrive.iOS", "UnoDrive.iOS\UnoDrive.iOS.csproj", "{477317B4-CEE4-4F67-9F8B-75EB822C4B44}"
EndProject
Project("{FAE04EC0-301F-11D3-BF4B-00C04F79EFBC}") = "UnoDrive.macOS", "UnoDrive.macOS\UnoDrive.macOS.csproj", "{919A3AF0-6AB3-4343-B85F-AC7EEEEE409F}"
EndProject
Global
	GlobalSection(SharedMSBuildProjectFiles) = preSolution
		UnoDrive.Shared\UnoDrive.Shared.projitems*{0c82c77d-658a-446b-ac92-963611ac41bd}*SharedItemsImports = 5
		UnoDrive.Shared\UnoDrive.Shared.projitems*{40ea03f7-8a22-4143-b251-79bac3eb13d2}*SharedItemsImports = 5
		UnoDrive.Shared\UnoDrive.Shared.projitems*{6279c845-92f8-4333-ab99-3d213163593c}*SharedItemsImports = 13
		UnoDrive.Shared\UnoDrive.Shared.projitems*{a5b8155a-118f-4794-b551-c6f3cf7e5411}*SharedItemsImports = 5
		UnoDrive.Shared\UnoDrive.Shared.projitems*{ed66da23-3606-4845-9cc9-829e32675bcc}*SharedItemsImports = 5
		UnoDrive.Shared\UnoDrive.Shared.projitems*{f1787b55-8ea9-4dbf-afbd-0f5ffba0c089}*SharedItemsImports = 5
	EndGlobalSection
	GlobalSection(SolutionConfigurationPlatforms) = preSolution
		Debug|Any CPU = Debug|Any CPU
		Debug|ARM = Debug|ARM
		Debug|ARM64 = Debug|ARM64
		Debug|iPhone = Debug|iPhone
		Debug|iPhoneSimulator = Debug|iPhoneSimulator
		Debug|x64 = Debug|x64
		Debug|x86 = Debug|x86
		Release|Any CPU = Release|Any CPU
		Release|ARM = Release|ARM
		Release|ARM64 = Release|ARM64
		Release|iPhone = Release|iPhone
		Release|iPhoneSimulator = Release|iPhoneSimulator
		Release|x64 = Release|x64
		Release|x86 = Release|x86
	EndGlobalSection
	GlobalSection(ProjectConfigurationPlatforms) = postSolution
		{0C82C77D-658A-446B-AC92-963611AC41BD}.Debug|Any CPU.ActiveCfg = Debug|Any CPU
		{0C82C77D-658A-446B-AC92-963611AC41BD}.Debug|Any CPU.Build.0 = Debug|Any CPU
		{0C82C77D-658A-446B-AC92-963611AC41BD}.Debug|Any CPU.Deploy.0 = Debug|Any CPU
		{0C82C77D-658A-446B-AC92-963611AC41BD}.Debug|ARM.ActiveCfg = Debug|Any CPU
		{0C82C77D-658A-446B-AC92-963611AC41BD}.Debug|ARM.Build.0 = Debug|Any CPU
		{0C82C77D-658A-446B-AC92-963611AC41BD}.Debug|ARM.Deploy.0 = Debug|Any CPU
		{0C82C77D-658A-446B-AC92-963611AC41BD}.Debug|ARM64.ActiveCfg = Debug|Any CPU
		{0C82C77D-658A-446B-AC92-963611AC41BD}.Debug|ARM64.Build.0 = Debug|Any CPU
		{0C82C77D-658A-446B-AC92-963611AC41BD}.Debug|ARM64.Deploy.0 = Debug|Any CPU
		{0C82C77D-658A-446B-AC92-963611AC41BD}.Debug|iPhone.ActiveCfg = Debug|Any CPU
		{0C82C77D-658A-446B-AC92-963611AC41BD}.Debug|iPhone.Build.0 = Debug|Any CPU
		{0C82C77D-658A-446B-AC92-963611AC41BD}.Debug|iPhone.Deploy.0 = Debug|Any CPU
		{0C82C77D-658A-446B-AC92-963611AC41BD}.Debug|iPhoneSimulator.ActiveCfg = Debug|Any CPU
		{0C82C77D-658A-446B-AC92-963611AC41BD}.Debug|iPhoneSimulator.Build.0 = Debug|Any CPU
		{0C82C77D-658A-446B-AC92-963611AC41BD}.Debug|iPhoneSimulator.Deploy.0 = Debug|Any CPU
		{0C82C77D-658A-446B-AC92-963611AC41BD}.Debug|x64.ActiveCfg = Debug|Any CPU
		{0C82C77D-658A-446B-AC92-963611AC41BD}.Debug|x64.Build.0 = Debug|Any CPU
		{0C82C77D-658A-446B-AC92-963611AC41BD}.Debug|x64.Deploy.0 = Debug|Any CPU
		{0C82C77D-658A-446B-AC92-963611AC41BD}.Debug|x86.ActiveCfg = Debug|Any CPU
		{0C82C77D-658A-446B-AC92-963611AC41BD}.Debug|x86.Build.0 = Debug|Any CPU
		{0C82C77D-658A-446B-AC92-963611AC41BD}.Debug|x86.Deploy.0 = Debug|Any CPU
		{0C82C77D-658A-446B-AC92-963611AC41BD}.Release|Any CPU.ActiveCfg = Release|Any CPU
		{0C82C77D-658A-446B-AC92-963611AC41BD}.Release|Any CPU.Build.0 = Release|Any CPU
		{0C82C77D-658A-446B-AC92-963611AC41BD}.Release|Any CPU.Deploy.0 = Release|Any CPU
		{0C82C77D-658A-446B-AC92-963611AC41BD}.Release|ARM.ActiveCfg = Release|Any CPU
		{0C82C77D-658A-446B-AC92-963611AC41BD}.Release|ARM.Build.0 = Release|Any CPU
		{0C82C77D-658A-446B-AC92-963611AC41BD}.Release|ARM.Deploy.0 = Release|Any CPU
		{0C82C77D-658A-446B-AC92-963611AC41BD}.Release|ARM64.ActiveCfg = Release|Any CPU
		{0C82C77D-658A-446B-AC92-963611AC41BD}.Release|ARM64.Build.0 = Release|Any CPU
		{0C82C77D-658A-446B-AC92-963611AC41BD}.Release|ARM64.Deploy.0 = Release|Any CPU
		{0C82C77D-658A-446B-AC92-963611AC41BD}.Release|iPhone.ActiveCfg = Release|Any CPU
		{0C82C77D-658A-446B-AC92-963611AC41BD}.Release|iPhone.Build.0 = Release|Any CPU
		{0C82C77D-658A-446B-AC92-963611AC41BD}.Release|iPhone.Deploy.0 = Release|Any CPU
		{0C82C77D-658A-446B-AC92-963611AC41BD}.Release|iPhoneSimulator.ActiveCfg = Release|Any CPU
		{0C82C77D-658A-446B-AC92-963611AC41BD}.Release|iPhoneSimulator.Build.0 = Release|Any CPU
		{0C82C77D-658A-446B-AC92-963611AC41BD}.Release|iPhoneSimulator.Deploy.0 = Release|Any CPU
		{0C82C77D-658A-446B-AC92-963611AC41BD}.Release|x64.ActiveCfg = Release|Any CPU
		{0C82C77D-658A-446B-AC92-963611AC41BD}.Release|x64.Build.0 = Release|Any CPU
		{0C82C77D-658A-446B-AC92-963611AC41BD}.Release|x64.Deploy.0 = Release|Any CPU
		{0C82C77D-658A-446B-AC92-963611AC41BD}.Release|x86.ActiveCfg = Release|Any CPU
		{0C82C77D-658A-446B-AC92-963611AC41BD}.Release|x86.Build.0 = Release|Any CPU
		{0C82C77D-658A-446B-AC92-963611AC41BD}.Release|x86.Deploy.0 = Release|Any CPU
		{EF04C9C8-BEEC-4F14-B627-21F65670C3B2}.Debug|Any CPU.ActiveCfg = Debug|Any CPU
		{EF04C9C8-BEEC-4F14-B627-21F65670C3B2}.Debug|Any CPU.Build.0 = Debug|Any CPU
		{EF04C9C8-BEEC-4F14-B627-21F65670C3B2}.Debug|ARM.ActiveCfg = Debug|Any CPU
		{EF04C9C8-BEEC-4F14-B627-21F65670C3B2}.Debug|ARM.Build.0 = Debug|Any CPU
		{EF04C9C8-BEEC-4F14-B627-21F65670C3B2}.Debug|ARM64.ActiveCfg = Debug|Any CPU
		{EF04C9C8-BEEC-4F14-B627-21F65670C3B2}.Debug|ARM64.Build.0 = Debug|Any CPU
		{EF04C9C8-BEEC-4F14-B627-21F65670C3B2}.Debug|iPhone.ActiveCfg = Debug|Any CPU
		{EF04C9C8-BEEC-4F14-B627-21F65670C3B2}.Debug|iPhone.Build.0 = Debug|Any CPU
		{EF04C9C8-BEEC-4F14-B627-21F65670C3B2}.Debug|iPhoneSimulator.ActiveCfg = Debug|Any CPU
		{EF04C9C8-BEEC-4F14-B627-21F65670C3B2}.Debug|iPhoneSimulator.Build.0 = Debug|Any CPU
		{EF04C9C8-BEEC-4F14-B627-21F65670C3B2}.Debug|x64.ActiveCfg = Debug|Any CPU
		{EF04C9C8-BEEC-4F14-B627-21F65670C3B2}.Debug|x64.Build.0 = Debug|Any CPU
		{EF04C9C8-BEEC-4F14-B627-21F65670C3B2}.Debug|x86.ActiveCfg = Debug|Any CPU
		{EF04C9C8-BEEC-4F14-B627-21F65670C3B2}.Debug|x86.Build.0 = Debug|Any CPU
		{EF04C9C8-BEEC-4F14-B627-21F65670C3B2}.Release|Any CPU.ActiveCfg = Release|Any CPU
		{EF04C9C8-BEEC-4F14-B627-21F65670C3B2}.Release|Any CPU.Build.0 = Release|Any CPU
		{EF04C9C8-BEEC-4F14-B627-21F65670C3B2}.Release|ARM.ActiveCfg = Release|Any CPU
		{EF04C9C8-BEEC-4F14-B627-21F65670C3B2}.Release|ARM.Build.0 = Release|Any CPU
		{EF04C9C8-BEEC-4F14-B627-21F65670C3B2}.Release|ARM64.ActiveCfg = Release|Any CPU
		{EF04C9C8-BEEC-4F14-B627-21F65670C3B2}.Release|ARM64.Build.0 = Release|Any CPU
		{EF04C9C8-BEEC-4F14-B627-21F65670C3B2}.Release|iPhone.ActiveCfg = Release|Any CPU
		{EF04C9C8-BEEC-4F14-B627-21F65670C3B2}.Release|iPhone.Build.0 = Release|Any CPU
		{EF04C9C8-BEEC-4F14-B627-21F65670C3B2}.Release|iPhoneSimulator.ActiveCfg = Release|Any CPU
		{EF04C9C8-BEEC-4F14-B627-21F65670C3B2}.Release|iPhoneSimulator.Build.0 = Release|Any CPU
		{EF04C9C8-BEEC-4F14-B627-21F65670C3B2}.Release|x64.ActiveCfg = Release|Any CPU
		{EF04C9C8-BEEC-4F14-B627-21F65670C3B2}.Release|x64.Build.0 = Release|Any CPU
		{EF04C9C8-BEEC-4F14-B627-21F65670C3B2}.Release|x86.ActiveCfg = Release|Any CPU
		{EF04C9C8-BEEC-4F14-B627-21F65670C3B2}.Release|x86.Build.0 = Release|Any CPU
		{78355EC9-471C-4930-9913-742E9F15BF82}.Debug|Any CPU.ActiveCfg = Debug|Any CPU
		{78355EC9-471C-4930-9913-742E9F15BF82}.Debug|Any CPU.Build.0 = Debug|Any CPU
		{78355EC9-471C-4930-9913-742E9F15BF82}.Debug|ARM.ActiveCfg = Debug|Any CPU
		{78355EC9-471C-4930-9913-742E9F15BF82}.Debug|ARM.Build.0 = Debug|Any CPU
		{78355EC9-471C-4930-9913-742E9F15BF82}.Debug|ARM64.ActiveCfg = Debug|Any CPU
		{78355EC9-471C-4930-9913-742E9F15BF82}.Debug|ARM64.Build.0 = Debug|Any CPU
		{78355EC9-471C-4930-9913-742E9F15BF82}.Debug|iPhone.ActiveCfg = Debug|Any CPU
		{78355EC9-471C-4930-9913-742E9F15BF82}.Debug|iPhone.Build.0 = Debug|Any CPU
		{78355EC9-471C-4930-9913-742E9F15BF82}.Debug|iPhoneSimulator.ActiveCfg = Debug|Any CPU
		{78355EC9-471C-4930-9913-742E9F15BF82}.Debug|iPhoneSimulator.Build.0 = Debug|Any CPU
		{78355EC9-471C-4930-9913-742E9F15BF82}.Debug|x64.ActiveCfg = Debug|Any CPU
		{78355EC9-471C-4930-9913-742E9F15BF82}.Debug|x64.Build.0 = Debug|Any CPU
		{78355EC9-471C-4930-9913-742E9F15BF82}.Debug|x86.ActiveCfg = Debug|Any CPU
		{78355EC9-471C-4930-9913-742E9F15BF82}.Debug|x86.Build.0 = Debug|Any CPU
		{78355EC9-471C-4930-9913-742E9F15BF82}.Release|Any CPU.ActiveCfg = Release|Any CPU
		{78355EC9-471C-4930-9913-742E9F15BF82}.Release|Any CPU.Build.0 = Release|Any CPU
		{78355EC9-471C-4930-9913-742E9F15BF82}.Release|ARM.ActiveCfg = Release|Any CPU
		{78355EC9-471C-4930-9913-742E9F15BF82}.Release|ARM.Build.0 = Release|Any CPU
		{78355EC9-471C-4930-9913-742E9F15BF82}.Release|ARM64.ActiveCfg = Release|Any CPU
		{78355EC9-471C-4930-9913-742E9F15BF82}.Release|ARM64.Build.0 = Release|Any CPU
		{78355EC9-471C-4930-9913-742E9F15BF82}.Release|iPhone.ActiveCfg = Release|Any CPU
		{78355EC9-471C-4930-9913-742E9F15BF82}.Release|iPhone.Build.0 = Release|Any CPU
		{78355EC9-471C-4930-9913-742E9F15BF82}.Release|iPhoneSimulator.ActiveCfg = Release|Any CPU
		{78355EC9-471C-4930-9913-742E9F15BF82}.Release|iPhoneSimulator.Build.0 = Release|Any CPU
		{78355EC9-471C-4930-9913-742E9F15BF82}.Release|x64.ActiveCfg = Release|Any CPU
		{78355EC9-471C-4930-9913-742E9F15BF82}.Release|x64.Build.0 = Release|Any CPU
		{78355EC9-471C-4930-9913-742E9F15BF82}.Release|x86.ActiveCfg = Release|Any CPU
		{78355EC9-471C-4930-9913-742E9F15BF82}.Release|x86.Build.0 = Release|Any CPU
		{96D3155A-71C8-4072-B199-B5AAF95654B8}.Debug|Any CPU.ActiveCfg = Debug|x64
		{96D3155A-71C8-4072-B199-B5AAF95654B8}.Debug|Any CPU.Build.0 = Debug|x64
		{96D3155A-71C8-4072-B199-B5AAF95654B8}.Debug|Any CPU.Deploy.0 = Debug|x64
		{96D3155A-71C8-4072-B199-B5AAF95654B8}.Debug|ARM.ActiveCfg = Debug|x64
		{96D3155A-71C8-4072-B199-B5AAF95654B8}.Debug|ARM.Build.0 = Debug|x64
		{96D3155A-71C8-4072-B199-B5AAF95654B8}.Debug|ARM.Deploy.0 = Debug|x64
		{96D3155A-71C8-4072-B199-B5AAF95654B8}.Debug|ARM64.ActiveCfg = Debug|arm64
		{96D3155A-71C8-4072-B199-B5AAF95654B8}.Debug|ARM64.Build.0 = Debug|arm64
		{96D3155A-71C8-4072-B199-B5AAF95654B8}.Debug|ARM64.Deploy.0 = Debug|arm64
		{96D3155A-71C8-4072-B199-B5AAF95654B8}.Debug|iPhone.ActiveCfg = Debug|x64
		{96D3155A-71C8-4072-B199-B5AAF95654B8}.Debug|iPhone.Build.0 = Debug|x64
		{96D3155A-71C8-4072-B199-B5AAF95654B8}.Debug|iPhone.Deploy.0 = Debug|x64
		{96D3155A-71C8-4072-B199-B5AAF95654B8}.Debug|iPhoneSimulator.ActiveCfg = Debug|x64
		{96D3155A-71C8-4072-B199-B5AAF95654B8}.Debug|iPhoneSimulator.Build.0 = Debug|x64
		{96D3155A-71C8-4072-B199-B5AAF95654B8}.Debug|iPhoneSimulator.Deploy.0 = Debug|x64
		{96D3155A-71C8-4072-B199-B5AAF95654B8}.Debug|x64.ActiveCfg = Debug|x64
		{96D3155A-71C8-4072-B199-B5AAF95654B8}.Debug|x64.Build.0 = Debug|x64
		{96D3155A-71C8-4072-B199-B5AAF95654B8}.Debug|x64.Deploy.0 = Debug|x64
		{96D3155A-71C8-4072-B199-B5AAF95654B8}.Debug|x86.ActiveCfg = Debug|x86
		{96D3155A-71C8-4072-B199-B5AAF95654B8}.Debug|x86.Build.0 = Debug|x86
		{96D3155A-71C8-4072-B199-B5AAF95654B8}.Debug|x86.Deploy.0 = Debug|x86
		{96D3155A-71C8-4072-B199-B5AAF95654B8}.Release|Any CPU.ActiveCfg = Release|x64
		{96D3155A-71C8-4072-B199-B5AAF95654B8}.Release|Any CPU.Build.0 = Release|x64
		{96D3155A-71C8-4072-B199-B5AAF95654B8}.Release|Any CPU.Deploy.0 = Release|x64
		{96D3155A-71C8-4072-B199-B5AAF95654B8}.Release|ARM.ActiveCfg = Release|x64
		{96D3155A-71C8-4072-B199-B5AAF95654B8}.Release|ARM.Build.0 = Release|x64
		{96D3155A-71C8-4072-B199-B5AAF95654B8}.Release|ARM.Deploy.0 = Release|x64
		{96D3155A-71C8-4072-B199-B5AAF95654B8}.Release|ARM64.ActiveCfg = Release|arm64
		{96D3155A-71C8-4072-B199-B5AAF95654B8}.Release|ARM64.Build.0 = Release|arm64
		{96D3155A-71C8-4072-B199-B5AAF95654B8}.Release|ARM64.Deploy.0 = Release|arm64
		{96D3155A-71C8-4072-B199-B5AAF95654B8}.Release|iPhone.ActiveCfg = Release|x64
		{96D3155A-71C8-4072-B199-B5AAF95654B8}.Release|iPhone.Build.0 = Release|x64
		{96D3155A-71C8-4072-B199-B5AAF95654B8}.Release|iPhone.Deploy.0 = Release|x64
		{96D3155A-71C8-4072-B199-B5AAF95654B8}.Release|iPhoneSimulator.ActiveCfg = Release|x64
		{96D3155A-71C8-4072-B199-B5AAF95654B8}.Release|iPhoneSimulator.Build.0 = Release|x64
		{96D3155A-71C8-4072-B199-B5AAF95654B8}.Release|iPhoneSimulator.Deploy.0 = Release|x64
		{96D3155A-71C8-4072-B199-B5AAF95654B8}.Release|x64.ActiveCfg = Release|x64
		{96D3155A-71C8-4072-B199-B5AAF95654B8}.Release|x64.Build.0 = Release|x64
		{96D3155A-71C8-4072-B199-B5AAF95654B8}.Release|x64.Deploy.0 = Release|x64
		{96D3155A-71C8-4072-B199-B5AAF95654B8}.Release|x86.ActiveCfg = Release|x86
		{96D3155A-71C8-4072-B199-B5AAF95654B8}.Release|x86.Build.0 = Release|x86
		{96D3155A-71C8-4072-B199-B5AAF95654B8}.Release|x86.Deploy.0 = Release|x86
		{CCF7C831-1294-482C-B21A-27C281D7FA50}.Debug|Any CPU.ActiveCfg = Debug|Any CPU
		{CCF7C831-1294-482C-B21A-27C281D7FA50}.Debug|Any CPU.Build.0 = Debug|Any CPU
		{CCF7C831-1294-482C-B21A-27C281D7FA50}.Debug|ARM.ActiveCfg = Debug|Any CPU
		{CCF7C831-1294-482C-B21A-27C281D7FA50}.Debug|ARM.Build.0 = Debug|Any CPU
		{CCF7C831-1294-482C-B21A-27C281D7FA50}.Debug|ARM64.ActiveCfg = Debug|Any CPU
		{CCF7C831-1294-482C-B21A-27C281D7FA50}.Debug|ARM64.Build.0 = Debug|Any CPU
		{CCF7C831-1294-482C-B21A-27C281D7FA50}.Debug|iPhone.ActiveCfg = Debug|Any CPU
		{CCF7C831-1294-482C-B21A-27C281D7FA50}.Debug|iPhone.Build.0 = Debug|Any CPU
		{CCF7C831-1294-482C-B21A-27C281D7FA50}.Debug|iPhoneSimulator.ActiveCfg = Debug|Any CPU
		{CCF7C831-1294-482C-B21A-27C281D7FA50}.Debug|iPhoneSimulator.Build.0 = Debug|Any CPU
		{CCF7C831-1294-482C-B21A-27C281D7FA50}.Debug|x64.ActiveCfg = Debug|Any CPU
		{CCF7C831-1294-482C-B21A-27C281D7FA50}.Debug|x64.Build.0 = Debug|Any CPU
		{CCF7C831-1294-482C-B21A-27C281D7FA50}.Debug|x86.ActiveCfg = Debug|Any CPU
		{CCF7C831-1294-482C-B21A-27C281D7FA50}.Debug|x86.Build.0 = Debug|Any CPU
		{CCF7C831-1294-482C-B21A-27C281D7FA50}.Release|Any CPU.ActiveCfg = Release|Any CPU
		{CCF7C831-1294-482C-B21A-27C281D7FA50}.Release|Any CPU.Build.0 = Release|Any CPU
		{CCF7C831-1294-482C-B21A-27C281D7FA50}.Release|ARM.ActiveCfg = Release|Any CPU
		{CCF7C831-1294-482C-B21A-27C281D7FA50}.Release|ARM.Build.0 = Release|Any CPU
		{CCF7C831-1294-482C-B21A-27C281D7FA50}.Release|ARM64.ActiveCfg = Release|Any CPU
		{CCF7C831-1294-482C-B21A-27C281D7FA50}.Release|ARM64.Build.0 = Release|Any CPU
		{CCF7C831-1294-482C-B21A-27C281D7FA50}.Release|iPhone.ActiveCfg = Release|Any CPU
		{CCF7C831-1294-482C-B21A-27C281D7FA50}.Release|iPhone.Build.0 = Release|Any CPU
		{CCF7C831-1294-482C-B21A-27C281D7FA50}.Release|iPhoneSimulator.ActiveCfg = Release|Any CPU
		{CCF7C831-1294-482C-B21A-27C281D7FA50}.Release|iPhoneSimulator.Build.0 = Release|Any CPU
		{CCF7C831-1294-482C-B21A-27C281D7FA50}.Release|x64.ActiveCfg = Release|Any CPU
		{CCF7C831-1294-482C-B21A-27C281D7FA50}.Release|x64.Build.0 = Release|Any CPU
		{CCF7C831-1294-482C-B21A-27C281D7FA50}.Release|x86.ActiveCfg = Release|Any CPU
		{CCF7C831-1294-482C-B21A-27C281D7FA50}.Release|x86.Build.0 = Release|Any CPU
		{30689D9C-AFA3-4121-ADCB-CC404D4FD157}.Debug|Any CPU.ActiveCfg = Debug|Any CPU
		{30689D9C-AFA3-4121-ADCB-CC404D4FD157}.Debug|Any CPU.Build.0 = Debug|Any CPU
		{30689D9C-AFA3-4121-ADCB-CC404D4FD157}.Debug|ARM.ActiveCfg = Debug|Any CPU
		{30689D9C-AFA3-4121-ADCB-CC404D4FD157}.Debug|ARM.Build.0 = Debug|Any CPU
		{30689D9C-AFA3-4121-ADCB-CC404D4FD157}.Debug|ARM64.ActiveCfg = Debug|Any CPU
		{30689D9C-AFA3-4121-ADCB-CC404D4FD157}.Debug|ARM64.Build.0 = Debug|Any CPU
		{30689D9C-AFA3-4121-ADCB-CC404D4FD157}.Debug|iPhone.ActiveCfg = Debug|Any CPU
		{30689D9C-AFA3-4121-ADCB-CC404D4FD157}.Debug|iPhone.Build.0 = Debug|Any CPU
		{30689D9C-AFA3-4121-ADCB-CC404D4FD157}.Debug|iPhoneSimulator.ActiveCfg = Debug|Any CPU
		{30689D9C-AFA3-4121-ADCB-CC404D4FD157}.Debug|iPhoneSimulator.Build.0 = Debug|Any CPU
		{30689D9C-AFA3-4121-ADCB-CC404D4FD157}.Debug|x64.ActiveCfg = Debug|Any CPU
		{30689D9C-AFA3-4121-ADCB-CC404D4FD157}.Debug|x64.Build.0 = Debug|Any CPU
		{30689D9C-AFA3-4121-ADCB-CC404D4FD157}.Debug|x86.ActiveCfg = Debug|Any CPU
		{30689D9C-AFA3-4121-ADCB-CC404D4FD157}.Debug|x86.Build.0 = Debug|Any CPU
		{30689D9C-AFA3-4121-ADCB-CC404D4FD157}.Release|Any CPU.ActiveCfg = Release|Any CPU
		{30689D9C-AFA3-4121-ADCB-CC404D4FD157}.Release|Any CPU.Build.0 = Release|Any CPU
		{30689D9C-AFA3-4121-ADCB-CC404D4FD157}.Release|ARM.ActiveCfg = Release|Any CPU
		{30689D9C-AFA3-4121-ADCB-CC404D4FD157}.Release|ARM.Build.0 = Release|Any CPU
		{30689D9C-AFA3-4121-ADCB-CC404D4FD157}.Release|ARM64.ActiveCfg = Release|Any CPU
		{30689D9C-AFA3-4121-ADCB-CC404D4FD157}.Release|ARM64.Build.0 = Release|Any CPU
		{30689D9C-AFA3-4121-ADCB-CC404D4FD157}.Release|iPhone.ActiveCfg = Release|Any CPU
		{30689D9C-AFA3-4121-ADCB-CC404D4FD157}.Release|iPhone.Build.0 = Release|Any CPU
		{30689D9C-AFA3-4121-ADCB-CC404D4FD157}.Release|iPhoneSimulator.ActiveCfg = Release|Any CPU
		{30689D9C-AFA3-4121-ADCB-CC404D4FD157}.Release|iPhoneSimulator.Build.0 = Release|Any CPU
		{30689D9C-AFA3-4121-ADCB-CC404D4FD157}.Release|x64.ActiveCfg = Release|Any CPU
		{30689D9C-AFA3-4121-ADCB-CC404D4FD157}.Release|x64.Build.0 = Release|Any CPU
		{30689D9C-AFA3-4121-ADCB-CC404D4FD157}.Release|x86.ActiveCfg = Release|Any CPU
		{30689D9C-AFA3-4121-ADCB-CC404D4FD157}.Release|x86.Build.0 = Release|Any CPU
		{477317B4-CEE4-4F67-9F8B-75EB822C4B44}.Debug|Any CPU.ActiveCfg = Debug|iPhoneSimulator
		{477317B4-CEE4-4F67-9F8B-75EB822C4B44}.Debug|Any CPU.Build.0 = Debug|iPhoneSimulator
		{477317B4-CEE4-4F67-9F8B-75EB822C4B44}.Debug|ARM.ActiveCfg = Debug|iPhoneSimulator
		{477317B4-CEE4-4F67-9F8B-75EB822C4B44}.Debug|ARM.Build.0 = Debug|iPhoneSimulator
		{477317B4-CEE4-4F67-9F8B-75EB822C4B44}.Debug|ARM64.ActiveCfg = Debug|iPhoneSimulator
		{477317B4-CEE4-4F67-9F8B-75EB822C4B44}.Debug|ARM64.Build.0 = Debug|iPhoneSimulator
		{477317B4-CEE4-4F67-9F8B-75EB822C4B44}.Debug|iPhone.ActiveCfg = Debug|iPhone
		{477317B4-CEE4-4F67-9F8B-75EB822C4B44}.Debug|iPhone.Build.0 = Debug|iPhone
		{477317B4-CEE4-4F67-9F8B-75EB822C4B44}.Debug|iPhoneSimulator.ActiveCfg = Debug|iPhoneSimulator
		{477317B4-CEE4-4F67-9F8B-75EB822C4B44}.Debug|iPhoneSimulator.Build.0 = Debug|iPhoneSimulator
		{477317B4-CEE4-4F67-9F8B-75EB822C4B44}.Debug|x64.ActiveCfg = Debug|iPhoneSimulator
		{477317B4-CEE4-4F67-9F8B-75EB822C4B44}.Debug|x64.Build.0 = Debug|iPhoneSimulator
		{477317B4-CEE4-4F67-9F8B-75EB822C4B44}.Debug|x86.ActiveCfg = Debug|iPhoneSimulator
		{477317B4-CEE4-4F67-9F8B-75EB822C4B44}.Debug|x86.Build.0 = Debug|iPhoneSimulator
		{477317B4-CEE4-4F67-9F8B-75EB822C4B44}.Release|Any CPU.ActiveCfg = Release|iPhoneSimulator
		{477317B4-CEE4-4F67-9F8B-75EB822C4B44}.Release|Any CPU.Build.0 = Release|iPhoneSimulator
		{477317B4-CEE4-4F67-9F8B-75EB822C4B44}.Release|ARM.ActiveCfg = Release|iPhoneSimulator
		{477317B4-CEE4-4F67-9F8B-75EB822C4B44}.Release|ARM.Build.0 = Release|iPhoneSimulator
		{477317B4-CEE4-4F67-9F8B-75EB822C4B44}.Release|ARM64.ActiveCfg = Release|iPhoneSimulator
		{477317B4-CEE4-4F67-9F8B-75EB822C4B44}.Release|ARM64.Build.0 = Release|iPhoneSimulator
		{477317B4-CEE4-4F67-9F8B-75EB822C4B44}.Release|iPhone.ActiveCfg = Release|iPhone
		{477317B4-CEE4-4F67-9F8B-75EB822C4B44}.Release|iPhone.Build.0 = Release|iPhone
		{477317B4-CEE4-4F67-9F8B-75EB822C4B44}.Release|iPhoneSimulator.ActiveCfg = Release|iPhoneSimulator
		{477317B4-CEE4-4F67-9F8B-75EB822C4B44}.Release|iPhoneSimulator.Build.0 = Release|iPhoneSimulator
		{477317B4-CEE4-4F67-9F8B-75EB822C4B44}.Release|x64.ActiveCfg = Release|iPhoneSimulator
		{477317B4-CEE4-4F67-9F8B-75EB822C4B44}.Release|x64.Build.0 = Release|iPhoneSimulator
		{477317B4-CEE4-4F67-9F8B-75EB822C4B44}.Release|x86.ActiveCfg = Release|iPhoneSimulator
		{477317B4-CEE4-4F67-9F8B-75EB822C4B44}.Release|x86.Build.0 = Release|iPhoneSimulator
		{919A3AF0-6AB3-4343-B85F-AC7EEEEE409F}.Debug|Any CPU.ActiveCfg = Debug|iPhoneSimulator
		{919A3AF0-6AB3-4343-B85F-AC7EEEEE409F}.Debug|Any CPU.Build.0 = Debug|iPhoneSimulator
		{919A3AF0-6AB3-4343-B85F-AC7EEEEE409F}.Debug|ARM.ActiveCfg = Debug|iPhoneSimulator
		{919A3AF0-6AB3-4343-B85F-AC7EEEEE409F}.Debug|ARM.Build.0 = Debug|iPhoneSimulator
		{919A3AF0-6AB3-4343-B85F-AC7EEEEE409F}.Debug|ARM64.ActiveCfg = Debug|iPhoneSimulator
		{919A3AF0-6AB3-4343-B85F-AC7EEEEE409F}.Debug|ARM64.Build.0 = Debug|iPhoneSimulator
		{919A3AF0-6AB3-4343-B85F-AC7EEEEE409F}.Debug|iPhone.ActiveCfg = Debug|iPhoneSimulator
		{919A3AF0-6AB3-4343-B85F-AC7EEEEE409F}.Debug|iPhone.Build.0 = Debug|iPhoneSimulator
		{919A3AF0-6AB3-4343-B85F-AC7EEEEE409F}.Debug|iPhoneSimulator.ActiveCfg = Debug|iPhoneSimulator
		{919A3AF0-6AB3-4343-B85F-AC7EEEEE409F}.Debug|iPhoneSimulator.Build.0 = Debug|iPhoneSimulator
		{919A3AF0-6AB3-4343-B85F-AC7EEEEE409F}.Debug|x64.ActiveCfg = Debug|iPhoneSimulator
		{919A3AF0-6AB3-4343-B85F-AC7EEEEE409F}.Debug|x64.Build.0 = Debug|iPhoneSimulator
		{919A3AF0-6AB3-4343-B85F-AC7EEEEE409F}.Debug|x86.ActiveCfg = Debug|iPhoneSimulator
		{919A3AF0-6AB3-4343-B85F-AC7EEEEE409F}.Debug|x86.Build.0 = Debug|iPhoneSimulator
		{919A3AF0-6AB3-4343-B85F-AC7EEEEE409F}.Release|Any CPU.ActiveCfg = Release|iPhoneSimulator
		{919A3AF0-6AB3-4343-B85F-AC7EEEEE409F}.Release|Any CPU.Build.0 = Release|iPhoneSimulator
		{919A3AF0-6AB3-4343-B85F-AC7EEEEE409F}.Release|ARM.ActiveCfg = Release|iPhoneSimulator
		{919A3AF0-6AB3-4343-B85F-AC7EEEEE409F}.Release|ARM.Build.0 = Release|iPhoneSimulator
		{919A3AF0-6AB3-4343-B85F-AC7EEEEE409F}.Release|ARM64.ActiveCfg = Release|iPhoneSimulator
		{919A3AF0-6AB3-4343-B85F-AC7EEEEE409F}.Release|ARM64.Build.0 = Release|iPhoneSimulator
		{919A3AF0-6AB3-4343-B85F-AC7EEEEE409F}.Release|iPhone.ActiveCfg = Release|iPhoneSimulator
		{919A3AF0-6AB3-4343-B85F-AC7EEEEE409F}.Release|iPhone.Build.0 = Release|iPhoneSimulator
		{919A3AF0-6AB3-4343-B85F-AC7EEEEE409F}.Release|iPhoneSimulator.ActiveCfg = Release|iPhoneSimulator
		{919A3AF0-6AB3-4343-B85F-AC7EEEEE409F}.Release|iPhoneSimulator.Build.0 = Release|iPhoneSimulator
		{919A3AF0-6AB3-4343-B85F-AC7EEEEE409F}.Release|x64.ActiveCfg = Release|iPhoneSimulator
		{919A3AF0-6AB3-4343-B85F-AC7EEEEE409F}.Release|x64.Build.0 = Release|iPhoneSimulator
		{919A3AF0-6AB3-4343-B85F-AC7EEEEE409F}.Release|x86.ActiveCfg = Release|iPhoneSimulator
		{919A3AF0-6AB3-4343-B85F-AC7EEEEE409F}.Release|x86.Build.0 = Release|iPhoneSimulator
	EndGlobalSection
	GlobalSection(SolutionProperties) = preSolution
		HideSolutionNode = FALSE
	EndGlobalSection
	GlobalSection(NestedProjects) = preSolution
		{0C82C77D-658A-446B-AC92-963611AC41BD} = {59CD02F9-5B32-4314-8EB5-037683574A7F}
		{EF04C9C8-BEEC-4F14-B627-21F65670C3B2} = {59CD02F9-5B32-4314-8EB5-037683574A7F}
		{78355EC9-471C-4930-9913-742E9F15BF82} = {59CD02F9-5B32-4314-8EB5-037683574A7F}
		{96D3155A-71C8-4072-B199-B5AAF95654B8} = {59CD02F9-5B32-4314-8EB5-037683574A7F}
		{CCF7C831-1294-482C-B21A-27C281D7FA50} = {59CD02F9-5B32-4314-8EB5-037683574A7F}
		{30689D9C-AFA3-4121-ADCB-CC404D4FD157} = {59CD02F9-5B32-4314-8EB5-037683574A7F}
		{477317B4-CEE4-4F67-9F8B-75EB822C4B44} = {59CD02F9-5B32-4314-8EB5-037683574A7F}
		{919A3AF0-6AB3-4343-B85F-AC7EEEEE409F} = {59CD02F9-5B32-4314-8EB5-037683574A7F}
	EndGlobalSection
	GlobalSection(ExtensibilityGlobals) = postSolution
		SolutionGuid = {C7433AE2-B1A0-4C1A-887E-5CAA7AAF67A6}
	EndGlobalSection
EndGlobal
